<?xml version="1.0" encoding="utf-8"?>
<Project ToolsVersion="4.0" xmlns="http://schemas.microsoft.com/developer/msbuild/2003">
  <ItemGroup>
    <Filter Include="소스 파일">
      <UniqueIdentifier>{4FC737F1-C7A5-4376-A066-2A32D752A2FF}</UniqueIdentifier>
      <Extensions>cpp;c;cc;cxx;c++;cppm;ixx;def;odl;idl;hpj;bat;asm;asmx</Extensions>
    </Filter>
    <Filter Include="헤더 파일">
      <UniqueIdentifier>{93995380-89BD-4b04-88EB-625FBE52EBFB}</UniqueIdentifier>
      <Extensions>h;hh;hpp;hxx;h++;hm;inl;inc;ipp;xsd</Extensions>
    </Filter>
    <Filter Include="리소스 파일">
      <UniqueIdentifier>{67DA6AB6-F800-4c08-8B7A-83BB121AAD01}</UniqueIdentifier>
      <Extensions>rc;ico;cur;bmp;dlg;rc2;rct;bin;rgs;gif;jpg;jpeg;jpe;resx;tiff;tif;png;wav;mfcribbon-ms</Extensions>
    </Filter>
    <Filter Include="헤더 파일\imgui">
      <UniqueIdentifier>{486340dd-7678-478d-9f14-4bf39a9d426c}</UniqueIdentifier>
    </Filter>
    <Filter Include="소스 파일\imgui">
      <UniqueIdentifier>{9f4da9ab-ce48-4179-ac8c-0d31af6f01e0}</UniqueIdentifier>
    </Filter>
  </ItemGroup>
  <ItemGroup>
    <ClInclude Include="Source\pch.h">
      <Filter>헤더 파일</Filter>
    </ClInclude>
    <ClInclude Include="Source\Engine\Utility\DumpUtility.h">
      <Filter>헤더 파일</Filter>
    </ClInclude>
    <ClInclude Include="Source\UmFramework.h">
      <Filter>헤더 파일</Filter>
    </ClInclude>
    <ClInclude Include="Source\Engine\Imgui\imconfig.h">
      <Filter>헤더 파일\imgui</Filter>
    </ClInclude>
    <ClInclude Include="Source\Engine\Imgui\imgui.h">
      <Filter>헤더 파일\imgui</Filter>
    </ClInclude>
    <ClInclude Include="Source\Engine\Imgui\imgui_impl_dx11.h">
      <Filter>헤더 파일\imgui</Filter>
    </ClInclude>
    <ClInclude Include="Source\Engine\Imgui\imgui_impl_dx12.h">
      <Filter>헤더 파일\imgui</Filter>
    </ClInclude>
    <ClInclude Include="Source\Engine\Imgui\imgui_internal.h">
      <Filter>헤더 파일\imgui</Filter>
    </ClInclude>
    <ClInclude Include="Source\Engine\Imgui\imgui_stdlib.h">
      <Filter>헤더 파일\imgui</Filter>
    </ClInclude>
    <ClInclude Include="Source\Engine\Imgui\imstb_rectpack.h">
      <Filter>헤더 파일\imgui</Filter>
    </ClInclude>
    <ClInclude Include="Source\Engine\Imgui\imstb_textedit.h">
      <Filter>헤더 파일\imgui</Filter>
    </ClInclude>
    <ClInclude Include="Source\Engine\Imgui\imstb_truetype.h">
      <Filter>헤더 파일\imgui</Filter>
    </ClInclude>
    <ClInclude Include="Source\Engine\Imgui\imgui_impl_win32.h">
      <Filter>헤더 파일\imgui</Filter>
    </ClInclude>
    <ClInclude Include="Source\Engine\EngineCore\TimeSystem.h">
      <Filter>헤더 파일</Filter>
    </ClInclude>
    <ClInclude Include="Source\Engine\ClassCore\TProperty.hpp">
      <Filter>헤더 파일</Filter>
    </ClInclude>
    <ClInclude Include="Source\Engine\ClassCore\ReflectHelper.h">
      <Filter>헤더 파일</Filter>
    </ClInclude>
    <ClInclude Include="Source\Engine\Utility\stlHelper.h">
      <Filter>헤더 파일</Filter>
    </ClInclude>
    <ClInclude Include="Source\Engine\GameCore\Component\Component.h">
      <Filter>헤더 파일</Filter>
    </ClInclude>
    <ClInclude Include="Source\Engine\Utility\dllUtility.h">
      <Filter>헤더 파일</Filter>
    </ClInclude>
    <ClInclude Include="Source\Engine\EngineCore\EngineCores.h">
      <Filter>헤더 파일</Filter>
    </ClInclude>
    <ClInclude Include="Source\Engine\GameCore\GameObject\GameObject.h">
      <Filter>헤더 파일</Filter>
    </ClInclude>
    <ClInclude Include="Source\Engine\EngineCore\SceneManager.h">
      <Filter>헤더 파일</Filter>
    </ClInclude>
    <ClInclude Include="Source\Engine\EngineCore\ComponentFactory.h">
      <Filter>헤더 파일</Filter>
    </ClInclude>
    <ClInclude Include="Source\Engine\Utility\utfHelper.h">
      <Filter>헤더 파일</Filter>
    </ClInclude>
    <ClInclude Include="Source\Engine\EngineCore\GameObjectFactory.h">
      <Filter>헤더 파일</Filter>
    </ClInclude>
    <ClInclude Include="Source\Engine\GameCore\Transform\Transform.h">
      <Filter>헤더 파일</Filter>
    </ClInclude>
    <ClInclude Include="Source\Engine\Imgui\imgui_node_editor_internal.h">
      <Filter>헤더 파일\imgui</Filter>
    </ClInclude>
    <ClInclude Include="Source\Engine\Imgui\imgui_node_editor.h">
      <Filter>헤더 파일\imgui</Filter>
    </ClInclude>
    <ClInclude Include="Source\Engine\Imgui\imgui_extra_math.h">
      <Filter>헤더 파일\imgui</Filter>
    </ClInclude>
    <ClInclude Include="Source\Engine\Imgui\imgui_canvas.h">
      <Filter>헤더 파일\imgui</Filter>
    </ClInclude>
    <ClInclude Include="Source\Engine\Imgui\imgui_bezier_math.h">
      <Filter>헤더 파일\imgui</Filter>
    </ClInclude>
    <ClInclude Include="Source\Engine\Imgui\crude_json.h">
      <Filter>헤더 파일\imgui</Filter>
    </ClInclude>
    <ClInclude Include="Source\Engine\ApplicationCore\Application.h">
      <Filter>헤더 파일</Filter>
    </ClInclude>
    <ClInclude Include="Source\Engine\AppModule\ImGuiDX11Module.h">
      <Filter>헤더 파일</Filter>
    </ClInclude>
    <ClInclude Include="Source\Engine\AppModule\Interface\IAppModule.h">
      <Filter>헤더 파일</Filter>
    </ClInclude>
    <ClInclude Include="Source\Engine\Graphics\GraphicsModule.h">
      <Filter>헤더 파일</Filter>
    </ClInclude>
    <ClInclude Include="Source\Engine\AppModule\EngineCoresModule.h">
      <Filter>헤더 파일</Filter>
    </ClInclude>
    <ClInclude Include="Source\Engine\Utility\ImGuiHelper.h">
      <Filter>헤더 파일</Filter>
    </ClInclude>
    <ClInclude Include="Source\Engine\EditorCore\EditorBase.h">
      <Filter>헤더 파일</Filter>
    </ClInclude>
    <ClInclude Include="Source\Engine\EditorCore\EditorEnum.h">
      <Filter>헤더 파일</Filter>
    </ClInclude>
    <ClInclude Include="Source\Engine\EditorCore\EditorMenuBar.h">
      <Filter>헤더 파일</Filter>
    </ClInclude>
    <ClInclude Include="Source\Engine\EditorCore\EditorDockSpace.h">
      <Filter>헤더 파일</Filter>
    </ClInclude>
    <ClInclude Include="Source\Engine\EditorCore\EditorTool.h">
      <Filter>헤더 파일</Filter>
    </ClInclude>
    <ClInclude Include="Source\Engine\EngineCore\EngineLogger.h">
      <Filter>헤더 파일</Filter>
    </ClInclude>
    <ClInclude Include="Source\Engine\Utility\Mathf.h">
      <Filter>헤더 파일</Filter>
    </ClInclude>
    <ClInclude Include="Source\Engine\Utility\LogLevel.h">
      <Filter>헤더 파일</Filter>
    </ClInclude>
    <ClInclude Include="Source\Engine\FileSystem\FileSystemModule.h">
      <Filter>헤더 파일</Filter>
    </ClInclude>
    <ClInclude Include="Source\Engine\EditorCore\EditorModule.h">
      <Filter>헤더 파일</Filter>
    </ClInclude>
    <ClInclude Include="Source\Editor\DragDropTypes\DragDropTransform.h">
      <Filter>헤더 파일</Filter>
    </ClInclude>
    <ClInclude Include="Source\Editor\Tool\AssetBrowser\EditorAssetBrowserTool.h">
      <Filter>헤더 파일</Filter>
    </ClInclude>
    <ClInclude Include="Source\Editor\Tool\Debug\EditorDebugTool.h">
      <Filter>헤더 파일</Filter>
    </ClInclude>
    <ClInclude Include="Source\Editor\Tool\Hierarchy\EditorHierarchyTool.h">
      <Filter>헤더 파일</Filter>
    </ClInclude>
    <ClInclude Include="Source\Editor\Tool\Inspector\EditorInspectorTool.h">
      <Filter>헤더 파일</Filter>
    </ClInclude>
    <ClInclude Include="Source\Editor\Tool\Log\EditorLogsTool.h">
      <Filter>헤더 파일</Filter>
    </ClInclude>
    <ClInclude Include="Source\Editor\Tool\Scene\EditorSceneTool.h">
      <Filter>헤더 파일</Filter>
    </ClInclude>
    <ClInclude Include="Source\Editor\Tool\ScriptTest\ScriptTestEditor.h">
      <Filter>헤더 파일</Filter>
    </ClInclude>
    <ClInclude Include="Source\Editor\Menu\Project\EditorProjectMenu.h">
      <Filter>헤더 파일</Filter>
    </ClInclude>
    <ClInclude Include="Source\Editor\Menu\Scene\EditorSceneMenu.h">
      <Filter>헤더 파일</Filter>
    </ClInclude>
    <ClInclude Include="Source\Editor\Menu\Setting\EditorSettingMenu.h">
      <Filter>헤더 파일</Filter>
    </ClInclude>
    <ClInclude Include="Source\Editor\Menu\Window\EditorWindowMenu.h">
      <Filter>헤더 파일</Filter>
    </ClInclude>
    <ClInclude Include="Source\Engine\FileSystem\Extra\FileObserver.h">
      <Filter>헤더 파일</Filter>
    </ClInclude>
    <ClInclude Include="Source\Engine\FileSystem\System\FileSystem.h">
      <Filter>헤더 파일</Filter>
    </ClInclude>
    <ClInclude Include="Source\Engine\FileSystem\Extra\FileContext.h">
      <Filter>헤더 파일</Filter>
    </ClInclude>
    <ClInclude Include="Source\Engine\FileSystem\Extra\FileEventNotifier.h">
      <Filter>헤더 파일</Filter>
    </ClInclude>
    <ClInclude Include="Source\Engine\FileSystem\Interface\IFileEventProcesser.h">
      <Filter>헤더 파일</Filter>
    </ClInclude>
    <ClInclude Include="Source\Engine\FileSystem\Type\FileDataType.h">
      <Filter>헤더 파일</Filter>
    </ClInclude>
    <ClInclude Include="Source\Engine\Utility\FileHelper.h">
      <Filter>헤더 파일</Filter>
    </ClInclude>
    <ClInclude Include="Source\Engine\GameCore\Component\MissingComponent.h">
	  <Filter>헤더 파일</Filter>
	</ClInclude>
    <ClInclude Include="Source\Engine\Utility\EditorHelper.h">
      <Filter>헤더 파일</Filter>
    </ClInclude>
  </ItemGroup>
  <ItemGroup>
    <ClCompile Include="Source\pch.cpp">
      <Filter>소스 파일</Filter>
    </ClCompile>
    <ClCompile Include="Source\Engine\Utility\DumpUtility.cpp">
      <Filter>소스 파일</Filter>
    </ClCompile>
    <ClCompile Include="Source\Engine\Imgui\imgui.cpp">
      <Filter>소스 파일\imgui</Filter>
    </ClCompile>
    <ClCompile Include="Source\Engine\Imgui\imgui_demo.cpp">
      <Filter>소스 파일\imgui</Filter>
    </ClCompile>
    <ClCompile Include="Source\Engine\Imgui\imgui_draw.cpp">
      <Filter>소스 파일\imgui</Filter>
    </ClCompile>
    <ClCompile Include="Source\Engine\Imgui\imgui_impl_dx11.cpp">
      <Filter>소스 파일\imgui</Filter>
    </ClCompile>
    <ClCompile Include="Source\Engine\Imgui\imgui_impl_dx12.cpp">
      <Filter>소스 파일\imgui</Filter>
    </ClCompile>
    <ClCompile Include="Source\Engine\Imgui\imgui_stdlib.cpp">
      <Filter>소스 파일\imgui</Filter>
    </ClCompile>
    <ClCompile Include="Source\Engine\Imgui\imgui_tables.cpp">
      <Filter>소스 파일\imgui</Filter>
    </ClCompile>
    <ClCompile Include="Source\Engine\Imgui\imgui_widgets.cpp">
      <Filter>소스 파일\imgui</Filter>
    </ClCompile>
    <ClCompile Include="Source\Engine\Imgui\imgui_impl_win32.cpp">
      <Filter>소스 파일\imgui</Filter>
    </ClCompile>
    <ClCompile Include="Source\Engine\EngineCore\TimeSystem.cpp">
      <Filter>소스 파일</Filter>
    </ClCompile>
    <ClCompile Include="Source\Engine\ClassCore\ReflectHelper.cpp">
      <Filter>소스 파일</Filter>
    </ClCompile>
    <ClCompile Include="Source\Engine\GameCore\Component\Component.cpp">
      <Filter>소스 파일</Filter>
    </ClCompile>
    <ClCompile Include="Source\Engine\Utility\dllUtility.cpp">
      <Filter>소스 파일</Filter>
    </ClCompile>
    <ClCompile Include="Source\Engine\GameCore\GameObject\GameObject.cpp">
      <Filter>소스 파일</Filter>
    </ClCompile>
    <ClCompile Include="Source\Engine\EngineCore\SceneManager.cpp">
      <Filter>소스 파일</Filter>
    </ClCompile>
    <ClCompile Include="Source\Engine\EngineCore\ComponentFactory.cpp">
      <Filter>소스 파일</Filter>
    </ClCompile>
    <ClCompile Include="Source\Engine\EngineCore\EngineCores.cpp">
      <Filter>소스 파일</Filter>
    </ClCompile>
    <ClCompile Include="Source\Engine\Utility\utfHelper.cpp">
      <Filter>소스 파일</Filter>
    </ClCompile>
    <ClCompile Include="Source\Engine\EngineCore\GameObjectFactory.cpp">
      <Filter>소스 파일</Filter>
    </ClCompile>
    <ClCompile Include="Source\Engine\GameCore\Transform\Transform.cpp">
      <Filter>소스 파일</Filter>
    </ClCompile>
    <ClCompile Include="Source\Engine\Imgui\crude_json.cpp">
      <Filter>소스 파일\imgui</Filter>
    </ClCompile>
    <ClCompile Include="Source\Engine\Imgui\imgui_canvas.cpp">
      <Filter>소스 파일\imgui</Filter>
    </ClCompile>
    <ClCompile Include="Source\Engine\Imgui\imgui_node_editor.cpp">
      <Filter>소스 파일\imgui</Filter>
    </ClCompile>
    <ClCompile Include="Source\Engine\Imgui\imgui_node_editor_api.cpp">
      <Filter>소스 파일\imgui</Filter>
    </ClCompile>
    <ClCompile Include="Source\Engine\ApplicationCore\Application.cpp">
      <Filter>소스 파일</Filter>
    </ClCompile>
    <ClCompile Include="Source\Engine\AppModule\ImGuiDX11Module.cpp">
      <Filter>소스 파일</Filter>
    </ClCompile>
    <ClCompile Include="Source\Engine\Graphics\GraphicsModule.cpp">
      <Filter>소스 파일</Filter>
    </ClCompile>
    <ClCompile Include="Source\Engine\AppModule\EngineCoresModule.cpp">
      <Filter>소스 파일</Filter>
    </ClCompile>
    <ClCompile Include="Source\Engine\Utility\ImGuiHelper.cpp">
      <Filter>소스 파일</Filter>
    </ClCompile>
    <ClCompile Include="Source\Engine\EditorCore\EditorBase.cpp">
      <Filter>소스 파일</Filter>
    </ClCompile>
    <ClCompile Include="Source\Engine\EditorCore\EditorEnum.cpp">
      <Filter>소스 파일</Filter>
    </ClCompile>
    <ClCompile Include="Source\Engine\EditorCore\EditorMenuBar.cpp">
      <Filter>소스 파일</Filter>
    </ClCompile>
    <ClCompile Include="Source\Engine\EditorCore\EditorDockSpace.cpp">
      <Filter>소스 파일</Filter>
    </ClCompile>
    <ClCompile Include="Source\Engine\EditorCore\EditorTool.cpp">
      <Filter>소스 파일</Filter>
    </ClCompile>
    <ClCompile Include="Source\Engine\EngineCore\EngineLogger.cpp">
      <Filter>소스 파일</Filter>
    </ClCompile>
    <ClCompile Include="Source\Engine\Utility\Mathf.cpp">
      <Filter>소스 파일</Filter>
    </ClCompile>
    <ClCompile Include="Source\Engine\FileSystem\FileSystemModule.cpp">
      <Filter>소스 파일</Filter>
    </ClCompile>
    <ClCompile Include="Source\Engine\EditorCore\EditorModule.cpp">
      <Filter>소스 파일</Filter>
    </ClCompile>
    <ClCompile Include="Source\Engine\Utility\LogLevel.cpp">
      <Filter>소스 파일</Filter>
    </ClCompile>
    <ClCompile Include="Source\Editor\Tool\AssetBrowser\EditorAssetBrowserTool.cpp">
      <Filter>소스 파일</Filter>
    </ClCompile>
    <ClCompile Include="Source\Editor\Tool\Debug\EditorDebugTool.cpp">
      <Filter>소스 파일</Filter>
    </ClCompile>
    <ClCompile Include="Source\Editor\Tool\Hierarchy\EditorHierarchyTool.cpp">
      <Filter>소스 파일</Filter>
    </ClCompile>
    <ClCompile Include="Source\Editor\Tool\Inspector\EditorInspectorTool.cpp">
      <Filter>소스 파일</Filter>
    </ClCompile>
    <ClCompile Include="Source\Editor\Tool\Log\EditorLogsTool.cpp">
      <Filter>소스 파일</Filter>
    </ClCompile>
    <ClCompile Include="Source\Editor\Tool\Scene\EditorSceneTool.cpp">
      <Filter>소스 파일</Filter>
    </ClCompile>
    <ClCompile Include="Source\Editor\Tool\ScriptTest\ScriptTestEditor.cpp">
      <Filter>소스 파일</Filter>
    </ClCompile>
    <ClCompile Include="Source\Editor\Menu\Project\EditorProjectMenu.cpp">
      <Filter>소스 파일</Filter>
    </ClCompile>
    <ClCompile Include="Source\Editor\Menu\Scene\EditorSceneMenu.cpp">
      <Filter>소스 파일</Filter>
    </ClCompile>
    <ClCompile Include="Source\Editor\Menu\Setting\EditorSettingMenu.cpp">
      <Filter>소스 파일</Filter>
    </ClCompile>
    <ClCompile Include="Source\Editor\Menu\Window\EditorWindowMenu.cpp">
      <Filter>소스 파일</Filter>
    </ClCompile>
    <ClCompile Include="Source\Engine\FileSystem\Extra\FileObserver.cpp">
      <Filter>소스 파일</Filter>
    </ClCompile>
    <ClCompile Include="Source\Engine\FileSystem\System\FileSystem.cpp">
      <Filter>소스 파일</Filter>
    </ClCompile>
    <ClCompile Include="Source\Engine\FileSystem\Extra\FileContext.cpp">
      <Filter>소스 파일</Filter>
    </ClCompile>
    <ClCompile Include="Source\Engine\FileSystem\Extra\FileEventNotifier.cpp">
      <Filter>소스 파일</Filter>
    </ClCompile>
    <ClCompile Include="Source\Engine\FileSystem\Interface\IFileEventProcesser.cpp">
      <Filter>소스 파일</Filter>
    </ClCompile>
    <ClCompile Include="Source\Engine\FileSystem\Type\FileDataType.cpp">
      <Filter>소스 파일</Filter>
    </ClCompile>
    <ClCompile Include="Source\Engine\Utility\FileHelper.cpp">
      <Filter>소스 파일</Filter>
    </ClCompile>
    <ClCompile Include="Source\Engine\GameCore\Component\MissingComponent.cpp">
	  <Filter>소스 파일</Filter>
	</ClCompile>
    <ClCompile Include="Source\Engine\Utility\EditorHelper.cpp">
      <Filter>소스 파일</Filter>
    </ClCompile>
  </ItemGroup>
  <ItemGroup>
    <None Include="cpp.hint" />
    <None Include="Source\Engine\Imgui\imgui_node_editor_internal.inl">
      <Filter>소스 파일\imgui</Filter>
    </None>
    <None Include="Source\Engine\Imgui\imgui_extra_math.inl">
      <Filter>소스 파일\imgui</Filter>
    </None>
    <None Include="Source\Engine\Imgui\imgui_bezier_math.inl">
      <Filter>소스 파일\imgui</Filter>
    </None>
  </ItemGroup>
</Project>