<?xml version="1.0" encoding="utf-8"?>
<Project ToolsVersion="4.0" xmlns="http://schemas.microsoft.com/developer/msbuild/2003">
  <ItemGroup>
    <ClCompile Include="Source\Editor\Menu\Model\EditorModelMenu.cpp" />
    <ClCompile Include="Source\Editor\Menu\Play\EditorPlayMenu.cpp" />
    <ClCompile Include="Source\Editor\Tool\Model\EditorModelDetails.cpp" />
    <ClCompile Include="Source\Engine\EditorCore\Gui\DockWindow\EditorDockWindow.cpp" />
    <ClCompile Include="Source\Engine\GraphicsCore\d3dUtil.cpp" />
    <ClCompile Include="Source\Engine\GraphicsCore\FBXConverter.cpp" />
    <ClCompile Include="Source\Engine\GraphicsCore\MeshRenderer.cpp" />
    <ClCompile Include="Source\Engine\GraphicsCore\RendererFileEvent.cpp" />
    <ClCompile Include="Source\Editor\DynamicCamera\EditorDynamicCamera.cpp" />
    <ClCompile Include="Source\Editor\Tool\Model\EditorModelTool.cpp" />
    <ClCompile Include="Source\Engine\GraphicsCore\ComputeShader.cpp" />
    <ClCompile Include="Source\Engine\GraphicsCore\GeometryShader.cpp" />
    <ClCompile Include="Source\Engine\GraphicsCore\MeshShader.cpp" />
    <ClCompile Include="Source\Engine\GraphicsCore\PixelShader.cpp" />
    <ClCompile Include="Source\Engine\GraphicsCore\Shader.cpp" />
    <ClCompile Include="Source\Engine\FileSystem\Type\FileSystemSetting.cpp" />
    <ClCompile Include="Source\Engine\FileSystem\Type\FileData.cpp" />
    <ClCompile Include="Source\Engine\FileSystem\Type\FileInformation.cpp" />
    <ClCompile Include="Source\Editor\Tool\Command\EditorCommandTool.cpp" />
    <ClCompile Include="Source\Editor\Tool\Hierarchy\Command\DetachChildrenCommand.cpp" />
    <ClCompile Include="Source\Editor\Tool\Hierarchy\Command\DropPrefabCommand.cpp" />
    <ClCompile Include="Source\Editor\Tool\Hierarchy\Command\FocusCommand.cpp" />
    <ClCompile Include="Source\Editor\Tool\Hierarchy\Command\NewGameObjectCommand.cpp" />
    <ClCompile Include="Source\Editor\Tool\Hierarchy\Command\PackPrefabCommand.cpp" />
    <ClCompile Include="Source\Editor\Tool\Hierarchy\Command\SetParentCommand.cpp" />
    <ClCompile Include="Source\Engine\CommandCore\CommandManager.cpp" />
    <ClCompile Include="Source\Engine\CommandCore\UmCommand.cpp" />
    <ClCompile Include="Source\Editor\Menu\Project\EditorBuildSettingMenu.cpp" />
    <ClCompile Include="Source\Engine\GameCore\Component\MissingComponent.cpp" />
    <ClCompile Include="Source\Engine\GraphicsCore\DeferredPBRLitPass.cpp" />
    <ClCompile Include="Source\Engine\GraphicsCore\GBufferPass.cpp" />
    <ClCompile Include="Source\Engine\GraphicsCore\PBRLitTechnique.cpp" />
    <ClCompile Include="Source\Engine\GraphicsCore\Animator.cpp" />
    <ClCompile Include="Source\Engine\GraphicsCore\M_PBR.cpp" />
    <ClCompile Include="Source\Engine\GraphicsCore\Material.cpp" />
    <ClCompile Include="Source\Engine\EditorCore\Setting\EditorSetting.cpp" />
    <ClCompile Include="Source\Editor\DragDropTypes\DragDropTransform.cpp" />
    <ClCompile Include="Source\Engine\EditorCore\Gui\PopupBox\EditorPopupBox.cpp" />
    <ClCompile Include="Source\Engine\EditorCore\System\EditorPopupBoxSystem.cpp" />
    <ClCompile Include="Source\Editor\DragDropTypes\DragDropAsset.cpp" />
    <ClCompile Include="Source\Engine\Imgui\GraphEditor.cpp" />
    <ClCompile Include="Source\Engine\Imgui\ImCurveEdit.cpp" />
    <ClCompile Include="Source\Engine\Imgui\ImGradient.cpp" />
    <ClCompile Include="Source\Engine\Imgui\ImGuizmo.cpp" />
    <ClCompile Include="Source\Engine\Imgui\ImSequencer.cpp" />
    <ClCompile Include="Source\Engine\Utility\EditorHelper.cpp" />
    <ClCompile Include="Source\Engine\GraphicsCore\RenderPass.cpp" />
    <ClCompile Include="Source\Engine\GraphicsCore\RenderTechnique.cpp" />
    <ClCompile Include="Source\Engine\GraphicsCore\RenderScene.cpp" />
    <ClCompile Include="Source\Editor\Menu\Project\EditorProjectMenu.cpp" />
    <ClCompile Include="Source\Editor\Menu\Scene\EditorSceneMenu.cpp" />
    <ClCompile Include="Source\Editor\Menu\Setting\EditorSettingMenu.cpp" />
    <ClCompile Include="Source\Editor\Menu\Window\EditorWindowMenu.cpp" />
    <ClCompile Include="Source\Editor\Tool\AssetBrowser\EditorAssetBrowserTool.cpp" />
    <ClCompile Include="Source\Editor\Tool\Debug\EditorDebugTool.cpp" />
    <ClCompile Include="Source\Editor\Tool\Hierarchy\EditorHierarchyTool.cpp" />
    <ClCompile Include="Source\Editor\Tool\Inspector\EditorInspectorTool.cpp" />
    <ClCompile Include="Source\Editor\Tool\Log\EditorLogsTool.cpp" />
    <ClCompile Include="Source\Editor\Tool\Scene\EditorSceneTool.cpp" />
    <ClCompile Include="Source\Engine\FileSystem\Extra\FileObserver.cpp" />
    <ClCompile Include="Source\Engine\FileSystem\System\FileSystem.cpp" />
    <ClCompile Include="Source\Engine\FileSystem\Extra\FileContext.cpp" />
    <ClCompile Include="Source\Engine\FileSystem\Extra\FileEventNotifier.cpp" />
    <ClCompile Include="Source\Engine\FileSystem\Interface\IFileEventProcesser.cpp" />
    <ClCompile Include="Source\Engine\FileSystem\FileSystemModule.cpp" />
    <ClCompile Include="Source\Engine\EditorCore\Gui\Tool\EditorTool.cpp" />
    <ClCompile Include="Source\Engine\EditorCore\System\EditorDockWindowSystem.cpp" />
    <ClCompile Include="Source\Engine\AppModule\EngineCoresModule.cpp" />
    <ClCompile Include="Source\Engine\AppModule\ImGuiDX12Module.cpp" />
    <ClCompile Include="Source\Engine\ClassCore\ReflectHelper.cpp" />
    <ClCompile Include="Source\Engine\EditorCore\Gui\EditorGui.cpp" />
    <ClCompile Include="Source\Engine\EditorCore\Gui\Menu\EditorMenu.cpp" />
    <ClCompile Include="Source\Engine\EditorCore\EditorModule.cpp" />
    <ClCompile Include="Source\Engine\EngineCore\ComponentFactory.cpp" />
    <ClCompile Include="Source\Engine\EngineCore\EngineCores.cpp" />
    <ClCompile Include="Source\Engine\EngineCore\EngineLogger.cpp" />
    <ClCompile Include="Source\Engine\EngineCore\GameObjectFactory.cpp" />
    <ClCompile Include="Source\Engine\EngineCore\SceneManager.cpp" />
    <ClCompile Include="Source\Engine\EngineCore\TimeSystem.cpp" />
    <ClCompile Include="Source\Engine\FileSystem\Type\FileGuidPath.cpp" />
    <ClCompile Include="Source\Engine\GameCore\Component\Component.cpp" />
    <ClCompile Include="Source\Engine\GameCore\GameObject\GameObject.cpp" />
    <ClCompile Include="Source\Engine\GameCore\Transform\Transform.cpp" />
    <ClCompile Include="Source\Engine\GraphicsCore\Animation.cpp" />
    <ClCompile Include="Source\Engine\GraphicsCore\BaseMesh.cpp" />
    <ClCompile Include="Source\Engine\GraphicsCore\Box.cpp" />
    <ClCompile Include="Source\Engine\GraphicsCore\Camera.cpp" />
    <ClCompile Include="Source\Engine\GraphicsCore\Cylinder.cpp" />
    <ClCompile Include="Source\Engine\GraphicsCore\Device.cpp" />
    <ClCompile Include="Source\Engine\GraphicsCore\FBXImporter.cpp" />
    <ClCompile Include="Source\Engine\GraphicsCore\Font.cpp" />
    <ClCompile Include="Source\Engine\GraphicsCore\FontManager.cpp" />
    <ClCompile Include="Source\Engine\GraphicsCore\FrameResource.cpp" />
    <ClCompile Include="Source\Engine\GraphicsCore\FX.cpp" />
    <ClCompile Include="Source\Engine\GraphicsCore\GeometryGenerator.cpp" />
    <ClCompile Include="Source\Engine\GraphicsCore\GeoSphere.cpp" />
    <ClCompile Include="Source\Engine\GraphicsCore\GraphicsCore.cpp" />
    <ClCompile Include="Source\Engine\GraphicsCore\GraphicsModule.cpp" />
    <ClCompile Include="Source\Engine\GraphicsCore\Grid.cpp" />
    <ClCompile Include="Source\Engine\GraphicsCore\Model.cpp" />
    <ClCompile Include="Source\Engine\GraphicsCore\MultiRenderTargetManager.cpp" />
    <ClCompile Include="Source\Engine\GraphicsCore\Quad.cpp" />
    <ClCompile Include="Source\Engine\GraphicsCore\Renderer.cpp" />
    <ClCompile Include="Source\Engine\GraphicsCore\RenderTarget.cpp" />
    <ClCompile Include="Source\Engine\GraphicsCore\ResourceManager.cpp" />
    <ClCompile Include="Source\Engine\GraphicsCore\ShaderBuilder.cpp" />
    <ClCompile Include="Source\Engine\GraphicsCore\Skeleton.cpp" />
    <ClCompile Include="Source\Engine\GraphicsCore\Sphere.cpp" />
    <ClCompile Include="Source\Engine\GraphicsCore\StructuredBuffer.cpp" />
    <ClCompile Include="Source\Engine\GraphicsCore\TempObject.cpp" />
    <ClCompile Include="Source\Engine\GraphicsCore\Texture.cpp" />
    <ClCompile Include="Source\Engine\GraphicsCore\VIBuffer.cpp" />
    <ClCompile Include="Source\Engine\GraphicsCore\ViewManager.cpp" />
    <ClCompile Include="Source\Engine\Imgui\crude_json.cpp" />
    <ClCompile Include="Source\Engine\Imgui\imgui_canvas.cpp" />
    <ClCompile Include="Source\Engine\Imgui\imgui_impl_dx11.cpp" />
    <ClCompile Include="Source\Engine\Imgui\imgui_impl_dx12.cpp" />
    <ClCompile Include="Source\Engine\Imgui\imgui_impl_win32.cpp" />
    <ClCompile Include="Source\Engine\Imgui\imgui.cpp" />
    <ClCompile Include="Source\Engine\Imgui\imgui_demo.cpp" />
    <ClCompile Include="Source\Engine\Imgui\imgui_draw.cpp" />
    <ClCompile Include="Source\Engine\Imgui\imgui_node_editor.cpp" />
    <ClCompile Include="Source\Engine\Imgui\imgui_node_editor_api.cpp" />
    <ClCompile Include="Source\Engine\Imgui\imgui_tables.cpp" />
    <ClCompile Include="Source\Engine\Imgui\imgui_widgets.cpp" />
    <ClCompile Include="Source\Engine\Imgui\imgui_stdlib.cpp" />
    <ClCompile Include="Source\Engine\Utility\dllUtility.cpp" />
    <ClCompile Include="Source\Engine\Utility\FileHelper.cpp" />
    <ClCompile Include="Source\Engine\Utility\ImguiHelper.cpp" />
    <ClCompile Include="Source\Engine\Utility\LogLevel.cpp" />
    <ClCompile Include="Source\Engine\Utility\Mathf.cpp" />
    <ClCompile Include="Source\Engine\Utility\utfHelper.cpp" />
    <ClCompile Include="Source\Engine\ApplicationCore\Application.cpp" />
    <ClCompile Include="Source\pch.cpp" />
    <ClCompile Include="Source\Engine\Utility\DumpUtility.cpp" />
    <ClCompile Include="Source\Engine\GraphicsCore\VertexShader.cpp" />
  </ItemGroup>
  <ItemGroup>
    <ClInclude Include="Source\pch.h">
      <Filter>헤더 파일</Filter>
    </ClInclude>
    <ClInclude Include="Source\Engine\Utility\DumpUtility.h">
      <Filter>헤더 파일</Filter>
    </ClInclude>
    <ClInclude Include="Source\UmFramework.h">
      <Filter>헤더 파일</Filter>
    </ClInclude>
    <ClInclude Include="Source\Engine\Imgui\imconfig.h">
      <Filter>헤더 파일\imgui</Filter>
    </ClInclude>
    <ClInclude Include="Source\Engine\Imgui\imgui.h">
      <Filter>헤더 파일\imgui</Filter>
    </ClInclude>
    <ClInclude Include="Source\Engine\Imgui\imgui_impl_dx11.h">
      <Filter>헤더 파일\imgui</Filter>
    </ClInclude>
    <ClInclude Include="Source\Engine\Imgui\imgui_impl_dx12.h">
      <Filter>헤더 파일\imgui</Filter>
    </ClInclude>
    <ClInclude Include="Source\Engine\Imgui\imgui_internal.h">
      <Filter>헤더 파일\imgui</Filter>
    </ClInclude>
    <ClInclude Include="Source\Engine\Imgui\imgui_stdlib.h">
      <Filter>헤더 파일\imgui</Filter>
    </ClInclude>
    <ClInclude Include="Source\Engine\Imgui\imstb_rectpack.h">
      <Filter>헤더 파일\imgui</Filter>
    </ClInclude>
    <ClInclude Include="Source\Engine\Imgui\imstb_textedit.h">
      <Filter>헤더 파일\imgui</Filter>
    </ClInclude>
    <ClInclude Include="Source\Engine\Imgui\imstb_truetype.h">
      <Filter>헤더 파일\imgui</Filter>
    </ClInclude>
    <ClInclude Include="Source\Engine\Imgui\imgui_impl_win32.h">
      <Filter>헤더 파일\imgui</Filter>
    </ClInclude>
    <ClInclude Include="Source\Engine\EngineCore\TimeSystem.h">
      <Filter>헤더 파일</Filter>
    </ClInclude>
    <ClInclude Include="Source\Engine\ClassCore\TProperty.hpp">
      <Filter>헤더 파일</Filter>
    </ClInclude>
    <ClInclude Include="Source\Engine\ClassCore\ReflectHelper.h">
      <Filter>헤더 파일</Filter>
    </ClInclude>
    <ClInclude Include="Source\Engine\Utility\stlHelper.h">
      <Filter>헤더 파일</Filter>
    </ClInclude>
    <ClInclude Include="Source\Engine\GameCore\Component\Component.h">
      <Filter>헤더 파일</Filter>
    </ClInclude>
    <ClInclude Include="Source\Engine\Utility\dllUtility.h">
      <Filter>헤더 파일</Filter>
    </ClInclude>
    <ClInclude Include="Source\Engine\EngineCore\EngineCores.h">
      <Filter>헤더 파일</Filter>
    </ClInclude>
    <ClInclude Include="Source\Engine\GameCore\GameObject\GameObject.h">
      <Filter>헤더 파일</Filter>
    </ClInclude>
    <ClInclude Include="Source\Engine\EngineCore\SceneManager.h">
      <Filter>헤더 파일</Filter>
    </ClInclude>
    <ClInclude Include="Source\Engine\EngineCore\ComponentFactory.h">
      <Filter>헤더 파일</Filter>
    </ClInclude>
    <ClInclude Include="Source\Engine\Utility\utfHelper.h">
      <Filter>헤더 파일</Filter>
    </ClInclude>
    <ClInclude Include="Source\Engine\EngineCore\GameObjectFactory.h">
      <Filter>헤더 파일</Filter>
    </ClInclude>
    <ClInclude Include="Source\Engine\GameCore\Transform\Transform.h">
      <Filter>헤더 파일</Filter>
    </ClInclude>
    <ClInclude Include="Source\Engine\Imgui\imgui_node_editor_internal.h">
      <Filter>헤더 파일\imgui</Filter>
    </ClInclude>
    <ClInclude Include="Source\Engine\Imgui\imgui_node_editor.h">
      <Filter>헤더 파일\imgui</Filter>
    </ClInclude>
    <ClInclude Include="Source\Engine\Imgui\imgui_extra_math.h">
      <Filter>헤더 파일\imgui</Filter>
    </ClInclude>
    <ClInclude Include="Source\Engine\Imgui\imgui_canvas.h">
      <Filter>헤더 파일\imgui</Filter>
    </ClInclude>
    <ClInclude Include="Source\Engine\Imgui\imgui_bezier_math.h">
      <Filter>헤더 파일\imgui</Filter>
    </ClInclude>
    <ClInclude Include="Source\Engine\Imgui\crude_json.h">
      <Filter>헤더 파일\imgui</Filter>
    </ClInclude>
    <ClInclude Include="Source\Engine\ApplicationCore\Application.h">
      <Filter>헤더 파일</Filter>
    </ClInclude>
    <ClInclude Include="Source\Engine\AppModule\Interface\IAppModule.h">
      <Filter>헤더 파일</Filter>
    </ClInclude>
    <ClInclude Include="Source\Engine\AppModule\EngineCoresModule.h">
      <Filter>헤더 파일</Filter>
    </ClInclude>
    <ClInclude Include="Source\Engine\Utility\ImGuiHelper.h">
      <Filter>헤더 파일</Filter>
    </ClInclude>
    <ClInclude Include="Source\Engine\EditorCore\Gui\EditorGui.h">
      <Filter>헤더 파일</Filter>
    </ClInclude>
    <ClInclude Include="Source\Engine\EditorCore\Gui\Menu\EditorMenu.h">
      <Filter>헤더 파일</Filter>
    </ClInclude>
    <ClInclude Include="Source\Engine\EditorCore\System\EditorDockWindowSystem.h">
      <Filter>헤더 파일</Filter>
    </ClInclude>
    <ClInclude Include="Source\Engine\EditorCore\Gui\Tool\EditorTool.h">
      <Filter>헤더 파일</Filter>
    </ClInclude>
    <ClInclude Include="Source\Engine\EngineCore\EngineLogger.h">
      <Filter>헤더 파일</Filter>
    </ClInclude>
    <ClInclude Include="Source\Engine\Utility\Mathf.h">
      <Filter>헤더 파일</Filter>
    </ClInclude>
    <ClInclude Include="Source\Engine\Utility\LogLevel.h">
      <Filter>헤더 파일</Filter>
    </ClInclude>
    <ClInclude Include="Source\Engine\FileSystem\FileSystemModule.h">
      <Filter>헤더 파일</Filter>
    </ClInclude>
    <ClInclude Include="Source\Engine\EditorCore\EditorModule.h">
      <Filter>헤더 파일</Filter>
    </ClInclude>
    <ClInclude Include="Source\Editor\DragDropTypes\DragDropTransform.h">
      <Filter>헤더 파일</Filter>
    </ClInclude>
    <ClInclude Include="Source\Editor\Tool\AssetBrowser\EditorAssetBrowserTool.h">
      <Filter>헤더 파일</Filter>
    </ClInclude>
    <ClInclude Include="Source\Editor\Tool\Debug\EditorDebugTool.h">
      <Filter>헤더 파일</Filter>
    </ClInclude>
    <ClInclude Include="Source\Editor\Tool\Hierarchy\EditorHierarchyTool.h">
      <Filter>헤더 파일</Filter>
    </ClInclude>
    <ClInclude Include="Source\Editor\Tool\Inspector\EditorInspectorTool.h">
      <Filter>헤더 파일</Filter>
    </ClInclude>
    <ClInclude Include="Source\Editor\Tool\Log\EditorLogsTool.h">
      <Filter>헤더 파일</Filter>
    </ClInclude>
    <ClInclude Include="Source\Editor\Tool\Scene\EditorSceneTool.h">
      <Filter>헤더 파일</Filter>
    </ClInclude>
    <ClInclude Include="Source\Editor\Menu\Project\EditorProjectMenu.h">
      <Filter>헤더 파일</Filter>
    </ClInclude>
    <ClInclude Include="Source\Editor\Menu\Scene\EditorSceneMenu.h">
      <Filter>헤더 파일</Filter>
    </ClInclude>
    <ClInclude Include="Source\Editor\Menu\Setting\EditorSettingMenu.h">
      <Filter>헤더 파일</Filter>
    </ClInclude>
    <ClInclude Include="Source\Editor\Menu\Window\EditorWindowMenu.h">
      <Filter>헤더 파일</Filter>
    </ClInclude>
    <ClInclude Include="Source\Engine\FileSystem\Extra\FileObserver.h">
      <Filter>헤더 파일</Filter>
    </ClInclude>
    <ClInclude Include="Source\Engine\FileSystem\System\FileSystem.h">
      <Filter>헤더 파일</Filter>
    </ClInclude>
    <ClInclude Include="Source\Engine\FileSystem\Extra\FileContext.h">
      <Filter>헤더 파일</Filter>
    </ClInclude>
    <ClInclude Include="Source\Engine\FileSystem\Extra\FileEventNotifier.h">
      <Filter>헤더 파일</Filter>
    </ClInclude>
    <ClInclude Include="Source\Engine\FileSystem\Interface\IFileEventProcesser.h">
      <Filter>헤더 파일</Filter>
    </ClInclude>
    <ClInclude Include="Source\Engine\FileSystem\Type\FileGuidPath.h">
      <Filter>헤더 파일</Filter>
    </ClInclude>
    <ClInclude Include="Source\Engine\Utility\FileHelper.h">
      <Filter>헤더 파일</Filter>
    </ClInclude>
    <ClInclude Include="Source\Engine\Utility\EditorHelper.h">
      <Filter>헤더 파일</Filter>
    </ClInclude>
    <ClInclude Include="Source\Engine\GraphicsCore\GraphicsCore.h">
      <Filter>GraphicsCore</Filter>
    </ClInclude>
    <ClInclude Include="Source\Engine\GraphicsCore\TempObject.h">
      <Filter>GraphicsCore</Filter>
    </ClInclude>
    <ClInclude Include="Source\Engine\GraphicsCore\Animation.h">
      <Filter>GraphicsCore\Resource\Animation</Filter>
    </ClInclude>
    <ClInclude Include="Source\Engine\GraphicsCore\BaseMesh.h">
      <Filter>GraphicsCore\Mesh</Filter>
    </ClInclude>
    <ClInclude Include="Source\Engine\GraphicsCore\Box.h">
      <Filter>GraphicsCore\Mesh\Geometry</Filter>
    </ClInclude>
    <ClInclude Include="Source\Engine\GraphicsCore\Camera.h">
      <Filter>GraphicsCore\Camera</Filter>
    </ClInclude>
    <ClInclude Include="Source\Engine\GraphicsCore\Cylinder.h">
      <Filter>GraphicsCore\Mesh\Geometry</Filter>
    </ClInclude>
    <ClInclude Include="Source\Engine\GraphicsCore\Defines.h">
      <Filter>GraphicsCore\Headers</Filter>
    </ClInclude>
    <ClInclude Include="Source\Engine\GraphicsCore\DX12Practice.h">
      <Filter>GraphicsCore\Headers</Filter>
    </ClInclude>
    <ClInclude Include="Source\Engine\GraphicsCore\Enums.h">
      <Filter>GraphicsCore\Headers</Filter>
    </ClInclude>
    <ClInclude Include="Source\Engine\GraphicsCore\Externs.h">
      <Filter>GraphicsCore\Headers</Filter>
    </ClInclude>
    <ClInclude Include="Source\Engine\GraphicsCore\Structs.h">
      <Filter>GraphicsCore\Headers</Filter>
    </ClInclude>
    <ClInclude Include="Source\Engine\GraphicsCore\Device.h">
      <Filter>GraphicsCore\Device</Filter>
    </ClInclude>
    <ClInclude Include="Source\Engine\GraphicsCore\FBXImporter.h">
      <Filter>GraphicsCore\FBXImporter</Filter>
    </ClInclude>
    <ClInclude Include="Source\Engine\GraphicsCore\Font.h">
      <Filter>GraphicsCore\Font</Filter>
    </ClInclude>
    <ClInclude Include="Source\Engine\GraphicsCore\FrameResource.h">
      <Filter>GraphicsCore\FrameResource</Filter>
    </ClInclude>
    <ClInclude Include="Source\Engine\GraphicsCore\FX.h">
      <Filter>GraphicsCore\FX</Filter>
    </ClInclude>
    <ClInclude Include="Source\Engine\GraphicsCore\GeometryGenerator.h">
      <Filter>GraphicsCore\Mesh\Geometry</Filter>
    </ClInclude>
    <ClInclude Include="Source\Engine\GraphicsCore\GeoSphere.h">
      <Filter>GraphicsCore\Mesh\Geometry</Filter>
    </ClInclude>
    <ClInclude Include="Source\Engine\GraphicsCore\Grid.h">
      <Filter>GraphicsCore\Mesh\Geometry</Filter>
    </ClInclude>
    <ClInclude Include="Source\Engine\GraphicsCore\Model.h">
      <Filter>GraphicsCore\Resource\Model</Filter>
    </ClInclude>
    <ClInclude Include="Source\Engine\GraphicsCore\Quad.h">
      <Filter>GraphicsCore\Mesh\Geometry</Filter>
    </ClInclude>
    <ClInclude Include="Source\Engine\GraphicsCore\FontManager.h">
      <Filter>GraphicsCore\Manager</Filter>
    </ClInclude>
    <ClInclude Include="Source\Engine\GraphicsCore\MultiRenderTargetManager.h">
      <Filter>GraphicsCore\Manager</Filter>
    </ClInclude>
    <ClInclude Include="Source\Engine\GraphicsCore\ResourceManager.h">
      <Filter>GraphicsCore\Manager</Filter>
    </ClInclude>
    <ClInclude Include="Source\Engine\GraphicsCore\ViewManager.h">
      <Filter>GraphicsCore\Manager</Filter>
    </ClInclude>
    <ClInclude Include="Source\Engine\GraphicsCore\Resource.h">
      <Filter>GraphicsCore\Resource</Filter>
    </ClInclude>
    <ClInclude Include="Source\Engine\GraphicsCore\RenderTarget.h">
      <Filter>GraphicsCore\RenderTarget</Filter>
    </ClInclude>
    <ClInclude Include="Source\Engine\GraphicsCore\Renderer.h">
      <Filter>GraphicsCore\Renderer</Filter>
    </ClInclude>
    <ClInclude Include="Source\Engine\GraphicsCore\ShaderBuilder.h">
      <Filter>GraphicsCore\Shader</Filter>
    </ClInclude>
    <ClInclude Include="Source\Engine\AppModule\ImGuiDX12Module.h">
      <Filter>GraphicsCore\ImGui</Filter>
    </ClInclude>
    <ClInclude Include="Source\Engine\GraphicsCore\Skeleton.h">
      <Filter>GraphicsCore\Skeleton</Filter>
    </ClInclude>
    <ClInclude Include="Source\Engine\GraphicsCore\Sphere.h">
      <Filter>GraphicsCore\Mesh\Geometry</Filter>
    </ClInclude>
    <ClInclude Include="Source\Engine\GraphicsCore\Texture.h">
      <Filter>GraphicsCore\Resource\Texture</Filter>
    </ClInclude>
    <ClInclude Include="Source\Engine\GraphicsCore\StructuredBuffer.h">
      <Filter>GraphicsCore\StructuredBuffer</Filter>
    </ClInclude>
    <ClInclude Include="Source\Engine\GraphicsCore\VIBuffer.h">
      <Filter>GraphicsCore\VIBuffer</Filter>
    </ClInclude>
    <ClInclude Include="Source\Engine\GraphicsCore\GraphicsModule.h">
      <Filter>GraphicsCore\Module</Filter>
    </ClInclude>
    <ClInclude Include="Source\Engine\GraphicsCore\RenderScene.h">
      <Filter>헤더 파일</Filter>
    </ClInclude>
    <ClInclude Include="Source\Engine\GraphicsCore\RenderPass.h">
      <Filter>헤더 파일</Filter>
    </ClInclude>
    <ClInclude Include="Source\Engine\GraphicsCore\RenderTechnique.h">
      <Filter>헤더 파일</Filter>
    </ClInclude>
    <ClInclude Include="Source\Engine\Imgui\GraphEditor.h">
      <Filter>헤더 파일\imgui</Filter>
    </ClInclude>
    <ClInclude Include="Source\Engine\Imgui\ImCurveEdit.h">
      <Filter>헤더 파일\imgui</Filter>
    </ClInclude>
    <ClInclude Include="Source\Engine\Imgui\ImGradient.h">
      <Filter>헤더 파일\imgui</Filter>
    </ClInclude>
    <ClInclude Include="Source\Engine\Imgui\ImGuizmo.h">
      <Filter>헤더 파일\imgui</Filter>
    </ClInclude>
    <ClInclude Include="Source\Engine\Imgui\ImSequencer.h">
      <Filter>헤더 파일\imgui</Filter>
    </ClInclude>
    <ClInclude Include="Source\Engine\Imgui\ImZoomSlider.h">
      <Filter>헤더 파일\imgui</Filter>
    </ClInclude>
    <ClInclude Include="Source\Editor\DragDropTypes\DragDropAsset.h">
      <Filter>헤더 파일</Filter>
    </ClInclude>
    <ClInclude Include="Source\Engine\EditorCore\System\EditorPopupBoxSystem.h">
      <Filter>헤더 파일</Filter>
    </ClInclude>
    <ClInclude Include="Source\Engine\EditorCore\Gui\PopupBox\EditorPopupBox.h">
      <Filter>헤더 파일</Filter>
    </ClInclude>
    <ClInclude Include="Source\Engine\EditorCore\Setting\EditorSetting.h">
      <Filter>헤더 파일</Filter>
    </ClInclude>
    <ClInclude Include="Source\Editor\Menu\Project\EditorBuildSettingMenu.h">
      <Filter>헤더 파일</Filter>
    </ClInclude>
    <ClInclude Include="Source\Engine\GraphicsCore\Animator.h">
      <Filter>GraphicsCore\Animator</Filter>
    </ClInclude>
    <ClInclude Include="Source\Engine\GraphicsCore\Material.h">
      <Filter>GraphicsCore\Material</Filter>
    </ClInclude>
    <ClInclude Include="Source\Engine\GraphicsCore\M_PBR.h">
      <Filter>GraphicsCore\Material</Filter>
    </ClInclude>
    <ClInclude Include="Source\Engine\GraphicsCore\PBRLitTechnique.h">
      <Filter>헤더 파일</Filter>
    </ClInclude>
    <ClInclude Include="Source\Engine\GraphicsCore\GBufferPass.h">
      <Filter>헤더 파일</Filter>
    </ClInclude>
    <ClInclude Include="Source\Engine\GraphicsCore\DeferredPBRLitPass.h">
      <Filter>헤더 파일</Filter>
    </ClInclude>
    <ClInclude Include="Source\Engine\GameCore\Component\MissingComponent.h">
      <Filter>헤더 파일</Filter>
    </ClInclude>
    <ClInclude Include="Source\Engine\CommandCore\UmCommand.h">
      <Filter>헤더 파일</Filter>
    </ClInclude>
    <ClInclude Include="Source\Engine\CommandCore\CommandManager.h">
      <Filter>헤더 파일</Filter>
    </ClInclude>
    <ClInclude Include="Source\Editor\Tool\Command\EditorCommandTool.h">
      <Filter>헤더 파일</Filter>
    </ClInclude>
    <ClInclude Include="Source\Engine\FileSystem\Type\FileInformation.h">
      <Filter>헤더 파일</Filter>
    </ClInclude>
    <ClInclude Include="Source\Engine\FileSystem\Type\FileData.h">
      <Filter>헤더 파일</Filter>
    </ClInclude>
    <ClInclude Include="Source\Engine\FileSystem\Type\FileSystemSetting.h">
      <Filter>헤더 파일</Filter>
    </ClInclude>
    <ClInclude Include="Source\Engine\GraphicsCore\Shader.h">
      <Filter>헤더 파일</Filter>
    </ClInclude>
    <ClInclude Include="Source\Engine\GraphicsCore\VertexShader.h">
      <Filter>헤더 파일</Filter>
    </ClInclude>
    <ClInclude Include="Source\Engine\GraphicsCore\ComputeShader.h">
      <Filter>헤더 파일</Filter>
    </ClInclude>
    <ClInclude Include="Source\Engine\GraphicsCore\GeometryShader.h">
      <Filter>헤더 파일</Filter>
    </ClInclude>
    <ClInclude Include="Source\Engine\GraphicsCore\MeshShader.h">
      <Filter>헤더 파일</Filter>
    </ClInclude>
    <ClInclude Include="Source\Engine\GraphicsCore\PixelShader.h">
      <Filter>헤더 파일</Filter>
    </ClInclude>
    <ClInclude Include="Source\Editor\Tool\Model\EditorModelTool.h">
      <Filter>헤더 파일</Filter>
    </ClInclude>
    <ClInclude Include="Source\Editor\DynamicCamera\EditorDynamicCamera.h">
      <Filter>헤더 파일</Filter>
    </ClInclude>
    <ClInclude Include="Source\Engine\GraphicsCore\RendererFileEvent.h">
      <Filter>헤더 파일</Filter>
    </ClInclude>
    <ClInclude Include="Source\Engine\GraphicsCore\d3dUtil.h">
      <Filter>헤더 파일</Filter>
    </ClInclude>
    <ClInclude Include="Source\Editor\Tool\Hierarchy\Command\FocusCommand.h">
      <Filter>헤더 파일</Filter>
    </ClInclude>
    <ClInclude Include="Source\Editor\Tool\Hierarchy\Command\SetParentCommand.h">
      <Filter>헤더 파일</Filter>
    </ClInclude>
    <ClInclude Include="Source\Editor\Tool\Hierarchy\Command\DetachChildrenCommand.h">
      <Filter>헤더 파일</Filter>
    </ClInclude>
    <ClInclude Include="Source\Editor\Tool\Hierarchy\Command\PackPrefabCommand.h">
      <Filter>헤더 파일</Filter>
    </ClInclude>
    <ClInclude Include="Source\Editor\Tool\Hierarchy\Command\NewGameObjectCommand.h">
      <Filter>헤더 파일</Filter>
    </ClInclude>
    <ClInclude Include="Source\Editor\Tool\Hierarchy\Command\DropPrefabCommand.h">
      <Filter>헤더 파일</Filter>
    </ClInclude>
    <ClInclude Include="Source\Engine\EditorCore\Interface\IEditorObject.h">
      <Filter>헤더 파일</Filter>
    </ClInclude>
    <ClInclude Include="Source\Engine\EditorCore\Gui\DockWindow\EditorDockWindow.h">
      <Filter>헤더 파일</Filter>
    </ClInclude>
    <ClInclude Include="Source\Engine\EditorCore\Interface\IEditorCycle.h">
      <Filter>헤더 파일</Filter>
    </ClInclude>
    <ClInclude Include="Source\Engine\GraphicsCore\MeshRenderer.h">
      <Filter>헤더 파일</Filter>
    </ClInclude>
    <ClInclude Include="Source\Editor\Menu\Play\EditorPlayMenu.h">
      <Filter>헤더 파일</Filter>
    </ClInclude>
    <ClInclude Include="Source\Engine\GraphicsCore\FBXConverter.h">
      <Filter>헤더 파일</Filter>
    </ClInclude>
    <ClInclude Include="Source\UmScripts.h">
      <Filter>헤더 파일</Filter>
    </ClInclude>
  </ItemGroup>
  <ItemGroup>
    <ClCompile Include="Source\pch.cpp">
      <Filter>소스 파일</Filter>
    </ClCompile>
    <ClCompile Include="Source\Engine\Utility\DumpUtility.cpp">
      <Filter>소스 파일</Filter>
    </ClCompile>
    <ClCompile Include="Source\Engine\Imgui\imgui.cpp">
      <Filter>소스 파일\imgui</Filter>
    </ClCompile>
    <ClCompile Include="Source\Engine\Imgui\imgui_demo.cpp">
      <Filter>소스 파일\imgui</Filter>
    </ClCompile>
    <ClCompile Include="Source\Engine\Imgui\imgui_draw.cpp">
      <Filter>소스 파일\imgui</Filter>
    </ClCompile>
    <ClCompile Include="Source\Engine\Imgui\imgui_impl_dx11.cpp">
      <Filter>소스 파일\imgui</Filter>
    </ClCompile>
    <ClCompile Include="Source\Engine\Imgui\imgui_impl_dx12.cpp">
      <Filter>소스 파일\imgui</Filter>
    </ClCompile>
    <ClCompile Include="Source\Engine\Imgui\imgui_stdlib.cpp">
      <Filter>소스 파일\imgui</Filter>
    </ClCompile>
    <ClCompile Include="Source\Engine\Imgui\imgui_tables.cpp">
      <Filter>소스 파일\imgui</Filter>
    </ClCompile>
    <ClCompile Include="Source\Engine\Imgui\imgui_widgets.cpp">
      <Filter>소스 파일\imgui</Filter>
    </ClCompile>
    <ClCompile Include="Source\Engine\Imgui\imgui_impl_win32.cpp">
      <Filter>소스 파일\imgui</Filter>
    </ClCompile>
    <ClCompile Include="Source\Engine\EngineCore\TimeSystem.cpp">
      <Filter>소스 파일</Filter>
    </ClCompile>
    <ClCompile Include="Source\Engine\ClassCore\ReflectHelper.cpp">
      <Filter>소스 파일</Filter>
    </ClCompile>
    <ClCompile Include="Source\Engine\GameCore\Component\Component.cpp">
      <Filter>소스 파일</Filter>
    </ClCompile>
    <ClCompile Include="Source\Engine\Utility\dllUtility.cpp">
      <Filter>소스 파일</Filter>
    </ClCompile>
    <ClCompile Include="Source\Engine\GameCore\GameObject\GameObject.cpp">
      <Filter>소스 파일</Filter>
    </ClCompile>
    <ClCompile Include="Source\Engine\EngineCore\SceneManager.cpp">
      <Filter>소스 파일</Filter>
    </ClCompile>
    <ClCompile Include="Source\Engine\EngineCore\ComponentFactory.cpp">
      <Filter>소스 파일</Filter>
    </ClCompile>
    <ClCompile Include="Source\Engine\EngineCore\EngineCores.cpp">
      <Filter>소스 파일</Filter>
    </ClCompile>
    <ClCompile Include="Source\Engine\Utility\utfHelper.cpp">
      <Filter>소스 파일</Filter>
    </ClCompile>
    <ClCompile Include="Source\Engine\EngineCore\GameObjectFactory.cpp">
      <Filter>소스 파일</Filter>
    </ClCompile>
    <ClCompile Include="Source\Engine\GameCore\Transform\Transform.cpp">
      <Filter>소스 파일</Filter>
    </ClCompile>
    <ClCompile Include="Source\Engine\Imgui\crude_json.cpp">
      <Filter>소스 파일\imgui</Filter>
    </ClCompile>
    <ClCompile Include="Source\Engine\Imgui\imgui_canvas.cpp">
      <Filter>소스 파일\imgui</Filter>
    </ClCompile>
    <ClCompile Include="Source\Engine\Imgui\imgui_node_editor.cpp">
      <Filter>소스 파일\imgui</Filter>
    </ClCompile>
    <ClCompile Include="Source\Engine\Imgui\imgui_node_editor_api.cpp">
      <Filter>소스 파일\imgui</Filter>
    </ClCompile>
    <ClCompile Include="Source\Engine\ApplicationCore\Application.cpp">
      <Filter>소스 파일</Filter>
    </ClCompile>
    <ClCompile Include="Source\Engine\AppModule\EngineCoresModule.cpp">
      <Filter>소스 파일</Filter>
    </ClCompile>
    <ClCompile Include="Source\Engine\Utility\ImGuiHelper.cpp">
      <Filter>소스 파일</Filter>
    </ClCompile>
    <ClCompile Include="Source\Engine\EditorCore\Gui\EditorGui.cpp">
      <Filter>소스 파일</Filter>
    </ClCompile>
    <ClCompile Include="Source\Engine\EditorCore\Gui\Menu\EditorMenu.cpp">
      <Filter>소스 파일</Filter>
    </ClCompile>
    <ClCompile Include="Source\Engine\EditorCore\System\EditorDockWindowSystem.cpp">
      <Filter>소스 파일</Filter>
    </ClCompile>
    <ClCompile Include="Source\Engine\EditorCore\Gui\Tool\EditorTool.cpp">
      <Filter>소스 파일</Filter>
    </ClCompile>
    <ClCompile Include="Source\Engine\EngineCore\EngineLogger.cpp">
      <Filter>소스 파일</Filter>
    </ClCompile>
    <ClCompile Include="Source\Engine\Utility\Mathf.cpp">
      <Filter>소스 파일</Filter>
    </ClCompile>
    <ClCompile Include="Source\Engine\FileSystem\FileSystemModule.cpp">
      <Filter>소스 파일</Filter>
    </ClCompile>
    <ClCompile Include="Source\Engine\EditorCore\EditorModule.cpp">
      <Filter>소스 파일</Filter>
    </ClCompile>
    <ClCompile Include="Source\Engine\Utility\LogLevel.cpp">
      <Filter>소스 파일</Filter>
    </ClCompile>
    <ClCompile Include="Source\Editor\Tool\AssetBrowser\EditorAssetBrowserTool.cpp">
      <Filter>소스 파일</Filter>
    </ClCompile>
    <ClCompile Include="Source\Editor\Tool\Debug\EditorDebugTool.cpp">
      <Filter>소스 파일</Filter>
    </ClCompile>
    <ClCompile Include="Source\Editor\Tool\Hierarchy\EditorHierarchyTool.cpp">
      <Filter>소스 파일</Filter>
    </ClCompile>
    <ClCompile Include="Source\Editor\Tool\Inspector\EditorInspectorTool.cpp">
      <Filter>소스 파일</Filter>
    </ClCompile>
    <ClCompile Include="Source\Editor\Tool\Log\EditorLogsTool.cpp">
      <Filter>소스 파일</Filter>
    </ClCompile>
    <ClCompile Include="Source\Editor\Tool\Scene\EditorSceneTool.cpp">
      <Filter>소스 파일</Filter>
    </ClCompile>
    <ClCompile Include="Source\Editor\Menu\Project\EditorProjectMenu.cpp">
      <Filter>소스 파일</Filter>
    </ClCompile>
    <ClCompile Include="Source\Editor\Menu\Scene\EditorSceneMenu.cpp">
      <Filter>소스 파일</Filter>
    </ClCompile>
    <ClCompile Include="Source\Editor\Menu\Setting\EditorSettingMenu.cpp">
      <Filter>소스 파일</Filter>
    </ClCompile>
    <ClCompile Include="Source\Editor\Menu\Window\EditorWindowMenu.cpp">
      <Filter>소스 파일</Filter>
    </ClCompile>
    <ClCompile Include="Source\Engine\FileSystem\Extra\FileObserver.cpp">
      <Filter>소스 파일</Filter>
    </ClCompile>
    <ClCompile Include="Source\Engine\FileSystem\System\FileSystem.cpp">
      <Filter>소스 파일</Filter>
    </ClCompile>
    <ClCompile Include="Source\Engine\FileSystem\Extra\FileContext.cpp">
      <Filter>소스 파일</Filter>
    </ClCompile>
    <ClCompile Include="Source\Engine\FileSystem\Extra\FileEventNotifier.cpp">
      <Filter>소스 파일</Filter>
    </ClCompile>
    <ClCompile Include="Source\Engine\FileSystem\Interface\IFileEventProcesser.cpp">
      <Filter>소스 파일</Filter>
    </ClCompile>
    <ClCompile Include="Source\Engine\FileSystem\Type\FileGuidPath.cpp">
      <Filter>소스 파일</Filter>
    </ClCompile>
    <ClCompile Include="Source\Engine\Utility\FileHelper.cpp">
      <Filter>소스 파일</Filter>
    </ClCompile>
    <ClCompile Include="Source\Engine\Utility\EditorHelper.cpp">
      <Filter>소스 파일</Filter>
    </ClCompile>
    <ClCompile Include="Source\Engine\GraphicsCore\GraphicsCore.cpp">
      <Filter>GraphicsCore</Filter>
    </ClCompile>
    <ClCompile Include="Source\Engine\GraphicsCore\TempObject.cpp">
      <Filter>GraphicsCore</Filter>
    </ClCompile>
    <ClCompile Include="Source\Engine\GraphicsCore\Animation.cpp">
      <Filter>GraphicsCore\Resource\Animation</Filter>
    </ClCompile>
    <ClCompile Include="Source\Engine\GraphicsCore\BaseMesh.cpp">
      <Filter>GraphicsCore\Mesh</Filter>
    </ClCompile>
    <ClCompile Include="Source\Engine\GraphicsCore\Box.cpp">
      <Filter>GraphicsCore\Mesh\Geometry</Filter>
    </ClCompile>
    <ClCompile Include="Source\Engine\GraphicsCore\Camera.cpp">
      <Filter>GraphicsCore\Camera</Filter>
    </ClCompile>
    <ClCompile Include="Source\Engine\GraphicsCore\Cylinder.cpp">
      <Filter>GraphicsCore\Mesh\Geometry</Filter>
    </ClCompile>
    <ClCompile Include="Source\Engine\GraphicsCore\Device.cpp">
      <Filter>GraphicsCore\Device</Filter>
    </ClCompile>
    <ClCompile Include="Source\Engine\GraphicsCore\FBXImporter.cpp">
      <Filter>GraphicsCore\FBXImporter</Filter>
    </ClCompile>
    <ClCompile Include="Source\Engine\GraphicsCore\Font.cpp">
      <Filter>GraphicsCore\Font</Filter>
    </ClCompile>
    <ClCompile Include="Source\Engine\GraphicsCore\FrameResource.cpp">
      <Filter>GraphicsCore\FrameResource</Filter>
    </ClCompile>
    <ClCompile Include="Source\Engine\GraphicsCore\FX.cpp">
      <Filter>GraphicsCore\FX</Filter>
    </ClCompile>
    <ClCompile Include="Source\Engine\GraphicsCore\GeometryGenerator.cpp">
      <Filter>GraphicsCore\Mesh\Geometry</Filter>
    </ClCompile>
    <ClCompile Include="Source\Engine\GraphicsCore\GeoSphere.cpp">
      <Filter>GraphicsCore\Mesh\Geometry</Filter>
    </ClCompile>
    <ClCompile Include="Source\Engine\GraphicsCore\Grid.cpp">
      <Filter>GraphicsCore\Mesh\Geometry</Filter>
    </ClCompile>
    <ClCompile Include="Source\Engine\GraphicsCore\Model.cpp">
      <Filter>GraphicsCore\Resource\Model</Filter>
    </ClCompile>
    <ClCompile Include="Source\Engine\GraphicsCore\Quad.cpp">
      <Filter>GraphicsCore\Mesh\Geometry</Filter>
    </ClCompile>
    <ClCompile Include="Source\Engine\GraphicsCore\FontManager.cpp">
      <Filter>GraphicsCore\Manager</Filter>
    </ClCompile>
    <ClCompile Include="Source\Engine\GraphicsCore\MultiRenderTargetManager.cpp">
      <Filter>GraphicsCore\Manager</Filter>
    </ClCompile>
    <ClCompile Include="Source\Engine\GraphicsCore\ResourceManager.cpp">
      <Filter>GraphicsCore\Manager</Filter>
    </ClCompile>
    <ClCompile Include="Source\Engine\GraphicsCore\ViewManager.cpp">
      <Filter>GraphicsCore\Manager</Filter>
    </ClCompile>
    <ClCompile Include="Source\Engine\GraphicsCore\RenderTarget.cpp">
      <Filter>GraphicsCore\RenderTarget</Filter>
    </ClCompile>
    <ClCompile Include="Source\Engine\GraphicsCore\Renderer.cpp">
      <Filter>GraphicsCore\Renderer</Filter>
    </ClCompile>
    <ClCompile Include="Source\Engine\GraphicsCore\ShaderBuilder.cpp">
      <Filter>GraphicsCore\Shader</Filter>
    </ClCompile>
    <ClCompile Include="Source\Engine\AppModule\ImGuiDX12Module.cpp">
      <Filter>GraphicsCore\ImGui</Filter>
    </ClCompile>
    <ClCompile Include="Source\Engine\GraphicsCore\Skeleton.cpp">
      <Filter>GraphicsCore\Skeleton</Filter>
    </ClCompile>
    <ClCompile Include="Source\Engine\GraphicsCore\Sphere.cpp">
      <Filter>GraphicsCore\Mesh\Geometry</Filter>
    </ClCompile>
    <ClCompile Include="Source\Engine\GraphicsCore\Texture.cpp">
      <Filter>GraphicsCore\Resource\Texture</Filter>
    </ClCompile>
    <ClCompile Include="Source\Engine\GraphicsCore\StructuredBuffer.cpp">
      <Filter>GraphicsCore\StructuredBuffer</Filter>
    </ClCompile>
    <ClCompile Include="Source\Engine\GraphicsCore\VIBuffer.cpp">
      <Filter>GraphicsCore\VIBuffer</Filter>
    </ClCompile>
    <ClCompile Include="Source\Engine\GraphicsCore\GraphicsModule.cpp">
      <Filter>GraphicsCore\Module</Filter>
    </ClCompile>
    <ClCompile Include="Source\Engine\GraphicsCore\RenderScene.cpp">
      <Filter>소스 파일</Filter>
    </ClCompile>
    <ClCompile Include="Source\Engine\GraphicsCore\RenderPass.cpp">
      <Filter>소스 파일</Filter>
    </ClCompile>
    <ClCompile Include="Source\Engine\GraphicsCore\RenderTechnique.cpp">
      <Filter>소스 파일</Filter>
    </ClCompile>
    <ClCompile Include="Source\Engine\Imgui\GraphEditor.cpp">
      <Filter>소스 파일\imgui</Filter>
    </ClCompile>
    <ClCompile Include="Source\Engine\Imgui\ImCurveEdit.cpp">
      <Filter>소스 파일\imgui</Filter>
    </ClCompile>
    <ClCompile Include="Source\Engine\Imgui\ImGradient.cpp">
      <Filter>소스 파일\imgui</Filter>
    </ClCompile>
    <ClCompile Include="Source\Engine\Imgui\ImGuizmo.cpp">
      <Filter>소스 파일\imgui</Filter>
    </ClCompile>
    <ClCompile Include="Source\Engine\Imgui\ImSequencer.cpp">
      <Filter>소스 파일\imgui</Filter>
    </ClCompile>
    <ClCompile Include="Source\Editor\DragDropTypes\DragDropAsset.cpp">
      <Filter>소스 파일</Filter>
    </ClCompile>
    <ClCompile Include="Source\Engine\EditorCore\System\EditorPopupBoxSystem.cpp">
      <Filter>소스 파일</Filter>
    </ClCompile>
    <ClCompile Include="Source\Engine\EditorCore\Gui\PopupBox\EditorPopupBox.cpp">
      <Filter>소스 파일</Filter>
    </ClCompile>
    <ClCompile Include="Source\Editor\DragDropTypes\DragDropTransform.cpp">
      <Filter>소스 파일</Filter>
    </ClCompile>
    <ClCompile Include="Source\Engine\EditorCore\Setting\EditorSetting.cpp">
      <Filter>소스 파일</Filter>
    </ClCompile>
    <ClCompile Include="Source\Editor\Menu\Project\EditorBuildSettingMenu.cpp">
      <Filter>소스 파일</Filter>
    </ClCompile>
    <ClCompile Include="Source\Engine\GraphicsCore\Animator.cpp">
      <Filter>GraphicsCore\Animator</Filter>
    </ClCompile>
    <ClCompile Include="Source\Engine\GraphicsCore\Material.cpp">
      <Filter>GraphicsCore\Material</Filter>
    </ClCompile>
    <ClCompile Include="Source\Engine\GraphicsCore\M_PBR.cpp">
      <Filter>GraphicsCore\Material</Filter>
    </ClCompile>
    <ClCompile Include="Source\Engine\GraphicsCore\PBRLitTechnique.cpp">
      <Filter>소스 파일</Filter>
    </ClCompile>
    <ClCompile Include="Source\Engine\GraphicsCore\GBufferPass.cpp">
      <Filter>소스 파일</Filter>
    </ClCompile>
    <ClCompile Include="Source\Engine\GraphicsCore\DeferredPBRLitPass.cpp">
      <Filter>소스 파일</Filter>
    </ClCompile>
    <ClCompile Include="Source\Engine\GraphicsCore\Shader.cpp">
      <Filter>소스 파일</Filter>
    </ClCompile>
    <ClCompile Include="Source\Engine\GraphicsCore\VertexShader.cpp">
      <Filter>소스 파일</Filter>
    </ClCompile>
    <ClCompile Include="Source\Engine\GraphicsCore\ComputeShader.cpp">
      <Filter>소스 파일</Filter>
    </ClCompile>
    <ClCompile Include="Source\Engine\GraphicsCore\GeometryShader.cpp">
      <Filter>소스 파일</Filter>
    </ClCompile>
    <ClCompile Include="Source\Engine\GraphicsCore\MeshShader.cpp">
      <Filter>소스 파일</Filter>
    </ClCompile>
    <ClCompile Include="Source\Engine\GraphicsCore\PixelShader.cpp">
      <Filter>소스 파일</Filter>
    </ClCompile>
    <ClCompile Include="Source\Editor\Tool\Model\EditorModelTool.cpp">
      <Filter>소스 파일</Filter>
    </ClCompile>
    <ClCompile Include="Source\Editor\DynamicCamera\EditorDynamicCamera.cpp">
      <Filter>소스 파일</Filter>
    </ClCompile>
    <ClCompile Include="Source\Engine\GameCore\Component\MissingComponent.cpp">
      <Filter>소스 파일</Filter>
    </ClCompile>
    <ClCompile Include="Source\Engine\CommandCore\UmCommand.cpp">
      <Filter>소스 파일</Filter>
    </ClCompile>
    <ClCompile Include="Source\Engine\CommandCore\CommandManager.cpp">
      <Filter>소스 파일</Filter>
    </ClCompile>
    <ClCompile Include="Source\Editor\Tool\Command\EditorCommandTool.cpp">
      <Filter>소스 파일</Filter>
    </ClCompile>
    <ClCompile Include="Source\Editor\Tool\Hierarchy\Command\FocusCommand.cpp">
      <Filter>소스 파일</Filter>
    </ClCompile>
    <ClCompile Include="Source\Editor\Tool\Hierarchy\Command\SetParentCommand.cpp">
      <Filter>소스 파일</Filter>
    </ClCompile>
    <ClCompile Include="Source\Editor\Tool\Hierarchy\Command\DetachChildrenCommand.cpp">
      <Filter>소스 파일</Filter>
    </ClCompile>
    <ClCompile Include="Source\Editor\Tool\Hierarchy\Command\PackPrefabCommand.cpp">
      <Filter>소스 파일</Filter>
    </ClCompile>
    <ClCompile Include="Source\Editor\Tool\Hierarchy\Command\NewGameObjectCommand.cpp">
      <Filter>소스 파일</Filter>
    </ClCompile>
    <ClCompile Include="Source\Editor\Tool\Hierarchy\Command\DropPrefabCommand.cpp">
      <Filter>소스 파일</Filter>
    </ClCompile>
    <ClCompile Include="Source\Engine\FileSystem\Type\FileInformation.cpp">
      <Filter>소스 파일</Filter>
    </ClCompile>
    <ClCompile Include="Source\Engine\FileSystem\Type\FileData.cpp">
      <Filter>소스 파일</Filter>
    </ClCompile>
    <ClCompile Include="Source\Engine\FileSystem\Type\FileSystemSetting.cpp">
      <Filter>소스 파일</Filter>
    </ClCompile>
    <ClCompile Include="Source\Engine\GraphicsCore\d3dUtil.cpp">
      <Filter>소스 파일</Filter>
    </ClCompile>
    <ClCompile Include="Source\Engine\GraphicsCore\RendererFileEvent.cpp">
      <Filter>소스 파일</Filter>
    </ClCompile>
    <ClCompile Include="Source\Engine\GraphicsCore\MeshRenderer.cpp">
      <Filter>소스 파일</Filter>
    </ClCompile>
    <ClCompile Include="Source\Engine\GraphicsCore\FBXConverter.cpp">
      <Filter>소스 파일</Filter>
    </ClCompile>
    <ClCompile Include="Source\Editor\Menu\Play\EditorPlayMenu.cpp">
      <Filter>소스 파일</Filter>
    </ClCompile>
    <ClCompile Include="Source\Engine\EditorCore\Gui\DockWindow\EditorDockWindow.cpp">
      <Filter>소스 파일</Filter>
    </ClCompile>
    <ClCompile Include="Source\Engine\GraphicsCore\PBRTechnique.cpp">
      <Filter>소스 파일</Filter>
    </ClCompile>
  </ItemGroup>
  <ItemGroup>
    <None Include="Source\Engine\Imgui\imgui_node_editor_internal.inl">
      <Filter>소스 파일\imgui</Filter>
    </None>
    <None Include="Source\Engine\Imgui\imgui_extra_math.inl">
      <Filter>소스 파일\imgui</Filter>
    </None>
    <None Include="Source\Engine\Imgui\imgui_bezier_math.inl">
      <Filter>소스 파일\imgui</Filter>
    </None>
    <None Include="..\Shaders\CommonData.hlsli">
      <Filter>GraphicsCore\HLSL</Filter>
    </None>
  </ItemGroup>
  <ItemGroup>
    <None Include="cpp.hint" />
    <None Include="Source\Engine\Imgui\imgui_bezier_math.inl" />
    <None Include="Source\Engine\Imgui\imgui_extra_math.inl" />
    <None Include="Source\Engine\Imgui\imgui_node_editor_internal.inl" />
  </ItemGroup>
</Project>