<?xml version="1.0" encoding="utf-8"?>
<Project ToolsVersion="4.0" xmlns="http://schemas.microsoft.com/developer/msbuild/2003">
  <ItemGroup>
    <Filter Include="소스 파일">
      <UniqueIdentifier>{4FC737F1-C7A5-4376-A066-2A32D752A2FF}</UniqueIdentifier>
      <Extensions>cpp;c;cc;cxx;c++;cppm;ixx;def;odl;idl;hpj;bat;asm;asmx</Extensions>
    </Filter>
    <Filter Include="헤더 파일">
      <UniqueIdentifier>{93995380-89BD-4b04-88EB-625FBE52EBFB}</UniqueIdentifier>
      <Extensions>h;hh;hpp;hxx;h++;hm;inl;inc;ipp;xsd</Extensions>
    </Filter>
    <Filter Include="리소스 파일">
      <UniqueIdentifier>{67DA6AB6-F800-4c08-8B7A-83BB121AAD01}</UniqueIdentifier>
      <Extensions>rc;ico;cur;bmp;dlg;rc2;rct;bin;rgs;gif;jpg;jpeg;jpe;resx;tiff;tif;png;wav;mfcribbon-ms</Extensions>
    </Filter>
  </ItemGroup>
  <ItemGroup>
    <ClInclude Include="UmScriptCore.h">
      <Filter>헤더 파일</Filter>
    </ClInclude>
    <ClInclude Include="Scripts\Test\Component\TestComponent.h">
      <Filter>헤더 파일</Filter>
    </ClInclude>
    <ClInclude Include="Scripts\Mesh\StaticMeshRenderer.h">
      <Filter>헤더 파일</Filter>
    </ClInclude>
    <ClInclude Include="Scripts\Mesh\MeshComponent.h">
      <Filter>헤더 파일</Filter>
    </ClInclude>
    <ClInclude Include="Scripts\GameCore\FSM\FSMState.h">
      <Filter>헤더 파일</Filter>
    </ClInclude>
    <ClInclude Include="Scripts\GameCore\FSM\FiniteStateMachine.h">
      <Filter>헤더 파일</Filter>
    </ClInclude>
    <ClInclude Include="Scripts\Light\Base\LightComponent.h">
      <Filter>헤더 파일</Filter>
    </ClInclude>
    <ClInclude Include="Scripts\Light\DirectionalLight.h">
      <Filter>헤더 파일</Filter>
    </ClInclude>
    <ClInclude Include="Scripts\Light\PointLight.h">
      <Filter>헤더 파일</Filter>
    </ClInclude>
    <ClInclude Include="Scripts\Light\SpotLight.h">
      <Filter>헤더 파일</Filter>
    </ClInclude>
    <ClInclude Include="Scripts\GameCore\FSM\FSMCondition.h">
      <Filter>헤더 파일</Filter>
    </ClInclude>
    <ClInclude Include="Scripts\GameCore\FSM\Factory\FSMStateFactory.h">
      <Filter>헤더 파일</Filter>
    </ClInclude>
    <ClInclude Include="Scripts\GameCore\FSM\Factory\FSMConditionFactory.h">
      <Filter>헤더 파일</Filter>
    </ClInclude>
    <ClInclude Include="Scripts\GameCore\FSM\IFSMEntity.h">
      <Filter>헤더 파일</Filter>
    </ClInclude>
    <ClInclude Include="UmScriptsExport.h">
      <Filter>헤더 파일</Filter>
    </ClInclude>
    <ClInclude Include="Scripts\TurnSystem\TurnMode\TurnMode.h">
      <Filter>헤더 파일</Filter>
    </ClInclude>
    <ClInclude Include="Scripts\TurnSystem\TurnActor\TurnActor.h">
      <Filter>헤더 파일</Filter>
    </ClInclude>
    <ClInclude Include="Scripts\TurnSystem\TurnMode\Condition\CheckTurnEndCondition.h">
      <Filter>헤더 파일</Filter>
    </ClInclude>
    <ClInclude Include="Scripts\TurnSystem\TurnMode\Condition\Base\TurnModeConditionBase.h">
      <Filter>헤더 파일</Filter>
    </ClInclude>
    <ClInclude Include="Scripts\TurnSystem\TurnMode\Condition\CheckRoundStartExit.h">
      <Filter>헤더 파일</Filter>
    </ClInclude>
    <ClInclude Include="Scripts\GameCore\FSM\AlwaysTransitionCondition.h">
      <Filter>헤더 파일</Filter>
    </ClInclude>
    <ClInclude Include="Scripts\TurnSystem\TurnMode\Condition\EnemyActionCondition.h">
      <Filter>헤더 파일</Filter>
    </ClInclude>
    <ClInclude Include="Scripts\TurnSystem\TurnMode\Condition\PlayerActionCondition.h">
      <Filter>헤더 파일</Filter>
    </ClInclude>
    <ClInclude Include="Scripts\TurnSystem\TurnMode\Condition\RoundStartCondition.h">
      <Filter>헤더 파일</Filter>
    </ClInclude>
    <ClInclude Include="Scripts\TurnSystem\TurnMode\State\Base\TurnModeStateBase.h">
      <Filter>헤더 파일</Filter>
    </ClInclude>
    <ClInclude Include="Scripts\TurnSystem\TurnMode\State\CheckPlayerState.h">
      <Filter>헤더 파일</Filter>
    </ClInclude>
    <ClInclude Include="Scripts\TurnSystem\TurnMode\State\CombatStartPhase.h">
      <Filter>헤더 파일</Filter>
    </ClInclude>
    <ClInclude Include="Scripts\TurnSystem\TurnMode\State\EnemyActionPhase.h">
      <Filter>헤더 파일</Filter>
    </ClInclude>
    <ClInclude Include="Scripts\TurnSystem\TurnMode\State\PlayerActionPhase.h">
      <Filter>헤더 파일</Filter>
    </ClInclude>
    <ClInclude Include="Scripts\TurnSystem\TurnMode\State\RoundStartPhase.h">
      <Filter>헤더 파일</Filter>
    </ClInclude>
    <ClInclude Include="Scripts\TurnSystem\TurnActor\Character\CharacterBase.h">
      <Filter>헤더 파일</Filter>
    </ClInclude>
    <ClInclude Include="Scripts\TurnSystem\TurnActor\Character\Player\Player.h">
      <Filter>헤더 파일</Filter>
    </ClInclude>
    <ClInclude Include="Scripts\TurnSystem\TurnActor\Character\Enemy\Enemy.h">
      <Filter>헤더 파일</Filter>
    </ClInclude>
    <ClInclude Include="Scripts\TurnSystem\TurnMode\State\TurnListEmptyState.h">
      <Filter>헤더 파일</Filter>
    </ClInclude>
    <ClInclude Include="Scripts\TurnSystem\TurnMode\Condition\CheckTurnEmpty.h">
      <Filter>헤더 파일</Filter>
    </ClInclude>
    <ClInclude Include="Scripts\TurnSystem\TurnMode\Condition\CheckTurnNotEmpty.h">
      <Filter>헤더 파일</Filter>
    </ClInclude>
    <ClInclude Include="Scripts\TurnSystem\TurnMode\State\RoundEndPhase.h">
      <Filter>헤더 파일</Filter>
    </ClInclude>
    <ClInclude Include="Scripts\TurnSystem\TurnMode\Condition\CheckRoundEndExit.h">
      <Filter>헤더 파일</Filter>
    </ClInclude>
    <ClInclude Include="Scripts\Stats\TurnActorStatsComponent.h">
      <Filter>헤더 파일</Filter>
    </ClInclude>
    <ClInclude Include="Scripts\Stats\Enemy\EnemyStats.h">
      <Filter>헤더 파일</Filter>
    </ClInclude>
    <ClInclude Include="pchScripts.h">
      <Filter>헤더 파일</Filter>
    </ClInclude>
    <ClInclude Include="Scripts\Stats\Player\PlayerStats.h">
      <Filter>헤더 파일</Filter>
    </ClInclude>
    <ClInclude Include="Scripts\Camera\CameraComponent.h">
      <Filter>헤더 파일</Filter>
    </ClInclude>
    <ClInclude Include="Scripts\Stats\CharacterStats.h">
      <Filter>헤더 파일</Filter>
    </ClInclude>
    <ClInclude Include="Scripts\Stats\Player\PlayerStatsComponent.h">
      <Filter>헤더 파일</Filter>
    </ClInclude>
    <ClInclude Include="Scripts\Stats\Enemy\EnemyStatsComponent.h">
      <Filter>헤더 파일</Filter>
    </ClInclude>
    <ClInclude Include="Scripts\TurnSystem\TurnActor\Character\Player\State\Base\PlayerStateBase.h">
      <Filter>헤더 파일</Filter>
    </ClInclude>
    <ClInclude Include="Scripts\TurnSystem\TurnActor\Character\Player\State\PlayerWaitTurnState.h">
      <Filter>헤더 파일</Filter>
    </ClInclude>
    <ClInclude Include="Scripts\TurnSystem\TurnActor\Character\Player\Condition\PlayerStartCondition.h">
      <Filter>헤더 파일</Filter>
    </ClInclude>
    <ClInclude Include="Scripts\TurnSystem\TurnActor\Character\Player\Condition\Base\PlayerConditionBase.h">
      <Filter>헤더 파일</Filter>
    </ClInclude>
    <ClInclude Include="Scripts\TurnSystem\TurnActor\Character\Player\State\PlayerPlayTurnState.h">
      <Filter>헤더 파일</Filter>
    </ClInclude>
    <ClInclude Include="Scripts\TurnSystem\TurnActor\Character\Player\Condition\PlayerExitCondition.h">
      <Filter>헤더 파일</Filter>
    </ClInclude>
    <ClInclude Include="Scripts\TurnSystem\TurnActor\Character\Enemy\Condition\Base\EnemyConditionBase.h">
      <Filter>헤더 파일</Filter>
    </ClInclude>
    <ClInclude Include="Scripts\TurnSystem\TurnActor\Character\Enemy\State\Base\EnemyStateBase.h">
      <Filter>헤더 파일</Filter>
    </ClInclude>
    <ClInclude Include="Scripts\TurnSystem\TurnActor\Character\Player\Condition\PlayerDeadCondition.h">
      <Filter>헤더 파일</Filter>
    </ClInclude>
    <ClInclude Include="Scripts\TurnSystem\TurnActor\Character\Player\State\PlayerDeadState.h">
      <Filter>헤더 파일</Filter>
    </ClInclude>
    <ClInclude Include="Scripts\TurnSystem\TurnActor\Character\Enemy\State\EnemyWaitTurnState.h">
      <Filter>헤더 파일</Filter>
    </ClInclude>
    <ClInclude Include="Scripts\TurnSystem\TurnActor\Character\Enemy\Condition\EnemyStartCondition.h">
      <Filter>헤더 파일</Filter>
    </ClInclude>
    <ClInclude Include="Scripts\TurnSystem\TurnActor\Character\Enemy\State\EnemyPlayTurnState.h">
      <Filter>헤더 파일</Filter>
    </ClInclude>
    <ClInclude Include="Scripts\TurnSystem\TurnActor\Character\Enemy\Condition\EnemyEndCondition.h">
      <Filter>헤더 파일</Filter>
    </ClInclude>
    <ClInclude Include="Scripts\TurnSystem\TurnActor\Character\Enemy\State\EnemyDeadState.h">
      <Filter>헤더 파일</Filter>
    </ClInclude>
    <ClInclude Include="Scripts\TurnSystem\TurnActor\Character\Enemy\Condition\EnemyDeadCondition.h">
      <Filter>헤더 파일</Filter>
    </ClInclude>
    <ClInclude Include="Scripts\Mesh\SkeletalMeshRenderer.h">
      <Filter>헤더 파일</Filter>
    </ClInclude>
    <ClInclude Include="Scripts\Test\Input\InputTestComponent.h">
      <Filter>헤더 파일</Filter>
    </ClInclude>
    <ClInclude Include="Scripts\Timeline\AnimationEventListener.h">
      <Filter>헤더 파일</Filter>
    </ClInclude>
    <ClInclude Include="Scripts\Stats\Weapon\WeaponStats.h">
      <Filter>헤더 파일</Filter>
    </ClInclude>
    <ClInclude Include="Scripts\Stats\TurnActorStats.h">
      <Filter>헤더 파일</Filter>
    </ClInclude>
    <ClInclude Include="Scripts\Test\DevTools\FPSCounter.h">
      <Filter>헤더 파일</Filter>
    </ClInclude>
    <ClInclude Include="Scripts\TurnSystem\TurnActor\Character\Enemy\Enum\EnemyEnum.h">
      <Filter>헤더 파일</Filter>
    </ClInclude>
    <ClInclude Include="Scripts\Test\DevTools\FPSCounter.h">
      <Filter>헤더 파일</Filter>
    </ClInclude>
    <ClInclude Include="Scripts\TurnSystem\TurnActor\Character\Enemy\AI\EnemyAI.h">
      <Filter>헤더 파일</Filter>
    </ClInclude>
    <ClInclude Include="Scripts\DamageSystem\DamageSystem.h">
      <Filter>헤더 파일</Filter>
    </ClInclude>
    <ClInclude Include="Scripts\TurnSystem\TurnMode\Condition\GameClearCondition.h">
      <Filter>헤더 파일</Filter>
    </ClInclude>
    <ClInclude Include="Scripts\TurnSystem\TurnMode\Condition\GameOverCondition.h">
      <Filter>헤더 파일</Filter>
    </ClInclude>
    <ClInclude Include="Scripts\TurnSystem\TurnMode\State\GameClearState.h">
      <Filter>헤더 파일</Filter>
    </ClInclude>
    <ClInclude Include="Scripts\TurnSystem\TurnMode\State\GameOverState.h">
      <Filter>헤더 파일</Filter>
    </ClInclude>
    <ClInclude Include="Scripts\Token\Object\Bleed\BleedToken.h">
      <Filter>헤더 파일</Filter>
    </ClInclude>
    <ClInclude Include="Scripts\Token\Interface\IToken.h">
      <Filter>헤더 파일</Filter>
    </ClInclude>
    <ClInclude Include="Scripts\Token\Token.h">
      <Filter>헤더 파일</Filter>
    </ClInclude>
    <ClInclude Include="Scripts\WeaponSystem\WeaponSystem.h">
      <Filter>헤더 파일</Filter>
    </ClInclude>
    <ClInclude Include="Scripts\Interface\ITriggerType.h">
      <Filter>헤더 파일</Filter>
    </ClInclude>
    <ClInclude Include="Scripts\UI\Base\PanelSlotComponent\PanelSlotComponent.h">
      <Filter>헤더 파일</Filter>
    </ClInclude>
    <ClInclude Include="Scripts\UI\Base\UIComponent\UIComponent.h">
      <Filter>헤더 파일</Filter>
    </ClInclude>
    <ClInclude Include="Scripts\UI\Elements\Dummy\DummyElement.h">
      <Filter>헤더 파일</Filter>
    </ClInclude>
    <ClInclude Include="Scripts\UI\Elements\Image\ImageElement.h">
      <Filter>헤더 파일</Filter>
    </ClInclude>
    <ClInclude Include="Scripts\UI\Elements\Text\TextElement.h">
      <Filter>헤더 파일</Filter>
    </ClInclude>
    <ClInclude Include="Scripts\UI\Panels\Grid\GridPanel.h">
      <Filter>헤더 파일</Filter>
    </ClInclude>
    <ClInclude Include="Scripts\UI\UIRoot\UIRoot.h">
      <Filter>헤더 파일</Filter>
    </ClInclude>
    <ClInclude Include="Scripts\UI\Base\PlacementUIComponent\PlacementUIComponent.h">
      <Filter>헤더 파일</Filter>
    </ClInclude>
    <ClInclude Include="Scripts\UI\Base\EditablePlacementUIComponent\EditablePlacementUIComponent.h">
      <Filter>헤더 파일</Filter>
    </ClInclude>
    <ClInclude Include="Scripts\Token\Object\Poison\PoisonToken.h">
      <Filter>헤더 파일</Filter>
    </ClInclude>
    <ClInclude Include="Scripts\Token\TokenSystem.h">
      <Filter>헤더 파일</Filter>
    </ClInclude>
    <ClInclude Include="Scripts\RevelationSystem\RevelationElement\RevelationElement.h">
      <Filter>헤더 파일</Filter>
    </ClInclude>
    <ClInclude Include="Scripts\RevelationSystem\RevelationSystem.h">
      <Filter>헤더 파일</Filter>
    </ClInclude>
    <ClInclude Include="Scripts\TurnSystem\TurnAction\TurnAction.h">
      <Filter>헤더 파일</Filter>
    </ClInclude>
    <ClInclude Include="Scripts\TurnSystem\TurnAction\TurnActionFactory.h">
      <Filter>헤더 파일</Filter>
    </ClInclude>
    <ClInclude Include="Scripts\WeaponSystem\WeaponTable\WeaponTableComponent.h">
      <Filter>헤더 파일</Filter>
    </ClInclude>
    <ClInclude Include="Scripts\Token\TokenInventory.h">
      <Filter>헤더 파일</Filter>
    </ClInclude>
    <ClInclude Include="Scripts\Test\TurnAction\TestActionComponent.h">
      <Filter>헤더 파일</Filter>
    </ClInclude>
    <ClInclude Include="Scripts\TurnSystem\TurnAction\AdditionalDamage\AdditionalDamageAction.h">
      <Filter>헤더 파일</Filter>
    </ClInclude>
    <ClInclude Include="Scripts\TurnSystem\TurnAction\Token\TokenApplyAction.h">
      <Filter>헤더 파일</Filter>
    </ClInclude>
    <ClInclude Include="Scripts\Token\Enums\TokenEnums.h">
      <Filter>헤더 파일</Filter>
    </ClInclude>
    <ClInclude Include="Scripts\TurnSystem\TurnAction\Condition\TokenCondition\TokenCondition.h">
      <Filter>헤더 파일</Filter>
    </ClInclude>
    <ClInclude Include="Scripts\TurnSystem\TurnAction\Condition\TurnActionCondition.h">
      <Filter>헤더 파일</Filter>
    </ClInclude>
    <ClInclude Include="Scripts\Particle\ParticleComponent.h">
      <Filter>헤더 파일</Filter>
    </ClInclude>
    <ClInclude Include="Scripts\TurnSystem\TurnAction\Condition\ChainCondition\ChainCondition.h">
      <Filter>헤더 파일</Filter>
    </ClInclude>
    <ClInclude Include="Scripts\TurnSystem\TurnAction\Condition\RoundOnceCondition\RoundOnceCondition.h">
      <Filter>헤더 파일</Filter>
    </ClInclude>
    <ClInclude Include="Scripts\Animation\Structs\AnimationData.h">
      <Filter>헤더 파일</Filter>
    </ClInclude>
    <ClInclude Include="Scripts\RevelationSystem\RevelationAction\Base\RevelationActionBase.h">
      <Filter>헤더 파일</Filter>
    </ClInclude>
    <ClInclude Include="Scripts\RevelationSystem\RevelationAction\Critical\CriticalDamageAction.h">
      <Filter>헤더 파일</Filter>
    </ClInclude>
    <ClInclude Include="Scripts\RevelationSystem\RevelationAction\Token\TokenApplyAction.h">
      <Filter>헤더 파일</Filter>
    </ClInclude>
    <ClInclude Include="Scripts\Animation\AnimationComponent.h">
      <Filter>헤더 파일</Filter>
    </ClInclude>
    <ClInclude Include="Scripts\Test\Model\ModelTest.h">
      <Filter>헤더 파일</Filter>
    </ClInclude>
    <ClInclude Include="Scripts\UI\Panels\Anchor\AnchorPanel.h">
      <Filter>헤더 파일</Filter>
    </ClInclude>
    <ClInclude Include="Scripts\Token\Object\Stun\StunToken.h">
      <Filter>헤더 파일</Filter>
    </ClInclude>
    <ClInclude Include="Scripts\Audio\AudioComponent.h">
      <Filter>헤더 파일</Filter>
    </ClInclude>
    <ClInclude Include="Scripts\BattleSystem\Battle.h">
      <Filter>헤더 파일</Filter>
    </ClInclude>
    <ClInclude Include="Scripts\TurnSystem\TurnAction\MultiTargetDamage\MultiTargetDamageAction.h">
      <Filter>헤더 파일</Filter>
    </ClInclude>
    <ClInclude Include="Scripts\EnemyAction\Factory\EnemyActionFactory.h">
      <Filter>헤더 파일</Filter>
    </ClInclude>
    <ClInclude Include="Scripts\EnemyAction\ActionData\EnemyActionData.h">
      <Filter>헤더 파일</Filter>
    </ClInclude>
    <ClInclude Include="Scripts\Animation\Structs\AnimationStructs.h">
      <Filter>헤더 파일</Filter>
    </ClInclude>
    <ClInclude Include="Scripts\EnemyAction\System\EnemyActionSystem.h">
      <Filter>헤더 파일</Filter>
    </ClInclude>
    <ClInclude Include="Scripts\TurnSystem\TurnAction\Condition\HealthRangeCondition\HealthRangeCondition.h">
      <Filter>헤더 파일</Filter>
    </ClInclude>
    <ClInclude Include="Scripts\TurnSystem\TurnAction\Recovery\RecoveryAction.h">
      <Filter>헤더 파일</Filter>
    </ClInclude>
    <ClInclude Include="Scripts\TurnSystem\TurnAction\WeaponStas\WeaponDamageAction.h">
      <Filter>헤더 파일</Filter>
    </ClInclude>
    </ClInclude>
    <ClInclude Include="Scripts\UI\Panels\Horizontal\HorizontalPanel.h">
      <Filter>헤더 파일</Filter>
    </ClInclude>
    <ClInclude Include="Scripts\UI\Wrappers\Center\CenterWrapper.h">
      <Filter>헤더 파일</Filter>
    </ClInclude>
    <ClInclude Include="Scripts\UI\Wrappers\Padding\PaddingWrapper.h">
      <Filter>헤더 파일</Filter>
    </ClInclude>
    <ClInclude Include="Scripts\WeaponSystem\WeaponElement\WeaponElement.h">
      <Filter>헤더 파일</Filter>
    </ClInclude>
    <ClInclude Include="Scripts\Test\DevTools\LogOutput.h">
      <Filter>헤더 파일</Filter>
    </ClInclude>
    <ClInclude Include="Scripts\EnemyAction\ActionData\EnemyActionData.h">
      <Filter>헤더 파일</Filter>
    </ClInclude>
    <ClInclude Include="Scripts\EnemyAction\Factory\EnemyActionFactory.h">
      <Filter>헤더 파일</Filter>
    </ClInclude>
    <ClInclude Include="Scripts\EnemyAction\System\EnemyActionSystem.h">
      <Filter>헤더 파일</Filter>
    </ClInclude>
    <ClInclude Include="Scripts\EnemyAction\EnemyActionBase.h">
      <Filter>헤더 파일</Filter>
    </ClInclude>
    <ClInclude Include="Scripts\EnemyAction\Action\22000_22009\EnemyAction22000.h">
      <Filter>헤더 파일</Filter>
    </ClInclude>
    <ClInclude Include="Scripts\EnemyAction\Action\22000_22009\EnemyAction22001.h">
      <Filter>헤더 파일</Filter>
    </ClInclude>
    <ClInclude Include="Scripts\EnemyAction\Action\22000_22009\EnemyAction22002.h">
      <Filter>헤더 파일</Filter>
    </ClInclude>
    <ClInclude Include="Scripts\EnemyAction\Action\22000_22009\EnemyAction22003.h">
      <Filter>헤더 파일</Filter>
    </ClInclude>
    <ClInclude Include="Scripts\EnemyAction\Action\22000_22009\EnemyAction22004.h">
      <Filter>헤더 파일</Filter>
    </ClInclude>
    <ClInclude Include="Scripts\EnemyAction\Action\22010_22019\EnemyAction22010.h">
      <Filter>헤더 파일</Filter>
    </ClInclude>
    <ClInclude Include="Scripts\EnemyAction\Action\22010_22019\EnemyAction22011.h">
      <Filter>헤더 파일</Filter>
    </ClInclude>
    <ClInclude Include="Scripts\EnemyAction\Action\22010_22019\EnemyAction22012.h">
      <Filter>헤더 파일</Filter>
    </ClInclude>
    <ClInclude Include="Scripts\EnemyAction\Action\22010_22019\EnemyAction22013.h">
      <Filter>헤더 파일</Filter>
    </ClInclude>
    <ClInclude Include="Scripts\EnemyAction\Action\22010_22019\EnemyAction22014.h">
      <Filter>헤더 파일</Filter>
    </ClInclude>
    <ClInclude Include="Scripts\Animation\Structs\AnimationStructs.h">
      <Filter>헤더 파일</Filter>
    </ClInclude>
    <ClInclude Include="Scripts\TurnSystem\TurnAction\Condition\HealthRangeCondition\HealthRangeCondition.h">
      <Filter>헤더 파일</Filter>
    </ClInclude>
    <ClInclude Include="Scripts\TurnSystem\TurnAction\Recovery\RecoveryAction.h">
      <Filter>헤더 파일</Filter>
    </ClInclude>
    <ClInclude Include="Scripts\TurnSystem\TurnAction\WeaponStas\WeaponDamageAction.h">
      <Filter>헤더 파일</Filter>
    </ClInclude>
    <ClInclude Include="Scripts\UI\Panels\Horizontal\HorizontalPanel.h">
      <Filter>헤더 파일</Filter>
    </ClInclude>
    <ClInclude Include="Scripts\UI\Wrappers\Center\CenterWrapper.h">
      <Filter>헤더 파일</Filter>
    </ClInclude>
    <ClInclude Include="Scripts\UI\Wrappers\Padding\PaddingWrapper.h">
      <Filter>헤더 파일</Filter>
    </ClInclude>
    <ClInclude Include="Scripts\WeaponSystem\WeaponElement\WeaponElement.h">
      <Filter>헤더 파일</Filter>
    </ClInclude>
    <ClInclude Include="Scripts\Test\DevTools\LogOutput.h">
      <Filter>헤더 파일</Filter>
    </ClInclude>
    <ClInclude Include="Scripts\Animation\Structs\AnimationStructs.h">
      <Filter>헤더 파일</Filter>
    </ClInclude>
    <ClInclude Include="Scripts\TurnSystem\TurnAction\Recovery\RecoveryAction.h">
      <Filter>헤더 파일</Filter>
    </ClInclude>
    <ClInclude Include="Scripts\UI\Wrappers\Center\CenterWrapper.h">
      <Filter>헤더 파일</Filter>
    </ClInclude>
    <ClInclude Include="Scripts\UI\Wrappers\Padding\PaddingWrapper.h">
      <Filter>헤더 파일</Filter>
    </ClInclude>
    <ClInclude Include="Scripts\WeaponSystem\WeaponElement\WeaponElement.h">
      <Filter>헤더 파일</Filter>
    </ClInclude>
    <ClInclude Include="Scripts\EnemyAction\EnemyActionSystem.h">
      <Filter>헤더 파일</Filter>
    </ClInclude>
    <ClInclude Include="Scripts\Timeline\Timeline.h">
      <Filter>헤더 파일</Filter>
    </ClInclude>
    <ClInclude Include="Scripts\Timeline\EventContext\TimelineEventContext.h">
      <Filter>헤더 파일</Filter>
    </ClInclude>
    <ClInclude Include="Scripts\Timeline\Editor\TimelineSequencerEditor.h">
      <Filter>헤더 파일</Filter>
    </ClInclude>
  </ItemGroup>
  <ItemGroup>
    <ClCompile Include="dllmain.cpp">
      <Filter>소스 파일</Filter>
    </ClCompile>
    <ClCompile Include="UmScriptCore.cpp">
      <Filter>소스 파일</Filter>
    </ClCompile>
    <ClCompile Include="Scripts\Test\Component\TestComponent.cpp">
      <Filter>소스 파일</Filter>
    </ClCompile>
    <ClCompile Include="Scripts\Mesh\StaticMeshRenderer.cpp">
      <Filter>소스 파일</Filter>
    </ClCompile>
    <ClCompile Include="Scripts\Mesh\MeshComponent.cpp">
      <Filter>소스 파일</Filter>
    </ClCompile>
    <ClCompile Include="Scripts\GameCore\FSM\FiniteStateMachine.cpp">
      <Filter>소스 파일</Filter>
    </ClCompile>
    <ClCompile Include="Scripts\Light\Base\LightComponent.cpp">
      <Filter>소스 파일</Filter>
    </ClCompile>
    <ClCompile Include="Scripts\Light\DirectionalLight.cpp">
      <Filter>소스 파일</Filter>
    </ClCompile>
    <ClCompile Include="Scripts\Light\PointLight.cpp">
      <Filter>소스 파일</Filter>
    </ClCompile>
    <ClCompile Include="Scripts\Light\SpotLight.cpp">
      <Filter>소스 파일</Filter>
    </ClCompile>
    <ClCompile Include="UmScriptsExport.cpp">
      <Filter>소스 파일</Filter>
    </ClCompile>
    <ClCompile Include="Scripts\TurnSystem\TurnMode\TurnMode.cpp">
      <Filter>소스 파일</Filter>
    </ClCompile>
    <ClCompile Include="Scripts\TurnSystem\TurnActor\TurnActor.cpp">
      <Filter>소스 파일</Filter>
    </ClCompile>
    <ClCompile Include="Scripts\GameCore\FSM\AlwaysTransitionCondition.cpp">
      <Filter>소스 파일</Filter>
    </ClCompile>
    <ClCompile Include="Scripts\TurnSystem\TurnMode\Condition\Base\TurnModeConditionBase.cpp">
      <Filter>소스 파일</Filter>
    </ClCompile>
    <ClCompile Include="Scripts\TurnSystem\TurnMode\Condition\CheckRoundStartExit.cpp">
      <Filter>소스 파일</Filter>
    </ClCompile>
    <ClCompile Include="Scripts\TurnSystem\TurnMode\Condition\EnemyActionCondition.cpp">
      <Filter>소스 파일</Filter>
    </ClCompile>
    <ClCompile Include="Scripts\TurnSystem\TurnMode\Condition\PlayerActionCondition.cpp">
      <Filter>소스 파일</Filter>
    </ClCompile>
    <ClCompile Include="Scripts\TurnSystem\TurnMode\Condition\RoundStartCondition.cpp">
      <Filter>소스 파일</Filter>
    </ClCompile>
    <ClCompile Include="Scripts\TurnSystem\TurnMode\State\Base\TurnModeStateBase.cpp">
      <Filter>소스 파일</Filter>
    </ClCompile>
    <ClCompile Include="Scripts\TurnSystem\TurnMode\State\CheckPlayerState.cpp">
      <Filter>소스 파일</Filter>
    </ClCompile>
    <ClCompile Include="Scripts\TurnSystem\TurnMode\State\CombatStartPhase.cpp">
      <Filter>소스 파일</Filter>
    </ClCompile>
    <ClCompile Include="Scripts\TurnSystem\TurnMode\State\EnemyActionPhase.cpp">
      <Filter>소스 파일</Filter>
    </ClCompile>
    <ClCompile Include="Scripts\TurnSystem\TurnMode\State\PlayerActionPhase.cpp">
      <Filter>소스 파일</Filter>
    </ClCompile>
    <ClCompile Include="Scripts\TurnSystem\TurnMode\State\RoundStartPhase.cpp">
      <Filter>소스 파일</Filter>
    </ClCompile>
    <ClCompile Include="Scripts\TurnSystem\TurnActor\Character\CharacterBase.cpp">
      <Filter>소스 파일</Filter>
    </ClCompile>
    <ClCompile Include="Scripts\TurnSystem\TurnActor\Character\Player\Player.cpp">
      <Filter>소스 파일</Filter>
    </ClCompile>
    <ClCompile Include="Scripts\TurnSystem\TurnActor\Character\Enemy\Enemy.cpp">
      <Filter>소스 파일</Filter>
    </ClCompile>
    <ClCompile Include="Scripts\TurnSystem\TurnMode\Condition\CheckTurnEndCondition.cpp">
      <Filter>소스 파일</Filter>
    </ClCompile>
    <ClCompile Include="Scripts\TurnSystem\TurnMode\State\TurnListEmptyState.cpp">
      <Filter>소스 파일</Filter>
    </ClCompile>
    <ClCompile Include="Scripts\TurnSystem\TurnMode\Condition\CheckTurnEmpty.cpp">
      <Filter>소스 파일</Filter>
    </ClCompile>
    <ClCompile Include="Scripts\TurnSystem\TurnMode\Condition\CheckTurnNotEmpty.cpp">
      <Filter>소스 파일</Filter>
    </ClCompile>
    <ClCompile Include="Scripts\TurnSystem\TurnMode\State\RoundEndPhase.cpp">
      <Filter>소스 파일</Filter>
    </ClCompile>
    <ClCompile Include="Scripts\TurnSystem\TurnMode\Condition\CheckRoundEndExit.cpp">
      <Filter>소스 파일</Filter>
    </ClCompile>
    <ClCompile Include="pchScripts.cpp">
      <Filter>소스 파일</Filter>
    </ClCompile>
    <ClCompile Include="Scripts\Camera\CameraComponent.cpp">
      <Filter>소스 파일</Filter>
    </ClCompile>
    <ClCompile Include="Scripts\Stats\TurnActorStatsComponent.cpp">
      <Filter>소스 파일</Filter>
    </ClCompile>
    <ClCompile Include="Scripts\Stats\Player\PlayerStatsComponent.cpp">
      <Filter>소스 파일</Filter>
    </ClCompile>
    <ClCompile Include="Scripts\Stats\Enemy\EnemyStatsComponent.cpp">
      <Filter>소스 파일</Filter>
    </ClCompile>
    <ClCompile Include="Scripts\TurnSystem\TurnActor\Character\Player\State\Base\PlayerStateBase.cpp">
      <Filter>소스 파일</Filter>
    </ClCompile>
    <ClCompile Include="Scripts\TurnSystem\TurnActor\Character\Player\State\PlayerWaitTurnState.cpp">
      <Filter>소스 파일</Filter>
    </ClCompile>
    <ClCompile Include="Scripts\TurnSystem\TurnActor\Character\Player\Condition\Base\PlayerConditionBase.cpp">
      <Filter>소스 파일</Filter>
    </ClCompile>
    <ClCompile Include="Scripts\TurnSystem\TurnActor\Character\Player\Condition\PlayerStartCondition.cpp">
      <Filter>소스 파일</Filter>
    </ClCompile>
    <ClCompile Include="Scripts\TurnSystem\TurnActor\Character\Player\State\PlayerPlayTurnState.cpp">
      <Filter>소스 파일</Filter>
    </ClCompile>
    <ClCompile Include="Scripts\TurnSystem\TurnActor\Character\Player\Condition\PlayerExitCondition.cpp">
      <Filter>소스 파일</Filter>
    </ClCompile>
    <ClCompile Include="Scripts\TurnSystem\TurnActor\Character\Enemy\Condition\Base\EnemyConditionBase.cpp">
      <Filter>소스 파일</Filter>
    </ClCompile>
    <ClCompile Include="Scripts\TurnSystem\TurnActor\Character\Enemy\State\Base\EnemyStateBase.cpp">
      <Filter>소스 파일</Filter>
    </ClCompile>
    <ClCompile Include="Scripts\TurnSystem\TurnActor\Character\Player\Condition\PlayerDeadCondition.cpp">
      <Filter>소스 파일</Filter>
    </ClCompile>
    <ClCompile Include="Scripts\TurnSystem\TurnActor\Character\Player\State\PlayerDeadState.cpp">
      <Filter>소스 파일</Filter>
    </ClCompile>
    <ClCompile Include="Scripts\TurnSystem\TurnActor\Character\Enemy\State\EnemyWaitTurnState.cpp">
      <Filter>소스 파일</Filter>
    </ClCompile>
    <ClCompile Include="Scripts\TurnSystem\TurnActor\Character\Enemy\Condition\EnemyStartCondition.cpp">
      <Filter>소스 파일</Filter>
    </ClCompile>
    <ClCompile Include="Scripts\TurnSystem\TurnActor\Character\Enemy\State\EnemyPlayTurnState.cpp">
      <Filter>소스 파일</Filter>
    </ClCompile>
    <ClCompile Include="Scripts\TurnSystem\TurnActor\Character\Enemy\Condition\EnemyEndCondition.cpp">
      <Filter>소스 파일</Filter>
    </ClCompile>
    <ClCompile Include="Scripts\TurnSystem\TurnActor\Character\Enemy\State\EnemyDeadState.cpp">
      <Filter>소스 파일</Filter>
    </ClCompile>
    <ClCompile Include="Scripts\TurnSystem\TurnActor\Character\Enemy\Condition\EnemyDeadCondition.cpp">
      <Filter>소스 파일</Filter>
    </ClCompile>
    <ClCompile Include="Scripts\Mesh\SkeletalMeshRenderer.cpp">
      <Filter>소스 파일</Filter>
    </ClCompile>
    <ClCompile Include="Scripts\Test\Input\InputTestComponent.cpp">
      <Filter>소스 파일</Filter>
    </ClCompile>
    <ClCompile Include="Scripts\Timeline\AnimationEventListener.cpp">
      <Filter>소스 파일</Filter>
    </ClCompile>
    <ClCompile Include="Scripts\Test\DevTools\FPSCounter.cpp">
      <Filter>소스 파일</Filter>
    </ClCompile>
    <ClCompile Include="Scripts\Stats\Weapon\WeaponStats.cpp">
      <Filter>소스 파일</Filter>
    </ClCompile>
    <ClCompile Include="Scripts\Test\DevTools\FPSCounter.cpp">
      <Filter>소스 파일</Filter>
    </ClCompile>
    <ClCompile Include="Scripts\TurnSystem\TurnActor\Character\Enemy\AI\EnemyAI.cpp">
      <Filter>소스 파일</Filter>
    </ClCompile>
    <ClCompile Include="Scripts\TurnSystem\TurnMode\Condition\GameClearCondition.cpp">
      <Filter>소스 파일</Filter>
    </ClCompile>
    <ClCompile Include="Scripts\TurnSystem\TurnMode\Condition\GameOverCondition.cpp">
      <Filter>소스 파일</Filter>
    </ClCompile>
    <ClCompile Include="Scripts\TurnSystem\TurnMode\State\GameClearState.cpp">
      <Filter>소스 파일</Filter>
    </ClCompile>
    <ClCompile Include="Scripts\TurnSystem\TurnMode\State\GameOverState.cpp">
      <Filter>소스 파일</Filter>
    </ClCompile>
    <ClCompile Include="Scripts\Token\Object\Bleed\BleedToken.cpp">
      <Filter>소스 파일</Filter>
    </ClCompile>
    <ClCompile Include="Scripts\Token\Interface\IToken.cpp">
      <Filter>소스 파일</Filter>
    </ClCompile>
    <ClCompile Include="Scripts\Token\Token.cpp">
      <Filter>소스 파일</Filter>
    </ClCompile>
    <ClCompile Include="Scripts\WeaponSystem\WeaponSystem.cpp">
      <Filter>소스 파일</Filter>
    </ClCompile>
    <ClCompile Include="Scripts\UI\Base\PanelSlotComponent\PanelSlotComponent.cpp">
      <Filter>소스 파일</Filter>
    </ClCompile>
    <ClCompile Include="Scripts\UI\Base\UIComponent\UIComponent.cpp">
      <Filter>소스 파일</Filter>
    </ClCompile>
    <ClCompile Include="Scripts\UI\Elements\Dummy\DummyElement.cpp">
      <Filter>소스 파일</Filter>
    </ClCompile>
    <ClCompile Include="Scripts\UI\Elements\Image\ImageElement.cpp">
      <Filter>소스 파일</Filter>
    </ClCompile>
    <ClCompile Include="Scripts\UI\Elements\Text\TextElement.cpp">
      <Filter>소스 파일</Filter>
    </ClCompile>
    <ClCompile Include="Scripts\UI\Panels\Grid\GridPanel.cpp">
      <Filter>소스 파일</Filter>
    </ClCompile>
    <ClCompile Include="Scripts\UI\UIRoot\UIRoot.cpp">
      <Filter>소스 파일</Filter>
    </ClCompile>
    <ClCompile Include="Scripts\UI\Base\PlacementUIComponent\PlacementUIComponent.cpp">
      <Filter>소스 파일</Filter>
    </ClCompile>
    <ClCompile Include="Scripts\UI\Base\EditablePlacementUIComponent\EditablePlacementUIComponent.cpp">
      <Filter>소스 파일</Filter>
    </ClCompile>
    <ClCompile Include="Scripts\Token\TokenSystem.cpp">
      <Filter>소스 파일</Filter>
    </ClCompile>
    <ClCompile Include="Scripts\Token\Object\Stun\StunToken.cpp">
      <Filter>소스 파일</Filter>
    </ClCompile>
    <ClCompile Include="Scripts\RevelationSystem\RevelationElement\RevelationElement.cpp">
      <Filter>소스 파일</Filter>
    </ClCompile>
    <ClCompile Include="Scripts\RevelationSystem\RevelationSystem.cpp">
      <Filter>소스 파일</Filter>
    </ClCompile>
    <ClCompile Include="Scripts\WeaponSystem\WeaponTable\WeaponTableComponent.cpp">
      <Filter>소스 파일</Filter>
    </ClCompile>
    <ClCompile Include="Scripts\Token\TokenInventory.cpp">
      <Filter>소스 파일</Filter>
    </ClCompile>
    <ClCompile Include="Scripts\Test\TurnAction\TestActionComponent.cpp">
      <Filter>소스 파일</Filter>
    </ClCompile>
    <ClCompile Include="Scripts\TurnSystem\TurnAction\AdditionalDamage\AdditionalDamageAction.cpp">
      <Filter>소스 파일</Filter>
    </ClCompile>
    <ClCompile Include="Scripts\TurnSystem\TurnAction\Token\TokenApplyAction.cpp">
      <Filter>소스 파일</Filter>
    </ClCompile>
    <ClCompile Include="Scripts\TurnSystem\TurnAction\Condition\TokenCondition\TokenCondition.cpp">
      <Filter>소스 파일</Filter>
    </ClCompile>
    <ClCompile Include="Scripts\Particle\ParticleComponent.cpp">
      <Filter>소스 파일</Filter>
    </ClCompile>
    <ClCompile Include="Scripts\TurnSystem\TurnAction\TurnAction.cpp">
      <Filter>소스 파일</Filter>
    </ClCompile>
    <ClCompile Include="Scripts\TurnSystem\TurnAction\Condition\ChainCondition\ChainCondition.cpp">
      <Filter>소스 파일</Filter>
    </ClCompile>
    <ClCompile Include="Scripts\TurnSystem\TurnAction\Condition\RoundOnceCondition\RoundOnceCondition.cpp">
      <Filter>소스 파일</Filter>
    </ClCompile>
    <ClCompile Include="Scripts\Animation\AnimationComponent.cpp">
      <Filter>소스 파일</Filter>
    </ClCompile>
    <ClCompile Include="Scripts\Animation\Structs\AnimationData.cpp">
      <Filter>소스 파일</Filter>
    </ClCompile>
    <ClCompile Include="Scripts\DamageSystem\DamageSystem.cpp">
      <Filter>소스 파일</Filter>
    </ClCompile>
    <ClCompile Include="Scripts\Test\Model\ModelTest.cpp">
      <Filter>소스 파일</Filter>
    </ClCompile>
    <ClCompile Include="Scripts\Token\Object\Poison\PoisonToken.cpp">
      <Filter>소스 파일</Filter>
    </ClCompile>
    <ClCompile Include="Scripts\UI\Panels\Anchor\AnchorPanel.cpp">
      <Filter>소스 파일</Filter>
    </ClCompile>
    <ClCompile Include="Scripts\Audio\AudioComponent.cpp">
      <Filter>소스 파일</Filter>
    </ClCompile>
    <ClCompile Include="Scripts\BattleSystem\Battle.cpp">
      <Filter>소스 파일</Filter>
    </ClCompile>
    <ClCompile Include="Scripts\TurnSystem\TurnAction\MultiTargetDamage\MultiTargetDamageAction.cpp">
      <Filter>소스 파일</Filter>
    </ClCompile>
    <ClCompile Include="Scripts\EnemyAction\Factory\EnemyActionFactory.cpp">
      <Filter>소스 파일</Filter>
    </ClCompile>
    <ClCompile Include="Scripts\EnemyAction\ActionData\EnemyActionData.cpp">
      <Filter>소스 파일</Filter>
    </ClCompile>
    <ClCompile Include="Scripts\EnemyAction\System\EnemyActionSystem.cpp">
      <Filter>소스 파일</Filter>
    </ClCompile>
    <ClCompile Include="Scripts\TurnSystem\TurnAction\Condition\HealthRangeCondition\HealthRangeCondition.cpp">
      <Filter>소스 파일</Filter>
    </ClCompile>
    <ClCompile Include="Scripts\TurnSystem\TurnAction\Recovery\RecoveryAction.cpp">
      <Filter>소스 파일</Filter>
    </ClCompile>
    <ClCompile Include="Scripts\TurnSystem\TurnAction\WeaponStas\WeaponDamageAction.cpp">
      <Filter>소스 파일</Filter>
    </ClCompile>
    <ClCompile Include="Scripts\UI\Panels\Horizontal\HorizontalPanel.cpp">
      <Filter>소스 파일</Filter>
    </ClCompile>
    <ClCompile Include="Scripts\UI\Wrappers\Center\CenterWrapper.cpp">
      <Filter>소스 파일</Filter>
    </ClCompile>
    <ClCompile Include="Scripts\UI\Wrappers\Padding\PaddingWrapper.cpp">
      <Filter>소스 파일</Filter>
    </ClCompile>
    <ClCompile Include="Scripts\WeaponSystem\WeaponElement\WeaponElement.cpp">
      <Filter>소스 파일</Filter>
    </ClCompile>
    <ClCompile Include="Scripts\Test\DevTools\LogOutput.cpp">
      <Filter>소스 파일</Filter>
    </ClCompile>
    <ClCompile Include="Scripts\EnemyAction\ActionData\EnemyActionData.cpp">
      <Filter>소스 파일</Filter>
    </ClCompile>
    <ClCompile Include="Scripts\EnemyAction\System\EnemyActionSystem.cpp">
      <Filter>소스 파일</Filter>
    </ClCompile>
    <ClCompile Include="Scripts\EnemyAction\EnemyActionBase.cpp">
      <Filter>소스 파일</Filter>
    </ClCompile>
    <ClCompile Include="Scripts\EnemyAction\Action\22000_22009\EnemyAction22000.cpp">
      <Filter>소스 파일</Filter>
    </ClCompile>
    <ClCompile Include="Scripts\EnemyAction\Action\22000_22009\EnemyAction22001.cpp">
      <Filter>소스 파일</Filter>
    </ClCompile>
    <ClCompile Include="Scripts\EnemyAction\Action\22000_22009\EnemyAction22002.cpp">
      <Filter>소스 파일</Filter>
    </ClCompile>
    <ClCompile Include="Scripts\EnemyAction\Action\22000_22009\EnemyAction22003.cpp">
      <Filter>소스 파일</Filter>
    </ClCompile>
    <ClCompile Include="Scripts\EnemyAction\Action\22000_22009\EnemyAction22004.cpp">
      <Filter>소스 파일</Filter>
    </ClCompile>
    <ClCompile Include="Scripts\EnemyAction\Action\22010_22019\EnemyAction22010.cpp">
      <Filter>소스 파일</Filter>
    </ClCompile>
    <ClCompile Include="Scripts\EnemyAction\Action\22010_22019\EnemyAction22011.cpp">
      <Filter>소스 파일</Filter>
    </ClCompile>
    <ClCompile Include="Scripts\EnemyAction\Action\22010_22019\EnemyAction22012.cpp">
      <Filter>소스 파일</Filter>
    </ClCompile>
    <ClCompile Include="Scripts\EnemyAction\Action\22010_22019\EnemyAction22013.cpp">
      <Filter>소스 파일</Filter>
    </ClCompile>
    <ClCompile Include="Scripts\EnemyAction\Action\22010_22019\EnemyAction22014.cpp">
      <Filter>소스 파일</Filter>
    </ClCompile>
    <ClCompile Include="Scripts\TurnSystem\TurnAction\Condition\HealthRangeCondition\HealthRangeCondition.cpp">
      <Filter>소스 파일</Filter>
    </ClCompile>
    <ClCompile Include="Scripts\TurnSystem\TurnAction\Recovery\RecoveryAction.cpp">
      <Filter>소스 파일</Filter>
    </ClCompile>
    <ClCompile Include="Scripts\TurnSystem\TurnAction\WeaponStas\WeaponDamageAction.cpp">
      <Filter>소스 파일</Filter>
    </ClCompile>
    <ClCompile Include="Scripts\UI\Panels\Horizontal\HorizontalPanel.cpp">
      <Filter>소스 파일</Filter>
    </ClCompile>
    <ClCompile Include="Scripts\UI\Wrappers\Center\CenterWrapper.cpp">
      <Filter>소스 파일</Filter>
    </ClCompile>
    <ClCompile Include="Scripts\UI\Wrappers\Padding\PaddingWrapper.cpp">
      <Filter>소스 파일</Filter>
    </ClCompile>
    <ClCompile Include="Scripts\WeaponSystem\WeaponElement\WeaponElement.cpp">
      <Filter>소스 파일</Filter>
    </ClCompile>
    <ClCompile Include="Scripts\Test\DevTools\LogOutput.cpp">
      <Filter>소스 파일</Filter>
    </ClCompile>
    <ClCompile Include="Scripts\TurnSystem\TurnAction\Recovery\RecoveryAction.cpp">
      <Filter>소스 파일</Filter>
    </ClCompile>
    <ClCompile Include="Scripts\UI\Panels\Horizontal\HorizontalPanel.cpp">
      <Filter>소스 파일</Filter>
    </ClCompile>
    <ClCompile Include="Scripts\UI\Wrappers\Center\CenterWrapper.cpp">
      <Filter>소스 파일</Filter>
    </ClCompile>
    <ClCompile Include="Scripts\UI\Wrappers\Padding\PaddingWrapper.cpp">
      <Filter>소스 파일</Filter>
    </ClCompile>
    <ClCompile Include="Scripts\WeaponSystem\WeaponElement\WeaponElement.cpp">
      <Filter>소스 파일</Filter>
    </ClCompile>
    <ClCompile Include="Scripts\EnemyAction\EnemyActionSystem.cpp">
      <Filter>소스 파일</Filter>
    </ClCompile>
    <ClCompile Include="Scripts\Timeline\Timeline.cpp">
      <Filter>소스 파일</Filter>
    </ClCompile>
    <ClCompile Include="Scripts\Timeline\EventContext\TimelineEventContext.cpp">
      <Filter>소스 파일</Filter>
    </ClCompile>
    <ClCompile Include="Scripts\Timeline\Editor\TimelineSequencerEditor.cpp">
      <Filter>소스 파일</Filter>
    </ClCompile>
  </ItemGroup>
  <ItemGroup>
    <None Include="cpp.hint" />
  </ItemGroup>
</Project>