<?xml version="1.0" encoding="utf-8"?>
<Project ToolsVersion="4.0" xmlns="http://schemas.microsoft.com/developer/msbuild/2003">
  <ItemGroup>
    <Filter Include="소스 파일">
      <UniqueIdentifier>{4FC737F1-C7A5-4376-A066-2A32D752A2FF}</UniqueIdentifier>
      <Extensions>cpp;c;cc;cxx;c++;cppm;ixx;def;odl;idl;hpj;bat;asm;asmx</Extensions>
    </Filter>
    <Filter Include="헤더 파일">
      <UniqueIdentifier>{93995380-89BD-4b04-88EB-625FBE52EBFB}</UniqueIdentifier>
      <Extensions>h;hh;hpp;hxx;h++;hm;inl;inc;ipp;xsd</Extensions>
    </Filter>
    <Filter Include="리소스 파일">
      <UniqueIdentifier>{67DA6AB6-F800-4c08-8B7A-83BB121AAD01}</UniqueIdentifier>
      <Extensions>rc;ico;cur;bmp;dlg;rc2;rct;bin;rgs;gif;jpg;jpeg;jpe;resx;tiff;tif;png;wav;mfcribbon-ms</Extensions>
    </Filter>
  </ItemGroup>
  <ItemGroup>
    <ClInclude Include="UmScriptCore.h">
      <Filter>헤더 파일</Filter>
    </ClInclude>
    <ClInclude Include="Scripts\Test\Component\TestComponent.h">
      <Filter>헤더 파일</Filter>
    </ClInclude>
    <ClInclude Include="Scripts\Mesh\StaticMeshRenderer.h">
      <Filter>헤더 파일</Filter>
    </ClInclude>
    <ClInclude Include="Scripts\Mesh\MeshComponent.h">
      <Filter>헤더 파일</Filter>
    </ClInclude>
    <ClInclude Include="Scripts\GameCore\FSM\FSMState.h">
      <Filter>헤더 파일</Filter>
    </ClInclude>
    <ClInclude Include="Scripts\GameCore\FSM\FiniteStateMachine.h">
      <Filter>헤더 파일</Filter>
    </ClInclude>
    <ClInclude Include="Scripts\Light\Base\LightComponent.h">
      <Filter>헤더 파일</Filter>
    </ClInclude>
    <ClInclude Include="Scripts\Light\DirectionalLight.h">
      <Filter>헤더 파일</Filter>
    </ClInclude>
    <ClInclude Include="Scripts\Light\PointLight.h">
      <Filter>헤더 파일</Filter>
    </ClInclude>
    <ClInclude Include="Scripts\Light\SpotLight.h">
      <Filter>헤더 파일</Filter>
    </ClInclude>
    <ClInclude Include="Scripts\GameCore\FSM\FSMCondition.h">
      <Filter>헤더 파일</Filter>
    </ClInclude>
    <ClInclude Include="Scripts\GameCore\FSM\Factory\FSMStateFactory.h">
      <Filter>헤더 파일</Filter>
    </ClInclude>
    <ClInclude Include="Scripts\GameCore\FSM\Factory\FSMConditionFactory.h">
      <Filter>헤더 파일</Filter>
    </ClInclude>
    <ClInclude Include="Scripts\GameCore\FSM\IFSMEntity.h">
      <Filter>헤더 파일</Filter>
    </ClInclude>
    <ClInclude Include="UmScriptsExport.h">
      <Filter>헤더 파일</Filter>
    </ClInclude>
    <ClInclude Include="Scripts\TurnSystem\TurnMode\TurnMode.h">
      <Filter>헤더 파일</Filter>
    </ClInclude>
    <ClInclude Include="Scripts\TurnSystem\TurnActor\TurnActor.h">
      <Filter>헤더 파일</Filter>
    </ClInclude>
    <ClInclude Include="Scripts\TurnSystem\TurnMode\Condition\CheckTurnEndCondition.h">
      <Filter>헤더 파일</Filter>
    </ClInclude>
    <ClInclude Include="Scripts\TurnSystem\TurnMode\Condition\Base\TurnModeConditionBase.h">
      <Filter>헤더 파일</Filter>
    </ClInclude>
    <ClInclude Include="Scripts\TurnSystem\TurnMode\Condition\CheckRoundStartExit.h">
      <Filter>헤더 파일</Filter>
    </ClInclude>
    <ClInclude Include="Scripts\GameCore\FSM\AlwaysTransitionCondition.h">
      <Filter>헤더 파일</Filter>
    </ClInclude>
    <ClInclude Include="Scripts\TurnSystem\TurnMode\Condition\EnemyActionCondition.h">
      <Filter>헤더 파일</Filter>
    </ClInclude>
    <ClInclude Include="Scripts\TurnSystem\TurnMode\Condition\PlayerActionCondition.h">
      <Filter>헤더 파일</Filter>
    </ClInclude>
    <ClInclude Include="Scripts\TurnSystem\TurnMode\Condition\RoundStartCondition.h">
      <Filter>헤더 파일</Filter>
    </ClInclude>
    <ClInclude Include="Scripts\TurnSystem\TurnMode\State\Base\TurnModeStateBase.h">
      <Filter>헤더 파일</Filter>
    </ClInclude>
    <ClInclude Include="Scripts\TurnSystem\TurnMode\State\CheckPlayerState.h">
      <Filter>헤더 파일</Filter>
    </ClInclude>
    <ClInclude Include="Scripts\TurnSystem\TurnMode\State\CombatStartPhase.h">
      <Filter>헤더 파일</Filter>
    </ClInclude>
    <ClInclude Include="Scripts\TurnSystem\TurnMode\State\EnemyActionPhase.h">
      <Filter>헤더 파일</Filter>
    </ClInclude>
    <ClInclude Include="Scripts\TurnSystem\TurnMode\State\PlayerActionPhase.h">
      <Filter>헤더 파일</Filter>
    </ClInclude>
    <ClInclude Include="Scripts\TurnSystem\TurnMode\State\RoundStartPhase.h">
      <Filter>헤더 파일</Filter>
    </ClInclude>
    <ClInclude Include="Scripts\TurnSystem\TurnActor\Character\CharacterBase.h">
      <Filter>헤더 파일</Filter>
    </ClInclude>
    <ClInclude Include="Scripts\TurnSystem\TurnActor\Character\Player\Player.h">
      <Filter>헤더 파일</Filter>
    </ClInclude>
    <ClInclude Include="Scripts\TurnSystem\TurnActor\Character\Enemy\Enemy.h">
      <Filter>헤더 파일</Filter>
    </ClInclude>
    <ClInclude Include="Scripts\TurnSystem\TurnMode\State\TurnListEmptyState.h">
      <Filter>헤더 파일</Filter>
    </ClInclude>
    <ClInclude Include="Scripts\TurnSystem\TurnMode\Condition\CheckTurnEmpty.h">
      <Filter>헤더 파일</Filter>
    </ClInclude>
    <ClInclude Include="Scripts\TurnSystem\TurnMode\Condition\CheckTurnNotEmpty.h">
      <Filter>헤더 파일</Filter>
    </ClInclude>
    <ClInclude Include="Scripts\TurnSystem\TurnMode\State\RoundEndPhase.h">
      <Filter>헤더 파일</Filter>
    </ClInclude>
    <ClInclude Include="Scripts\TurnSystem\TurnMode\Condition\CheckRoundEndExit.h">
      <Filter>헤더 파일</Filter>
    </ClInclude>
    <ClInclude Include="Scripts\Stats\TurnActorStatsComponent.h">
      <Filter>헤더 파일</Filter>
    </ClInclude>
    <ClInclude Include="Scripts\Stats\Enemy\EnemyStats.h">
      <Filter>헤더 파일</Filter>
    </ClInclude>
    <ClInclude Include="pchScripts.h">
      <Filter>헤더 파일</Filter>
    </ClInclude>
    <ClInclude Include="Scripts\Stats\Player\PlayerStats.h">
      <Filter>헤더 파일</Filter>
    </ClInclude>
    <ClInclude Include="Scripts\Camera\CameraComponent.h">
      <Filter>헤더 파일</Filter>
    </ClInclude>
    <ClInclude Include="Scripts\Stats\CharacterStats.h">
      <Filter>헤더 파일</Filter>
    </ClInclude>
    <ClInclude Include="Scripts\Stats\Player\PlayerStatsComponent.h">
      <Filter>헤더 파일</Filter>
    </ClInclude>
    <ClInclude Include="Scripts\Stats\Enemy\EnemyStatsComponent.h">
      <Filter>헤더 파일</Filter>
    </ClInclude>
    <ClInclude Include="Scripts\TurnSystem\TurnActor\Character\Player\State\Base\PlayerStateBase.h">
      <Filter>헤더 파일</Filter>
    </ClInclude>
    <ClInclude Include="Scripts\TurnSystem\TurnActor\Character\Player\State\PlayerWaitTurnState.h">
      <Filter>헤더 파일</Filter>
    </ClInclude>
    <ClInclude Include="Scripts\TurnSystem\TurnActor\Character\Player\Condition\PlayerStartCondition.h">
      <Filter>헤더 파일</Filter>
    </ClInclude>
    <ClInclude Include="Scripts\TurnSystem\TurnActor\Character\Player\Condition\Base\PlayerConditionBase.h">
      <Filter>헤더 파일</Filter>
    </ClInclude>
    <ClInclude Include="Scripts\TurnSystem\TurnActor\Character\Player\State\PlayerPlayTurnState.h">
      <Filter>헤더 파일</Filter>
    </ClInclude>
    <ClInclude Include="Scripts\TurnSystem\TurnActor\Character\Player\Condition\PlayerExitCondition.h">
      <Filter>헤더 파일</Filter>
    </ClInclude>
    <ClInclude Include="Scripts\TurnSystem\TurnActor\Character\Enemy\Condition\Base\EnemyConditionBase.h">
      <Filter>헤더 파일</Filter>
    </ClInclude>
    <ClInclude Include="Scripts\TurnSystem\TurnActor\Character\Enemy\State\Base\EnemyStateBase.h">
      <Filter>헤더 파일</Filter>
    </ClInclude>
    <ClInclude Include="Scripts\TurnSystem\TurnActor\Character\Player\Condition\PlayerDeadCondition.h">
      <Filter>헤더 파일</Filter>
    </ClInclude>
    <ClInclude Include="Scripts\TurnSystem\TurnActor\Character\Player\State\PlayerDeadState.h">
      <Filter>헤더 파일</Filter>
    </ClInclude>
    <ClInclude Include="Scripts\TurnSystem\TurnActor\Character\Enemy\State\EnemyWaitTurnState.h">
      <Filter>헤더 파일</Filter>
    </ClInclude>
    <ClInclude Include="Scripts\TurnSystem\TurnActor\Character\Enemy\Condition\EnemyStartCondition.h">
      <Filter>헤더 파일</Filter>
    </ClInclude>
    <ClInclude Include="Scripts\TurnSystem\TurnActor\Character\Enemy\State\EnemyPlayTurnState.h">
      <Filter>헤더 파일</Filter>
    </ClInclude>
    <ClInclude Include="Scripts\TurnSystem\TurnActor\Character\Enemy\Condition\EnemyEndCondition.h">
      <Filter>헤더 파일</Filter>
    </ClInclude>
    <ClInclude Include="Scripts\TurnSystem\TurnActor\Character\Enemy\State\EnemyDeadState.h">
      <Filter>헤더 파일</Filter>
    </ClInclude>
    <ClInclude Include="Scripts\TurnSystem\TurnActor\Character\Enemy\Condition\EnemyDeadCondition.h">
      <Filter>헤더 파일</Filter>
    </ClInclude>
    <ClInclude Include="Scripts\Mesh\SkeletalMeshRenderer.h">
      <Filter>헤더 파일</Filter>
    </ClInclude>
    <ClInclude Include="Scripts\Test\Input\InputTestComponent.h">
      <Filter>헤더 파일</Filter>
    </ClInclude>
    <ClInclude Include="Scripts\Timeline\AnimationEventListener.h">
      <Filter>헤더 파일</Filter>
    </ClInclude>
    <ClInclude Include="Scripts\Stats\Weapon\WeaponStats.h">
      <Filter>헤더 파일</Filter>
    </ClInclude>
    <ClInclude Include="Scripts\Stats\TurnActorStats.h">
      <Filter>헤더 파일</Filter>
    </ClInclude>
    <ClInclude Include="Scripts\Stats\WeaponTable\WeaponTableComponent.h">
      <Filter>헤더 파일</Filter>
    </ClInclude>
  </ItemGroup>
  <ItemGroup>
    <ClCompile Include="dllmain.cpp">
      <Filter>소스 파일</Filter>
    </ClCompile>
    <ClCompile Include="UmScriptCore.cpp">
      <Filter>소스 파일</Filter>
    </ClCompile>
    <ClCompile Include="Scripts\Test\Component\TestComponent.cpp">
      <Filter>소스 파일</Filter>
    </ClCompile>
    <ClCompile Include="Scripts\Mesh\StaticMeshRenderer.cpp">
      <Filter>소스 파일</Filter>
    </ClCompile>
    <ClCompile Include="Scripts\Mesh\MeshComponent.cpp">
      <Filter>소스 파일</Filter>
    </ClCompile>
    <ClCompile Include="Scripts\GameCore\FSM\FiniteStateMachine.cpp">
      <Filter>소스 파일</Filter>
    </ClCompile>
    <ClCompile Include="Scripts\Light\Base\LightComponent.cpp">
      <Filter>소스 파일</Filter>
    </ClCompile>
    <ClCompile Include="Scripts\Light\DirectionalLight.cpp">
      <Filter>소스 파일</Filter>
    </ClCompile>
    <ClCompile Include="Scripts\Light\PointLight.cpp">
      <Filter>소스 파일</Filter>
    </ClCompile>
    <ClCompile Include="Scripts\Light\SpotLight.cpp">
      <Filter>소스 파일</Filter>
    </ClCompile>
    <ClCompile Include="UmScriptsExport.cpp">
      <Filter>소스 파일</Filter>
    </ClCompile>
    <ClCompile Include="Scripts\TurnSystem\TurnMode\TurnMode.cpp">
      <Filter>소스 파일</Filter>
    </ClCompile>
    <ClCompile Include="Scripts\TurnSystem\TurnActor\TurnActor.cpp">
      <Filter>소스 파일</Filter>
    </ClCompile>
    <ClCompile Include="Scripts\GameCore\FSM\AlwaysTransitionCondition.cpp">
      <Filter>소스 파일</Filter>
    </ClCompile>
    <ClCompile Include="Scripts\TurnSystem\TurnMode\Condition\Base\TurnModeConditionBase.cpp">
      <Filter>소스 파일</Filter>
    </ClCompile>
    <ClCompile Include="Scripts\TurnSystem\TurnMode\Condition\CheckRoundStartExit.cpp">
      <Filter>소스 파일</Filter>
    </ClCompile>
    <ClCompile Include="Scripts\TurnSystem\TurnMode\Condition\EnemyActionCondition.cpp">
      <Filter>소스 파일</Filter>
    </ClCompile>
    <ClCompile Include="Scripts\TurnSystem\TurnMode\Condition\PlayerActionCondition.cpp">
      <Filter>소스 파일</Filter>
    </ClCompile>
    <ClCompile Include="Scripts\TurnSystem\TurnMode\Condition\RoundStartCondition.cpp">
      <Filter>소스 파일</Filter>
    </ClCompile>
    <ClCompile Include="Scripts\TurnSystem\TurnMode\State\Base\TurnModeStateBase.cpp">
      <Filter>소스 파일</Filter>
    </ClCompile>
    <ClCompile Include="Scripts\TurnSystem\TurnMode\State\CheckPlayerState.cpp">
      <Filter>소스 파일</Filter>
    </ClCompile>
    <ClCompile Include="Scripts\TurnSystem\TurnMode\State\CombatStartPhase.cpp">
      <Filter>소스 파일</Filter>
    </ClCompile>
    <ClCompile Include="Scripts\TurnSystem\TurnMode\State\EnemyActionPhase.cpp">
      <Filter>소스 파일</Filter>
    </ClCompile>
    <ClCompile Include="Scripts\TurnSystem\TurnMode\State\PlayerActionPhase.cpp">
      <Filter>소스 파일</Filter>
    </ClCompile>
    <ClCompile Include="Scripts\TurnSystem\TurnMode\State\RoundStartPhase.cpp">
      <Filter>소스 파일</Filter>
    </ClCompile>
    <ClCompile Include="Scripts\TurnSystem\TurnActor\Character\CharacterBase.cpp">
      <Filter>소스 파일</Filter>
    </ClCompile>
    <ClCompile Include="Scripts\TurnSystem\TurnActor\Character\Player\Player.cpp">
      <Filter>소스 파일</Filter>
    </ClCompile>
    <ClCompile Include="Scripts\TurnSystem\TurnActor\Character\Enemy\Enemy.cpp">
      <Filter>소스 파일</Filter>
    </ClCompile>
    <ClCompile Include="Scripts\TurnSystem\TurnMode\Condition\CheckTurnEndCondition.cpp">
      <Filter>소스 파일</Filter>
    </ClCompile>
    <ClCompile Include="Scripts\TurnSystem\TurnMode\State\TurnListEmptyState.cpp">
      <Filter>소스 파일</Filter>
    </ClCompile>
    <ClCompile Include="Scripts\TurnSystem\TurnMode\Condition\CheckTurnEmpty.cpp">
      <Filter>소스 파일</Filter>
    </ClCompile>
    <ClCompile Include="Scripts\TurnSystem\TurnMode\Condition\CheckTurnNotEmpty.cpp">
      <Filter>소스 파일</Filter>
    </ClCompile>
    <ClCompile Include="Scripts\TurnSystem\TurnMode\State\RoundEndPhase.cpp">
      <Filter>소스 파일</Filter>
    </ClCompile>
    <ClCompile Include="Scripts\TurnSystem\TurnMode\Condition\CheckRoundEndExit.cpp">
      <Filter>소스 파일</Filter>
    </ClCompile>
    <ClCompile Include="pchScripts.cpp">
      <Filter>소스 파일</Filter>
    </ClCompile>
    <ClCompile Include="Scripts\Camera\CameraComponent.cpp">
      <Filter>소스 파일</Filter>
    </ClCompile>
    <ClCompile Include="Scripts\Stats\TurnActorStatsComponent.cpp">
      <Filter>소스 파일</Filter>
    </ClCompile>
    <ClCompile Include="Scripts\Stats\Player\PlayerStatsComponent.cpp">
      <Filter>소스 파일</Filter>
    </ClCompile>
    <ClCompile Include="Scripts\Stats\Enemy\EnemyStatsComponent.cpp">
      <Filter>소스 파일</Filter>
    </ClCompile>
    <ClCompile Include="Scripts\TurnSystem\TurnActor\Character\Player\State\Base\PlayerStateBase.cpp">
      <Filter>소스 파일</Filter>
    </ClCompile>
    <ClCompile Include="Scripts\TurnSystem\TurnActor\Character\Player\State\PlayerWaitTurnState.cpp">
      <Filter>소스 파일</Filter>
    </ClCompile>
    <ClCompile Include="Scripts\TurnSystem\TurnActor\Character\Player\Condition\Base\PlayerConditionBase.cpp">
      <Filter>소스 파일</Filter>
    </ClCompile>
    <ClCompile Include="Scripts\TurnSystem\TurnActor\Character\Player\Condition\PlayerStartCondition.cpp">
      <Filter>소스 파일</Filter>
    </ClCompile>
    <ClCompile Include="Scripts\TurnSystem\TurnActor\Character\Player\State\PlayerPlayTurnState.cpp">
      <Filter>소스 파일</Filter>
    </ClCompile>
    <ClCompile Include="Scripts\TurnSystem\TurnActor\Character\Player\Condition\PlayerExitCondition.cpp">
      <Filter>소스 파일</Filter>
    </ClCompile>
    <ClCompile Include="Scripts\TurnSystem\TurnActor\Character\Enemy\Condition\Base\EnemyConditionBase.cpp">
      <Filter>소스 파일</Filter>
    </ClCompile>
    <ClCompile Include="Scripts\TurnSystem\TurnActor\Character\Enemy\State\Base\EnemyStateBase.cpp">
      <Filter>소스 파일</Filter>
    </ClCompile>
    <ClCompile Include="Scripts\TurnSystem\TurnActor\Character\Player\Condition\PlayerDeadCondition.cpp">
      <Filter>소스 파일</Filter>
    </ClCompile>
    <ClCompile Include="Scripts\TurnSystem\TurnActor\Character\Player\State\PlayerDeadState.cpp">
      <Filter>소스 파일</Filter>
    </ClCompile>
    <ClCompile Include="Scripts\TurnSystem\TurnActor\Character\Enemy\State\EnemyWaitTurnState.cpp">
      <Filter>소스 파일</Filter>
    </ClCompile>
    <ClCompile Include="Scripts\TurnSystem\TurnActor\Character\Enemy\Condition\EnemyStartCondition.cpp">
      <Filter>소스 파일</Filter>
    </ClCompile>
    <ClCompile Include="Scripts\TurnSystem\TurnActor\Character\Enemy\State\EnemyPlayTurnState.cpp">
      <Filter>소스 파일</Filter>
    </ClCompile>
    <ClCompile Include="Scripts\TurnSystem\TurnActor\Character\Enemy\Condition\EnemyEndCondition.cpp">
      <Filter>소스 파일</Filter>
    </ClCompile>
    <ClCompile Include="Scripts\TurnSystem\TurnActor\Character\Enemy\State\EnemyDeadState.cpp">
      <Filter>소스 파일</Filter>
    </ClCompile>
    <ClCompile Include="Scripts\TurnSystem\TurnActor\Character\Enemy\Condition\EnemyDeadCondition.cpp">
      <Filter>소스 파일</Filter>
    </ClCompile>
    <ClCompile Include="Scripts\Mesh\SkeletalMeshRenderer.cpp">
      <Filter>소스 파일</Filter>
    </ClCompile>
    <ClCompile Include="Scripts\Test\Input\InputTestComponent.cpp">
      <Filter>소스 파일</Filter>
    </ClCompile>
    <ClCompile Include="Scripts\Timeline\AnimationEventListener.cpp">
      <Filter>소스 파일</Filter>
    </ClCompile>
    <ClCompile Include="Scripts\Stats\WeaponTable\WeaponTableComponent.cpp">
      <Filter>소스 파일</Filter>
    </ClCompile>
    <ClCompile Include="Scripts\Stats\Weapon\WeaponStats.cpp">
      <Filter>소스 파일</Filter>
    </ClCompile>
  </ItemGroup>
  <ItemGroup>
    <None Include="cpp.hint" />
  </ItemGroup>
</Project>