
Microsoft Visual Studio Solution File, Format Version 12.00
# Visual Studio Version 17
VisualStudioVersion = 17.12.35707.178
MinimumVisualStudioVersion = 10.0.40219.1
Project("{2150E333-8FDC-42A3-9474-1A3956D46DE8}") = "Solution Items", "Solution Items", "{CCB6EDAC-4250-4D40-9BA8-D588FDD40645}"
	ProjectSection(SolutionItems) = preProject
		.editorconfig = .editorconfig
	EndProjectSection
EndProject
Project("{8BC9CEB8-8B4A-11D0-8D11-00A0C91BC942}") = "ProjectVG", "ProjectVG\ProjectVG.vcxproj", "{896040A8-4B36-4419-86FD-E2A066A26818}"
EndProject
Project("{8BC9CEB8-8B4A-11D0-8D11-00A0C91BC942}") = "GameEngine", "GameEngine\GameEngine.vcxproj", "{84FD41B3-DE6F-4849-B1F4-6EA34A891299}"
EndProject
Project("{54435603-DBB4-11D2-8724-00A0C9A8B90C}") = "Installer", "Installer\Installer.vdproj", "{52B20422-474D-5734-629F-99A1F7DE9787}"
EndProject
Project("{8BC9CEB8-8B4A-11D0-8D11-00A0C91BC942}") = "InputModule", "InputModule\InputModule.vcxproj", "{C56311D7-823B-4CEA-BC18-4E55F615AD78}"
EndProject
Project("{8BC9CEB8-8B4A-11D0-8D11-00A0C91BC942}") = "AudioModule", "AudioModule\AudioModule.vcxproj", "{C0AA9053-AA4A-4F8E-9865-59AA31873B8C}"
EndProject
Project("{8BC9CEB8-8B4A-11D0-8D11-00A0C91BC942}") = "ImGuiThirdParty", "ImGuiThirdParty\ImGuiThirdParty.vcxproj", "{DA5BBFB7-C4FB-4663-9DDC-4D4B5EC82D5F}"
EndProject
Project("{8BC9CEB8-8B4A-11D0-8D11-00A0C91BC942}") = "UserInterfaceModule", "UserInterfaceModule\UserInterfaceModule.vcxproj", "{133FD9DA-4BDB-4DA1-BE06-D61D62371F74}"
EndProject
Project("{FAE04EC0-301F-11D3-BF4B-00C04F79EFBC}") = "MakeSpriteFont", "MakeSpriteFont\MakeSpriteFont.csproj", "{1BDE3610-B3DF-483C-9EF6-4116D0770F3C}"
EndProject
Project("{8BC9CEB8-8B4A-11D0-8D11-00A0C91BC942}") = "MakeSpriteFontCLI", "MakeSpriteFontCLI\MakeSpriteFontCLI.vcxproj", "{8EACE495-6C57-A39F-6759-40CC8D98ABC9}"
EndProject
Project("{8BC9CEB8-8B4A-11D0-8D11-00A0C91BC942}") = "XAtlasThirdParty", "XAtlasThirdParty\XAtlasThirdParty.vcxproj", "{D9C8C7D3-184C-422D-A9BB-5E283B3B7571}"
EndProject
Project("{2150E333-8FDC-42A3-9474-1A3956D46DE8}") = "ThridParty", "ThridParty", "{C8D5274F-AC00-46C7-1F8D-E88E81087A52}"
EndProject
Project("{8BC9CEB8-8B4A-11D0-8D11-00A0C91BC942}") = "GraphicsEngine", "GraphicsEngine\GraphicsEngine.vcxproj", "{E9EC638E-7702-4FBA-9AFC-47D15644B305}"
EndProject
Project("{8BC9CEB8-8B4A-11D0-8D11-00A0C91BC942}") = "InstallerCustomAction", "InstallerCusomAction\InstallerCusomAction.vcxproj", "{7E4D57E2-BE52-4B84-AA2B-5754349231A1}"
EndProject
Project("{2150E333-8FDC-42A3-9474-1A3956D46DE8}") = "InstallerProject", "InstallerProject", "{50D8E0AB-1D04-4E4A-817D-E1CC6E373BA7}"
EndProject
Project("{8BC9CEB8-8B4A-11D0-8D11-00A0C91BC942}") = "PackerModule", "PackerModule\PackerModule.vcxproj", "{EBF304B9-1108-4611-9D8A-001D66BAFB6F}"
EndProject
Global
	GlobalSection(SolutionConfigurationPlatforms) = preSolution
		Debug|Any CPU = Debug|Any CPU
		Debug|x64 = Debug|x64
		Debug|x86 = Debug|x86
		DebugEditor|Any CPU = DebugEditor|Any CPU
		DebugEditor|x64 = DebugEditor|x64
		DebugEditor|x86 = DebugEditor|x86
		Release|Any CPU = Release|Any CPU
		Release|x64 = Release|x64
		Release|x86 = Release|x86
		ReleaseEditor|Any CPU = ReleaseEditor|Any CPU
		ReleaseEditor|x64 = ReleaseEditor|x64
		ReleaseEditor|x86 = ReleaseEditor|x86
	EndGlobalSection
	GlobalSection(ProjectConfigurationPlatforms) = postSolution
		{896040A8-4B36-4419-86FD-E2A066A26818}.Debug|Any CPU.ActiveCfg = Debug|x64
		{896040A8-4B36-4419-86FD-E2A066A26818}.Debug|Any CPU.Build.0 = Debug|x64
		{896040A8-4B36-4419-86FD-E2A066A26818}.Debug|x64.ActiveCfg = Debug|x64
		{896040A8-4B36-4419-86FD-E2A066A26818}.Debug|x64.Build.0 = Debug|x64
		{896040A8-4B36-4419-86FD-E2A066A26818}.Debug|x86.ActiveCfg = Debug|Win32
		{896040A8-4B36-4419-86FD-E2A066A26818}.Debug|x86.Build.0 = Debug|Win32
		{896040A8-4B36-4419-86FD-E2A066A26818}.DebugEditor|Any CPU.ActiveCfg = DebugEditor|x64
		{896040A8-4B36-4419-86FD-E2A066A26818}.DebugEditor|Any CPU.Build.0 = DebugEditor|x64
		{896040A8-4B36-4419-86FD-E2A066A26818}.DebugEditor|x64.ActiveCfg = DebugEditor|x64
		{896040A8-4B36-4419-86FD-E2A066A26818}.DebugEditor|x64.Build.0 = DebugEditor|x64
		{896040A8-4B36-4419-86FD-E2A066A26818}.DebugEditor|x86.ActiveCfg = DebugEditor|Win32
		{896040A8-4B36-4419-86FD-E2A066A26818}.DebugEditor|x86.Build.0 = DebugEditor|Win32
		{896040A8-4B36-4419-86FD-E2A066A26818}.Release|Any CPU.ActiveCfg = Release|x64
		{896040A8-4B36-4419-86FD-E2A066A26818}.Release|Any CPU.Build.0 = Release|x64
		{896040A8-4B36-4419-86FD-E2A066A26818}.Release|x64.ActiveCfg = Release|x64
		{896040A8-4B36-4419-86FD-E2A066A26818}.Release|x64.Build.0 = Release|x64
		{896040A8-4B36-4419-86FD-E2A066A26818}.Release|x86.ActiveCfg = Release|Win32
		{896040A8-4B36-4419-86FD-E2A066A26818}.Release|x86.Build.0 = Release|Win32
		{896040A8-4B36-4419-86FD-E2A066A26818}.ReleaseEditor|Any CPU.ActiveCfg = ReleaseEditor|x64
		{896040A8-4B36-4419-86FD-E2A066A26818}.ReleaseEditor|Any CPU.Build.0 = ReleaseEditor|x64
		{896040A8-4B36-4419-86FD-E2A066A26818}.ReleaseEditor|x64.ActiveCfg = ReleaseEditor|x64
		{896040A8-4B36-4419-86FD-E2A066A26818}.ReleaseEditor|x64.Build.0 = ReleaseEditor|x64
		{896040A8-4B36-4419-86FD-E2A066A26818}.ReleaseEditor|x86.ActiveCfg = ReleaseEditor|Win32
		{896040A8-4B36-4419-86FD-E2A066A26818}.ReleaseEditor|x86.Build.0 = ReleaseEditor|Win32
		{84FD41B3-DE6F-4849-B1F4-6EA34A891299}.Debug|Any CPU.ActiveCfg = Debug|x64
		{84FD41B3-DE6F-4849-B1F4-6EA34A891299}.Debug|Any CPU.Build.0 = Debug|x64
		{84FD41B3-DE6F-4849-B1F4-6EA34A891299}.Debug|x64.ActiveCfg = Debug|x64
		{84FD41B3-DE6F-4849-B1F4-6EA34A891299}.Debug|x64.Build.0 = Debug|x64
		{84FD41B3-DE6F-4849-B1F4-6EA34A891299}.Debug|x86.ActiveCfg = Debug|Win32
		{84FD41B3-DE6F-4849-B1F4-6EA34A891299}.Debug|x86.Build.0 = Debug|Win32
		{84FD41B3-DE6F-4849-B1F4-6EA34A891299}.DebugEditor|Any CPU.ActiveCfg = DebugEditor|x64
		{84FD41B3-DE6F-4849-B1F4-6EA34A891299}.DebugEditor|Any CPU.Build.0 = DebugEditor|x64
		{84FD41B3-DE6F-4849-B1F4-6EA34A891299}.DebugEditor|x64.ActiveCfg = DebugEditor|x64
		{84FD41B3-DE6F-4849-B1F4-6EA34A891299}.DebugEditor|x64.Build.0 = DebugEditor|x64
		{84FD41B3-DE6F-4849-B1F4-6EA34A891299}.DebugEditor|x86.ActiveCfg = DebugEditor|Win32
		{84FD41B3-DE6F-4849-B1F4-6EA34A891299}.DebugEditor|x86.Build.0 = DebugEditor|Win32
		{84FD41B3-DE6F-4849-B1F4-6EA34A891299}.Release|Any CPU.ActiveCfg = Release|x64
		{84FD41B3-DE6F-4849-B1F4-6EA34A891299}.Release|Any CPU.Build.0 = Release|x64
		{84FD41B3-DE6F-4849-B1F4-6EA34A891299}.Release|x64.ActiveCfg = Release|x64
		{84FD41B3-DE6F-4849-B1F4-6EA34A891299}.Release|x64.Build.0 = Release|x64
		{84FD41B3-DE6F-4849-B1F4-6EA34A891299}.Release|x86.ActiveCfg = Release|Win32
		{84FD41B3-DE6F-4849-B1F4-6EA34A891299}.Release|x86.Build.0 = Release|Win32
		{84FD41B3-DE6F-4849-B1F4-6EA34A891299}.ReleaseEditor|Any CPU.ActiveCfg = ReleaseEditor|x64
		{84FD41B3-DE6F-4849-B1F4-6EA34A891299}.ReleaseEditor|Any CPU.Build.0 = ReleaseEditor|x64
		{84FD41B3-DE6F-4849-B1F4-6EA34A891299}.ReleaseEditor|x64.ActiveCfg = ReleaseEditor|x64
		{84FD41B3-DE6F-4849-B1F4-6EA34A891299}.ReleaseEditor|x64.Build.0 = ReleaseEditor|x64
		{84FD41B3-DE6F-4849-B1F4-6EA34A891299}.ReleaseEditor|x86.ActiveCfg = ReleaseEditor|Win32
		{84FD41B3-DE6F-4849-B1F4-6EA34A891299}.ReleaseEditor|x86.Build.0 = ReleaseEditor|Win32
		{52B20422-474D-5734-629F-99A1F7DE9787}.Debug|Any CPU.ActiveCfg = Debug
		{52B20422-474D-5734-629F-99A1F7DE9787}.Debug|Any CPU.Build.0 = Debug
		{52B20422-474D-5734-629F-99A1F7DE9787}.Debug|x64.ActiveCfg = Debug
		{52B20422-474D-5734-629F-99A1F7DE9787}.Debug|x64.Build.0 = Debug
		{52B20422-474D-5734-629F-99A1F7DE9787}.Debug|x86.ActiveCfg = Debug
		{52B20422-474D-5734-629F-99A1F7DE9787}.Debug|x86.Build.0 = Debug
		{52B20422-474D-5734-629F-99A1F7DE9787}.DebugEditor|Any CPU.ActiveCfg = DebugEditor
		{52B20422-474D-5734-629F-99A1F7DE9787}.DebugEditor|Any CPU.Build.0 = DebugEditor
		{52B20422-474D-5734-629F-99A1F7DE9787}.DebugEditor|x64.ActiveCfg = DebugEditor
		{52B20422-474D-5734-629F-99A1F7DE9787}.DebugEditor|x64.Build.0 = DebugEditor
		{52B20422-474D-5734-629F-99A1F7DE9787}.DebugEditor|x86.ActiveCfg = Debug
		{52B20422-474D-5734-629F-99A1F7DE9787}.DebugEditor|x86.Build.0 = Debug
		{52B20422-474D-5734-629F-99A1F7DE9787}.Release|Any CPU.ActiveCfg = Release
		{52B20422-474D-5734-629F-99A1F7DE9787}.Release|Any CPU.Build.0 = Release
		{52B20422-474D-5734-629F-99A1F7DE9787}.Release|x64.ActiveCfg = Release
		{52B20422-474D-5734-629F-99A1F7DE9787}.Release|x64.Build.0 = Release
		{52B20422-474D-5734-629F-99A1F7DE9787}.Release|x86.ActiveCfg = Release
		{52B20422-474D-5734-629F-99A1F7DE9787}.Release|x86.Build.0 = Release
		{52B20422-474D-5734-629F-99A1F7DE9787}.ReleaseEditor|Any CPU.ActiveCfg = ReleaseEditor
		{52B20422-474D-5734-629F-99A1F7DE9787}.ReleaseEditor|Any CPU.Build.0 = ReleaseEditor
		{52B20422-474D-5734-629F-99A1F7DE9787}.ReleaseEditor|x64.ActiveCfg = ReleaseEditor
		{52B20422-474D-5734-629F-99A1F7DE9787}.ReleaseEditor|x64.Build.0 = ReleaseEditor
		{52B20422-474D-5734-629F-99A1F7DE9787}.ReleaseEditor|x86.ActiveCfg = Release
		{52B20422-474D-5734-629F-99A1F7DE9787}.ReleaseEditor|x86.Build.0 = Release
		{C56311D7-823B-4CEA-BC18-4E55F615AD78}.Debug|Any CPU.ActiveCfg = Debug|x64
		{C56311D7-823B-4CEA-BC18-4E55F615AD78}.Debug|Any CPU.Build.0 = Debug|x64
		{C56311D7-823B-4CEA-BC18-4E55F615AD78}.Debug|x64.ActiveCfg = Debug|x64
		{C56311D7-823B-4CEA-BC18-4E55F615AD78}.Debug|x64.Build.0 = Debug|x64
		{C56311D7-823B-4CEA-BC18-4E55F615AD78}.Debug|x86.ActiveCfg = Debug|Win32
		{C56311D7-823B-4CEA-BC18-4E55F615AD78}.Debug|x86.Build.0 = Debug|Win32
		{C56311D7-823B-4CEA-BC18-4E55F615AD78}.DebugEditor|Any CPU.ActiveCfg = DebugEditor|x64
		{C56311D7-823B-4CEA-BC18-4E55F615AD78}.DebugEditor|Any CPU.Build.0 = DebugEditor|x64
		{C56311D7-823B-4CEA-BC18-4E55F615AD78}.DebugEditor|x64.ActiveCfg = DebugEditor|x64
		{C56311D7-823B-4CEA-BC18-4E55F615AD78}.DebugEditor|x64.Build.0 = DebugEditor|x64
		{C56311D7-823B-4CEA-BC18-4E55F615AD78}.DebugEditor|x86.ActiveCfg = Debug|Win32
		{C56311D7-823B-4CEA-BC18-4E55F615AD78}.DebugEditor|x86.Build.0 = Debug|Win32
		{C56311D7-823B-4CEA-BC18-4E55F615AD78}.Release|Any CPU.ActiveCfg = Release|x64
		{C56311D7-823B-4CEA-BC18-4E55F615AD78}.Release|Any CPU.Build.0 = Release|x64
		{C56311D7-823B-4CEA-BC18-4E55F615AD78}.Release|x64.ActiveCfg = Release|x64
		{C56311D7-823B-4CEA-BC18-4E55F615AD78}.Release|x64.Build.0 = Release|x64
		{C56311D7-823B-4CEA-BC18-4E55F615AD78}.Release|x86.ActiveCfg = Release|Win32
		{C56311D7-823B-4CEA-BC18-4E55F615AD78}.Release|x86.Build.0 = Release|Win32
		{C56311D7-823B-4CEA-BC18-4E55F615AD78}.ReleaseEditor|Any CPU.ActiveCfg = ReleaseEditor|x64
		{C56311D7-823B-4CEA-BC18-4E55F615AD78}.ReleaseEditor|Any CPU.Build.0 = ReleaseEditor|x64
		{C56311D7-823B-4CEA-BC18-4E55F615AD78}.ReleaseEditor|x64.ActiveCfg = ReleaseEditor|x64
		{C56311D7-823B-4CEA-BC18-4E55F615AD78}.ReleaseEditor|x64.Build.0 = ReleaseEditor|x64
		{C56311D7-823B-4CEA-BC18-4E55F615AD78}.ReleaseEditor|x86.ActiveCfg = Release|Win32
		{C56311D7-823B-4CEA-BC18-4E55F615AD78}.ReleaseEditor|x86.Build.0 = Release|Win32
		{C0AA9053-AA4A-4F8E-9865-59AA31873B8C}.Debug|Any CPU.ActiveCfg = Debug|x64
		{C0AA9053-AA4A-4F8E-9865-59AA31873B8C}.Debug|Any CPU.Build.0 = Debug|x64
		{C0AA9053-AA4A-4F8E-9865-59AA31873B8C}.Debug|x64.ActiveCfg = Debug|x64
		{C0AA9053-AA4A-4F8E-9865-59AA31873B8C}.Debug|x64.Build.0 = Debug|x64
		{C0AA9053-AA4A-4F8E-9865-59AA31873B8C}.Debug|x86.ActiveCfg = Debug|Win32
		{C0AA9053-AA4A-4F8E-9865-59AA31873B8C}.Debug|x86.Build.0 = Debug|Win32
		{C0AA9053-AA4A-4F8E-9865-59AA31873B8C}.DebugEditor|Any CPU.ActiveCfg = DebugEditor|x64
		{C0AA9053-AA4A-4F8E-9865-59AA31873B8C}.DebugEditor|Any CPU.Build.0 = DebugEditor|x64
		{C0AA9053-AA4A-4F8E-9865-59AA31873B8C}.DebugEditor|x64.ActiveCfg = DebugEditor|x64
		{C0AA9053-AA4A-4F8E-9865-59AA31873B8C}.DebugEditor|x64.Build.0 = DebugEditor|x64
		{C0AA9053-AA4A-4F8E-9865-59AA31873B8C}.DebugEditor|x86.ActiveCfg = Debug|Win32
		{C0AA9053-AA4A-4F8E-9865-59AA31873B8C}.DebugEditor|x86.Build.0 = Debug|Win32
		{C0AA9053-AA4A-4F8E-9865-59AA31873B8C}.Release|Any CPU.ActiveCfg = Release|x64
		{C0AA9053-AA4A-4F8E-9865-59AA31873B8C}.Release|Any CPU.Build.0 = Release|x64
		{C0AA9053-AA4A-4F8E-9865-59AA31873B8C}.Release|x64.ActiveCfg = Release|x64
		{C0AA9053-AA4A-4F8E-9865-59AA31873B8C}.Release|x64.Build.0 = Release|x64
		{C0AA9053-AA4A-4F8E-9865-59AA31873B8C}.Release|x86.ActiveCfg = Release|Win32
		{C0AA9053-AA4A-4F8E-9865-59AA31873B8C}.Release|x86.Build.0 = Release|Win32
		{C0AA9053-AA4A-4F8E-9865-59AA31873B8C}.ReleaseEditor|Any CPU.ActiveCfg = ReleaseEditor|x64
		{C0AA9053-AA4A-4F8E-9865-59AA31873B8C}.ReleaseEditor|Any CPU.Build.0 = ReleaseEditor|x64
		{C0AA9053-AA4A-4F8E-9865-59AA31873B8C}.ReleaseEditor|x64.ActiveCfg = ReleaseEditor|x64
		{C0AA9053-AA4A-4F8E-9865-59AA31873B8C}.ReleaseEditor|x64.Build.0 = ReleaseEditor|x64
		{C0AA9053-AA4A-4F8E-9865-59AA31873B8C}.ReleaseEditor|x86.ActiveCfg = Release|Win32
		{C0AA9053-AA4A-4F8E-9865-59AA31873B8C}.ReleaseEditor|x86.Build.0 = Release|Win32
		{DA5BBFB7-C4FB-4663-9DDC-4D4B5EC82D5F}.Debug|Any CPU.ActiveCfg = Debug|x64
		{DA5BBFB7-C4FB-4663-9DDC-4D4B5EC82D5F}.Debug|Any CPU.Build.0 = Debug|x64
		{DA5BBFB7-C4FB-4663-9DDC-4D4B5EC82D5F}.Debug|x64.ActiveCfg = Debug|x64
		{DA5BBFB7-C4FB-4663-9DDC-4D4B5EC82D5F}.Debug|x64.Build.0 = Debug|x64
		{DA5BBFB7-C4FB-4663-9DDC-4D4B5EC82D5F}.Debug|x86.ActiveCfg = Debug|Win32
		{DA5BBFB7-C4FB-4663-9DDC-4D4B5EC82D5F}.Debug|x86.Build.0 = Debug|Win32
		{DA5BBFB7-C4FB-4663-9DDC-4D4B5EC82D5F}.DebugEditor|Any CPU.ActiveCfg = DebugEditor|x64
		{DA5BBFB7-C4FB-4663-9DDC-4D4B5EC82D5F}.DebugEditor|Any CPU.Build.0 = DebugEditor|x64
		{DA5BBFB7-C4FB-4663-9DDC-4D4B5EC82D5F}.DebugEditor|x64.ActiveCfg = DebugEditor|x64
		{DA5BBFB7-C4FB-4663-9DDC-4D4B5EC82D5F}.DebugEditor|x64.Build.0 = DebugEditor|x64
		{DA5BBFB7-C4FB-4663-9DDC-4D4B5EC82D5F}.DebugEditor|x86.ActiveCfg = Debug|Win32
		{DA5BBFB7-C4FB-4663-9DDC-4D4B5EC82D5F}.DebugEditor|x86.Build.0 = Debug|Win32
		{DA5BBFB7-C4FB-4663-9DDC-4D4B5EC82D5F}.Release|Any CPU.ActiveCfg = Release|x64
		{DA5BBFB7-C4FB-4663-9DDC-4D4B5EC82D5F}.Release|Any CPU.Build.0 = Release|x64
		{DA5BBFB7-C4FB-4663-9DDC-4D4B5EC82D5F}.Release|x64.ActiveCfg = Release|x64
		{DA5BBFB7-C4FB-4663-9DDC-4D4B5EC82D5F}.Release|x64.Build.0 = Release|x64
		{DA5BBFB7-C4FB-4663-9DDC-4D4B5EC82D5F}.Release|x86.ActiveCfg = Release|Win32
		{DA5BBFB7-C4FB-4663-9DDC-4D4B5EC82D5F}.Release|x86.Build.0 = Release|Win32
		{DA5BBFB7-C4FB-4663-9DDC-4D4B5EC82D5F}.ReleaseEditor|Any CPU.ActiveCfg = ReleaseEditor|x64
		{DA5BBFB7-C4FB-4663-9DDC-4D4B5EC82D5F}.ReleaseEditor|Any CPU.Build.0 = ReleaseEditor|x64
		{DA5BBFB7-C4FB-4663-9DDC-4D4B5EC82D5F}.ReleaseEditor|x64.ActiveCfg = ReleaseEditor|x64
		{DA5BBFB7-C4FB-4663-9DDC-4D4B5EC82D5F}.ReleaseEditor|x64.Build.0 = ReleaseEditor|x64
		{DA5BBFB7-C4FB-4663-9DDC-4D4B5EC82D5F}.ReleaseEditor|x86.ActiveCfg = Release|Win32
		{DA5BBFB7-C4FB-4663-9DDC-4D4B5EC82D5F}.ReleaseEditor|x86.Build.0 = Release|Win32
		{133FD9DA-4BDB-4DA1-BE06-D61D62371F74}.Debug|Any CPU.ActiveCfg = Debug|x64
		{133FD9DA-4BDB-4DA1-BE06-D61D62371F74}.Debug|Any CPU.Build.0 = Debug|x64
		{133FD9DA-4BDB-4DA1-BE06-D61D62371F74}.Debug|x64.ActiveCfg = Debug|x64
		{133FD9DA-4BDB-4DA1-BE06-D61D62371F74}.Debug|x64.Build.0 = Debug|x64
		{133FD9DA-4BDB-4DA1-BE06-D61D62371F74}.Debug|x86.ActiveCfg = Debug|Win32
		{133FD9DA-4BDB-4DA1-BE06-D61D62371F74}.Debug|x86.Build.0 = Debug|Win32
		{133FD9DA-4BDB-4DA1-BE06-D61D62371F74}.DebugEditor|Any CPU.ActiveCfg = DebugEditor|x64
		{133FD9DA-4BDB-4DA1-BE06-D61D62371F74}.DebugEditor|Any CPU.Build.0 = DebugEditor|x64
		{133FD9DA-4BDB-4DA1-BE06-D61D62371F74}.DebugEditor|x64.ActiveCfg = DebugEditor|x64
		{133FD9DA-4BDB-4DA1-BE06-D61D62371F74}.DebugEditor|x64.Build.0 = DebugEditor|x64
		{133FD9DA-4BDB-4DA1-BE06-D61D62371F74}.DebugEditor|x86.ActiveCfg = Debug|Win32
		{133FD9DA-4BDB-4DA1-BE06-D61D62371F74}.DebugEditor|x86.Build.0 = Debug|Win32
		{133FD9DA-4BDB-4DA1-BE06-D61D62371F74}.Release|Any CPU.ActiveCfg = Release|x64
		{133FD9DA-4BDB-4DA1-BE06-D61D62371F74}.Release|Any CPU.Build.0 = Release|x64
		{133FD9DA-4BDB-4DA1-BE06-D61D62371F74}.Release|x64.ActiveCfg = Release|x64
		{133FD9DA-4BDB-4DA1-BE06-D61D62371F74}.Release|x64.Build.0 = Release|x64
		{133FD9DA-4BDB-4DA1-BE06-D61D62371F74}.Release|x86.ActiveCfg = Release|Win32
		{133FD9DA-4BDB-4DA1-BE06-D61D62371F74}.Release|x86.Build.0 = Release|Win32
		{133FD9DA-4BDB-4DA1-BE06-D61D62371F74}.ReleaseEditor|Any CPU.ActiveCfg = ReleaseEditor|x64
		{133FD9DA-4BDB-4DA1-BE06-D61D62371F74}.ReleaseEditor|Any CPU.Build.0 = ReleaseEditor|x64
		{133FD9DA-4BDB-4DA1-BE06-D61D62371F74}.ReleaseEditor|x64.ActiveCfg = ReleaseEditor|x64
		{133FD9DA-4BDB-4DA1-BE06-D61D62371F74}.ReleaseEditor|x64.Build.0 = ReleaseEditor|x64
		{133FD9DA-4BDB-4DA1-BE06-D61D62371F74}.ReleaseEditor|x86.ActiveCfg = Release|Win32
		{133FD9DA-4BDB-4DA1-BE06-D61D62371F74}.ReleaseEditor|x86.Build.0 = Release|Win32
		{1BDE3610-B3DF-483C-9EF6-4116D0770F3C}.Debug|Any CPU.ActiveCfg = Debug|Any CPU
		{1BDE3610-B3DF-483C-9EF6-4116D0770F3C}.Debug|Any CPU.Build.0 = Debug|Any CPU
		{1BDE3610-B3DF-483C-9EF6-4116D0770F3C}.Debug|x64.ActiveCfg = Debug|Any CPU
		{1BDE3610-B3DF-483C-9EF6-4116D0770F3C}.Debug|x64.Build.0 = Debug|Any CPU
		{1BDE3610-B3DF-483C-9EF6-4116D0770F3C}.Debug|x86.ActiveCfg = Debug|Any CPU
		{1BDE3610-B3DF-483C-9EF6-4116D0770F3C}.Debug|x86.Build.0 = Debug|Any CPU
		{1BDE3610-B3DF-483C-9EF6-4116D0770F3C}.DebugEditor|Any CPU.ActiveCfg = Debug|Any CPU
		{1BDE3610-B3DF-483C-9EF6-4116D0770F3C}.DebugEditor|Any CPU.Build.0 = Debug|Any CPU
		{1BDE3610-B3DF-483C-9EF6-4116D0770F3C}.DebugEditor|x64.ActiveCfg = Debug|Any CPU
		{1BDE3610-B3DF-483C-9EF6-4116D0770F3C}.DebugEditor|x64.Build.0 = Debug|Any CPU
		{1BDE3610-B3DF-483C-9EF6-4116D0770F3C}.DebugEditor|x86.ActiveCfg = Debug|Any CPU
		{1BDE3610-B3DF-483C-9EF6-4116D0770F3C}.DebugEditor|x86.Build.0 = Debug|Any CPU
		{1BDE3610-B3DF-483C-9EF6-4116D0770F3C}.Release|Any CPU.ActiveCfg = Release|Any CPU
		{1BDE3610-B3DF-483C-9EF6-4116D0770F3C}.Release|Any CPU.Build.0 = Release|Any CPU
		{1BDE3610-B3DF-483C-9EF6-4116D0770F3C}.Release|x64.ActiveCfg = Release|Any CPU
		{1BDE3610-B3DF-483C-9EF6-4116D0770F3C}.Release|x64.Build.0 = Release|Any CPU
		{1BDE3610-B3DF-483C-9EF6-4116D0770F3C}.Release|x86.ActiveCfg = Release|Any CPU
		{1BDE3610-B3DF-483C-9EF6-4116D0770F3C}.Release|x86.Build.0 = Release|Any CPU
		{1BDE3610-B3DF-483C-9EF6-4116D0770F3C}.ReleaseEditor|Any CPU.ActiveCfg = Release|Any CPU
		{1BDE3610-B3DF-483C-9EF6-4116D0770F3C}.ReleaseEditor|Any CPU.Build.0 = Release|Any CPU
		{1BDE3610-B3DF-483C-9EF6-4116D0770F3C}.ReleaseEditor|x64.ActiveCfg = Release|Any CPU
		{1BDE3610-B3DF-483C-9EF6-4116D0770F3C}.ReleaseEditor|x64.Build.0 = Release|Any CPU
		{1BDE3610-B3DF-483C-9EF6-4116D0770F3C}.ReleaseEditor|x86.ActiveCfg = Release|Any CPU
		{1BDE3610-B3DF-483C-9EF6-4116D0770F3C}.ReleaseEditor|x86.Build.0 = Release|Any CPU
		{8EACE495-6C57-A39F-6759-40CC8D98ABC9}.Debug|Any CPU.ActiveCfg = Debug|x64
		{8EACE495-6C57-A39F-6759-40CC8D98ABC9}.Debug|Any CPU.Build.0 = Debug|x64
		{8EACE495-6C57-A39F-6759-40CC8D98ABC9}.Debug|x64.ActiveCfg = Debug|x64
		{8EACE495-6C57-A39F-6759-40CC8D98ABC9}.Debug|x64.Build.0 = Debug|x64
		{8EACE495-6C57-A39F-6759-40CC8D98ABC9}.Debug|x86.ActiveCfg = Debug|Win32
		{8EACE495-6C57-A39F-6759-40CC8D98ABC9}.Debug|x86.Build.0 = Debug|Win32
		{8EACE495-6C57-A39F-6759-40CC8D98ABC9}.DebugEditor|Any CPU.ActiveCfg = Debug|x64
		{8EACE495-6C57-A39F-6759-40CC8D98ABC9}.DebugEditor|Any CPU.Build.0 = Debug|x64
		{8EACE495-6C57-A39F-6759-40CC8D98ABC9}.DebugEditor|x64.ActiveCfg = Debug|x64
		{8EACE495-6C57-A39F-6759-40CC8D98ABC9}.DebugEditor|x64.Build.0 = Debug|x64
		{8EACE495-6C57-A39F-6759-40CC8D98ABC9}.DebugEditor|x86.ActiveCfg = Debug|Win32
		{8EACE495-6C57-A39F-6759-40CC8D98ABC9}.DebugEditor|x86.Build.0 = Debug|Win32
		{8EACE495-6C57-A39F-6759-40CC8D98ABC9}.Release|Any CPU.ActiveCfg = Release|x64
		{8EACE495-6C57-A39F-6759-40CC8D98ABC9}.Release|Any CPU.Build.0 = Release|x64
		{8EACE495-6C57-A39F-6759-40CC8D98ABC9}.Release|x64.ActiveCfg = Release|x64
		{8EACE495-6C57-A39F-6759-40CC8D98ABC9}.Release|x64.Build.0 = Release|x64
		{8EACE495-6C57-A39F-6759-40CC8D98ABC9}.Release|x86.ActiveCfg = Release|Win32
		{8EACE495-6C57-A39F-6759-40CC8D98ABC9}.Release|x86.Build.0 = Release|Win32
		{8EACE495-6C57-A39F-6759-40CC8D98ABC9}.ReleaseEditor|Any CPU.ActiveCfg = Release|x64
		{8EACE495-6C57-A39F-6759-40CC8D98ABC9}.ReleaseEditor|Any CPU.Build.0 = Release|x64
		{8EACE495-6C57-A39F-6759-40CC8D98ABC9}.ReleaseEditor|x64.ActiveCfg = Release|x64
		{8EACE495-6C57-A39F-6759-40CC8D98ABC9}.ReleaseEditor|x64.Build.0 = Release|x64
		{8EACE495-6C57-A39F-6759-40CC8D98ABC9}.ReleaseEditor|x86.ActiveCfg = Release|Win32
		{8EACE495-6C57-A39F-6759-40CC8D98ABC9}.ReleaseEditor|x86.Build.0 = Release|Win32
		{D9C8C7D3-184C-422D-A9BB-5E283B3B7571}.Debug|Any CPU.ActiveCfg = Debug|x64
		{D9C8C7D3-184C-422D-A9BB-5E283B3B7571}.Debug|Any CPU.Build.0 = Debug|x64
		{D9C8C7D3-184C-422D-A9BB-5E283B3B7571}.Debug|x64.ActiveCfg = Debug|x64
		{D9C8C7D3-184C-422D-A9BB-5E283B3B7571}.Debug|x64.Build.0 = Debug|x64
		{D9C8C7D3-184C-422D-A9BB-5E283B3B7571}.Debug|x86.ActiveCfg = Debug|Win32
		{D9C8C7D3-184C-422D-A9BB-5E283B3B7571}.Debug|x86.Build.0 = Debug|Win32
		{D9C8C7D3-184C-422D-A9BB-5E283B3B7571}.DebugEditor|Any CPU.ActiveCfg = DebugEditor|x64
		{D9C8C7D3-184C-422D-A9BB-5E283B3B7571}.DebugEditor|Any CPU.Build.0 = DebugEditor|x64
		{D9C8C7D3-184C-422D-A9BB-5E283B3B7571}.DebugEditor|x64.ActiveCfg = DebugEditor|x64
		{D9C8C7D3-184C-422D-A9BB-5E283B3B7571}.DebugEditor|x64.Build.0 = DebugEditor|x64
		{D9C8C7D3-184C-422D-A9BB-5E283B3B7571}.DebugEditor|x86.ActiveCfg = Debug|Win32
		{D9C8C7D3-184C-422D-A9BB-5E283B3B7571}.DebugEditor|x86.Build.0 = Debug|Win32
		{D9C8C7D3-184C-422D-A9BB-5E283B3B7571}.Release|Any CPU.ActiveCfg = Release|x64
		{D9C8C7D3-184C-422D-A9BB-5E283B3B7571}.Release|Any CPU.Build.0 = Release|x64
		{D9C8C7D3-184C-422D-A9BB-5E283B3B7571}.Release|x64.ActiveCfg = Release|x64
		{D9C8C7D3-184C-422D-A9BB-5E283B3B7571}.Release|x64.Build.0 = Release|x64
		{D9C8C7D3-184C-422D-A9BB-5E283B3B7571}.Release|x86.ActiveCfg = Release|Win32
		{D9C8C7D3-184C-422D-A9BB-5E283B3B7571}.Release|x86.Build.0 = Release|Win32
		{D9C8C7D3-184C-422D-A9BB-5E283B3B7571}.ReleaseEditor|Any CPU.ActiveCfg = ReleaseEditor|x64
		{D9C8C7D3-184C-422D-A9BB-5E283B3B7571}.ReleaseEditor|Any CPU.Build.0 = ReleaseEditor|x64
		{D9C8C7D3-184C-422D-A9BB-5E283B3B7571}.ReleaseEditor|x64.ActiveCfg = ReleaseEditor|x64
		{D9C8C7D3-184C-422D-A9BB-5E283B3B7571}.ReleaseEditor|x64.Build.0 = ReleaseEditor|x64
		{D9C8C7D3-184C-422D-A9BB-5E283B3B7571}.ReleaseEditor|x86.ActiveCfg = Release|Win32
		{D9C8C7D3-184C-422D-A9BB-5E283B3B7571}.ReleaseEditor|x86.Build.0 = Release|Win32
		{E9EC638E-7702-4FBA-9AFC-47D15644B305}.Debug|Any CPU.ActiveCfg = Debug|x64
		{E9EC638E-7702-4FBA-9AFC-47D15644B305}.Debug|Any CPU.Build.0 = Debug|x64
		{E9EC638E-7702-4FBA-9AFC-47D15644B305}.Debug|x64.ActiveCfg = Debug|x64
		{E9EC638E-7702-4FBA-9AFC-47D15644B305}.Debug|x64.Build.0 = Debug|x64
		{E9EC638E-7702-4FBA-9AFC-47D15644B305}.Debug|x86.ActiveCfg = Debug|Win32
		{E9EC638E-7702-4FBA-9AFC-47D15644B305}.Debug|x86.Build.0 = Debug|Win32
		{E9EC638E-7702-4FBA-9AFC-47D15644B305}.DebugEditor|Any CPU.ActiveCfg = DebugEditor|x64
		{E9EC638E-7702-4FBA-9AFC-47D15644B305}.DebugEditor|Any CPU.Build.0 = DebugEditor|x64
		{E9EC638E-7702-4FBA-9AFC-47D15644B305}.DebugEditor|x64.ActiveCfg = DebugEditor|x64
		{E9EC638E-7702-4FBA-9AFC-47D15644B305}.DebugEditor|x64.Build.0 = DebugEditor|x64
		{E9EC638E-7702-4FBA-9AFC-47D15644B305}.DebugEditor|x86.ActiveCfg = Debug|Win32
		{E9EC638E-7702-4FBA-9AFC-47D15644B305}.DebugEditor|x86.Build.0 = Debug|Win32
		{E9EC638E-7702-4FBA-9AFC-47D15644B305}.Release|Any CPU.ActiveCfg = Release|x64
		{E9EC638E-7702-4FBA-9AFC-47D15644B305}.Release|Any CPU.Build.0 = Release|x64
		{E9EC638E-7702-4FBA-9AFC-47D15644B305}.Release|x64.ActiveCfg = Release|x64
		{E9EC638E-7702-4FBA-9AFC-47D15644B305}.Release|x64.Build.0 = Release|x64
		{E9EC638E-7702-4FBA-9AFC-47D15644B305}.Release|x86.ActiveCfg = Release|Win32
		{E9EC638E-7702-4FBA-9AFC-47D15644B305}.Release|x86.Build.0 = Release|Win32
		{E9EC638E-7702-4FBA-9AFC-47D15644B305}.ReleaseEditor|Any CPU.ActiveCfg = ReleaseEditor|x64
		{E9EC638E-7702-4FBA-9AFC-47D15644B305}.ReleaseEditor|Any CPU.Build.0 = ReleaseEditor|x64
		{E9EC638E-7702-4FBA-9AFC-47D15644B305}.ReleaseEditor|x64.ActiveCfg = ReleaseEditor|x64
		{E9EC638E-7702-4FBA-9AFC-47D15644B305}.ReleaseEditor|x64.Build.0 = ReleaseEditor|x64
		{E9EC638E-7702-4FBA-9AFC-47D15644B305}.ReleaseEditor|x86.ActiveCfg = Release|Win32
		{E9EC638E-7702-4FBA-9AFC-47D15644B305}.ReleaseEditor|x86.Build.0 = Release|Win32
		{7E4D57E2-BE52-4B84-AA2B-5754349231A1}.Debug|Any CPU.ActiveCfg = Debug|x64
		{7E4D57E2-BE52-4B84-AA2B-5754349231A1}.Debug|Any CPU.Build.0 = Debug|x64
		{7E4D57E2-BE52-4B84-AA2B-5754349231A1}.Debug|x64.ActiveCfg = Debug|x64
		{7E4D57E2-BE52-4B84-AA2B-5754349231A1}.Debug|x64.Build.0 = Debug|x64
		{7E4D57E2-BE52-4B84-AA2B-5754349231A1}.Debug|x86.ActiveCfg = Debug|Win32
		{7E4D57E2-BE52-4B84-AA2B-5754349231A1}.Debug|x86.Build.0 = Debug|Win32
		{7E4D57E2-BE52-4B84-AA2B-5754349231A1}.DebugEditor|Any CPU.ActiveCfg = Debug|x64
		{7E4D57E2-BE52-4B84-AA2B-5754349231A1}.DebugEditor|Any CPU.Build.0 = Debug|x64
		{7E4D57E2-BE52-4B84-AA2B-5754349231A1}.DebugEditor|x64.ActiveCfg = Debug|x64
		{7E4D57E2-BE52-4B84-AA2B-5754349231A1}.DebugEditor|x64.Build.0 = Debug|x64
		{7E4D57E2-BE52-4B84-AA2B-5754349231A1}.DebugEditor|x86.ActiveCfg = Debug|Win32
		{7E4D57E2-BE52-4B84-AA2B-5754349231A1}.DebugEditor|x86.Build.0 = Debug|Win32
		{7E4D57E2-BE52-4B84-AA2B-5754349231A1}.Release|Any CPU.ActiveCfg = Release|x64
		{7E4D57E2-BE52-4B84-AA2B-5754349231A1}.Release|Any CPU.Build.0 = Release|x64
		{7E4D57E2-BE52-4B84-AA2B-5754349231A1}.Release|x64.ActiveCfg = Release|x64
		{7E4D57E2-BE52-4B84-AA2B-5754349231A1}.Release|x64.Build.0 = Release|x64
		{7E4D57E2-BE52-4B84-AA2B-5754349231A1}.Release|x86.ActiveCfg = Release|Win32
		{7E4D57E2-BE52-4B84-AA2B-5754349231A1}.Release|x86.Build.0 = Release|Win32
		{7E4D57E2-BE52-4B84-AA2B-5754349231A1}.ReleaseEditor|Any CPU.ActiveCfg = Release|x64
		{7E4D57E2-BE52-4B84-AA2B-5754349231A1}.ReleaseEditor|Any CPU.Build.0 = Release|x64
		{7E4D57E2-BE52-4B84-AA2B-5754349231A1}.ReleaseEditor|x64.ActiveCfg = Release|x64
		{7E4D57E2-BE52-4B84-AA2B-5754349231A1}.ReleaseEditor|x64.Build.0 = Release|x64
		{7E4D57E2-BE52-4B84-AA2B-5754349231A1}.ReleaseEditor|x86.ActiveCfg = Release|Win32
		{7E4D57E2-BE52-4B84-AA2B-5754349231A1}.ReleaseEditor|x86.Build.0 = Release|Win32
		{EBF304B9-1108-4611-9D8A-001D66BAFB6F}.Debug|Any CPU.ActiveCfg = Debug|x64
		{EBF304B9-1108-4611-9D8A-001D66BAFB6F}.Debug|Any CPU.Build.0 = Debug|x64
		{EBF304B9-1108-4611-9D8A-001D66BAFB6F}.Debug|x64.ActiveCfg = Debug|x64
		{EBF304B9-1108-4611-9D8A-001D66BAFB6F}.Debug|x64.Build.0 = Debug|x64
		{EBF304B9-1108-4611-9D8A-001D66BAFB6F}.Debug|x86.ActiveCfg = Debug|Win32
		{EBF304B9-1108-4611-9D8A-001D66BAFB6F}.Debug|x86.Build.0 = Debug|Win32
		{EBF304B9-1108-4611-9D8A-001D66BAFB6F}.DebugEditor|Any CPU.ActiveCfg = Debug|x64
		{EBF304B9-1108-4611-9D8A-001D66BAFB6F}.DebugEditor|Any CPU.Build.0 = Debug|x64
		{EBF304B9-1108-4611-9D8A-001D66BAFB6F}.DebugEditor|x64.ActiveCfg = DebugEditor|x64
		{EBF304B9-1108-4611-9D8A-001D66BAFB6F}.DebugEditor|x64.Build.0 = DebugEditor|x64
		{EBF304B9-1108-4611-9D8A-001D66BAFB6F}.DebugEditor|x86.ActiveCfg = Debug|Win32
		{EBF304B9-1108-4611-9D8A-001D66BAFB6F}.DebugEditor|x86.Build.0 = Debug|Win32
		{EBF304B9-1108-4611-9D8A-001D66BAFB6F}.Release|Any CPU.ActiveCfg = Release|x64
		{EBF304B9-1108-4611-9D8A-001D66BAFB6F}.Release|Any CPU.Build.0 = Release|x64
		{EBF304B9-1108-4611-9D8A-001D66BAFB6F}.Release|x64.ActiveCfg = Release|x64
		{EBF304B9-1108-4611-9D8A-001D66BAFB6F}.Release|x64.Build.0 = Release|x64
		{EBF304B9-1108-4611-9D8A-001D66BAFB6F}.Release|x86.ActiveCfg = Release|Win32
		{EBF304B9-1108-4611-9D8A-001D66BAFB6F}.Release|x86.Build.0 = Release|Win32
		{EBF304B9-1108-4611-9D8A-001D66BAFB6F}.ReleaseEditor|Any CPU.ActiveCfg = Release|x64
		{EBF304B9-1108-4611-9D8A-001D66BAFB6F}.ReleaseEditor|Any CPU.Build.0 = Release|x64
		{EBF304B9-1108-4611-9D8A-001D66BAFB6F}.ReleaseEditor|x64.ActiveCfg = ReleaseEditor|x64
		{EBF304B9-1108-4611-9D8A-001D66BAFB6F}.ReleaseEditor|x86.ActiveCfg = Release|Win32
		{EBF304B9-1108-4611-9D8A-001D66BAFB6F}.ReleaseEditor|x86.Build.0 = Release|Win32
	EndGlobalSection
	GlobalSection(SolutionProperties) = preSolution
		HideSolutionNode = FALSE
	EndGlobalSection
	GlobalSection(NestedProjects) = preSolution
		{52B20422-474D-5734-629F-99A1F7DE9787} = {50D8E0AB-1D04-4E4A-817D-E1CC6E373BA7}
		{C56311D7-823B-4CEA-BC18-4E55F615AD78} = {C8D5274F-AC00-46C7-1F8D-E88E81087A52}
		{C0AA9053-AA4A-4F8E-9865-59AA31873B8C} = {C8D5274F-AC00-46C7-1F8D-E88E81087A52}
		{DA5BBFB7-C4FB-4663-9DDC-4D4B5EC82D5F} = {C8D5274F-AC00-46C7-1F8D-E88E81087A52}
		{133FD9DA-4BDB-4DA1-BE06-D61D62371F74} = {C8D5274F-AC00-46C7-1F8D-E88E81087A52}
		{1BDE3610-B3DF-483C-9EF6-4116D0770F3C} = {C8D5274F-AC00-46C7-1F8D-E88E81087A52}
		{8EACE495-6C57-A39F-6759-40CC8D98ABC9} = {C8D5274F-AC00-46C7-1F8D-E88E81087A52}
		{D9C8C7D3-184C-422D-A9BB-5E283B3B7571} = {C8D5274F-AC00-46C7-1F8D-E88E81087A52}
		{7E4D57E2-BE52-4B84-AA2B-5754349231A1} = {50D8E0AB-1D04-4E4A-817D-E1CC6E373BA7}
		{EBF304B9-1108-4611-9D8A-001D66BAFB6F} = {C8D5274F-AC00-46C7-1F8D-E88E81087A52}
	EndGlobalSection
	GlobalSection(ExtensibilityGlobals) = postSolution
		SolutionGuid = {B4644428-6DCA-4D0E-82B3-7C42C4F1F5AD}
	EndGlobalSection
EndGlobal
