
Microsoft Visual Studio Solution File, Format Version 12.00
# Visual Studio Version 17
VisualStudioVersion = 17.12.35707.178
MinimumVisualStudioVersion = 10.0.40219.1
Project("{2150E333-8FDC-42A3-9474-1A3956D46DE8}") = "Solution Items", "Solution Items", "{CCB6EDAC-4250-4D40-9BA8-D588FDD40645}"
	ProjectSection(SolutionItems) = preProject
		.editorconfig = .editorconfig
	EndProjectSection
EndProject
Project("{8BC9CEB8-8B4A-11D0-8D11-00A0C91BC942}") = "GameEngine", "GameEngine\GameEngine.vcxproj", "{84FD41B3-DE6F-4849-B1F4-6EA34A891299}"
EndProject
Project("{8BC9CEB8-8B4A-11D0-8D11-00A0C91BC942}") = "ProjectVG", "ProjectVG\ProjectVG.vcxproj", "{896040A8-4B36-4419-86FD-E2A066A26818}"
EndProject
Project("{8BC9CEB8-8B4A-11D0-8D11-00A0C91BC942}") = "GraphicsEngine", "GraphicsEngine\GraphicsEngine.vcxproj", "{430787D0-E854-42B2-B20B-FEB0DA87A60A}"
EndProject
Project("{8BC9CEB8-8B4A-11D0-8D11-00A0C91BC942}") = "FileSystem", "FileSystem\FileSystem.vcxproj", "{AE54BBA5-ECD5-4665-BFD1-F654AA0AF719}"
EndProject
Global
	GlobalSection(SolutionConfigurationPlatforms) = preSolution
		Debug|x64 = Debug|x64
		Debug|x86 = Debug|x86
		Release|x64 = Release|x64
		Release|x86 = Release|x86
	EndGlobalSection
	GlobalSection(ProjectConfigurationPlatforms) = postSolution
		{84FD41B3-DE6F-4849-B1F4-6EA34A891299}.Debug|x64.ActiveCfg = Debug|x64
		{84FD41B3-DE6F-4849-B1F4-6EA34A891299}.Debug|x64.Build.0 = Debug|x64
		{84FD41B3-DE6F-4849-B1F4-6EA34A891299}.Debug|x86.ActiveCfg = Debug|Win32
		{84FD41B3-DE6F-4849-B1F4-6EA34A891299}.Debug|x86.Build.0 = Debug|Win32
		{84FD41B3-DE6F-4849-B1F4-6EA34A891299}.Release|x64.ActiveCfg = Release|x64
		{84FD41B3-DE6F-4849-B1F4-6EA34A891299}.Release|x64.Build.0 = Release|x64
		{84FD41B3-DE6F-4849-B1F4-6EA34A891299}.Release|x86.ActiveCfg = Release|Win32
		{84FD41B3-DE6F-4849-B1F4-6EA34A891299}.Release|x86.Build.0 = Release|Win32
		{896040A8-4B36-4419-86FD-E2A066A26818}.Debug|x64.ActiveCfg = Debug|x64
		{896040A8-4B36-4419-86FD-E2A066A26818}.Debug|x64.Build.0 = Debug|x64
		{896040A8-4B36-4419-86FD-E2A066A26818}.Debug|x86.ActiveCfg = Debug|Win32
		{896040A8-4B36-4419-86FD-E2A066A26818}.Debug|x86.Build.0 = Debug|Win32
		{896040A8-4B36-4419-86FD-E2A066A26818}.Release|x64.ActiveCfg = Release|x64
		{896040A8-4B36-4419-86FD-E2A066A26818}.Release|x64.Build.0 = Release|x64
		{896040A8-4B36-4419-86FD-E2A066A26818}.Release|x86.ActiveCfg = Release|Win32
		{896040A8-4B36-4419-86FD-E2A066A26818}.Release|x86.Build.0 = Release|Win32
		{430787D0-E854-42B2-B20B-FEB0DA87A60A}.Debug|x64.ActiveCfg = Debug|x64
		{430787D0-E854-42B2-B20B-FEB0DA87A60A}.Debug|x64.Build.0 = Debug|x64
		{430787D0-E854-42B2-B20B-FEB0DA87A60A}.Debug|x86.ActiveCfg = Debug|Win32
		{430787D0-E854-42B2-B20B-FEB0DA87A60A}.Debug|x86.Build.0 = Debug|Win32
		{430787D0-E854-42B2-B20B-FEB0DA87A60A}.Release|x64.ActiveCfg = Release|x64
		{430787D0-E854-42B2-B20B-FEB0DA87A60A}.Release|x64.Build.0 = Release|x64
		{430787D0-E854-42B2-B20B-FEB0DA87A60A}.Release|x86.ActiveCfg = Release|Win32
		{430787D0-E854-42B2-B20B-FEB0DA87A60A}.Release|x86.Build.0 = Release|Win32
		{AE54BBA5-ECD5-4665-BFD1-F654AA0AF719}.Debug|x64.ActiveCfg = Debug|x64
		{AE54BBA5-ECD5-4665-BFD1-F654AA0AF719}.Debug|x64.Build.0 = Debug|x64
		{AE54BBA5-ECD5-4665-BFD1-F654AA0AF719}.Debug|x86.ActiveCfg = Debug|Win32
		{AE54BBA5-ECD5-4665-BFD1-F654AA0AF719}.Debug|x86.Build.0 = Debug|Win32
		{AE54BBA5-ECD5-4665-BFD1-F654AA0AF719}.Release|x64.ActiveCfg = Release|x64
		{AE54BBA5-ECD5-4665-BFD1-F654AA0AF719}.Release|x64.Build.0 = Release|x64
		{AE54BBA5-ECD5-4665-BFD1-F654AA0AF719}.Release|x86.ActiveCfg = Release|Win32
		{AE54BBA5-ECD5-4665-BFD1-F654AA0AF719}.Release|x86.Build.0 = Release|Win32
	EndGlobalSection
	GlobalSection(SolutionProperties) = preSolution
		HideSolutionNode = FALSE
	EndGlobalSection
	GlobalSection(ExtensibilityGlobals) = postSolution
		SolutionGuid = {B4644428-6DCA-4D0E-82B3-7C42C4F1F5AD}
	EndGlobalSection
EndGlobal
