<?xml version="1.0" encoding="utf-8"?>
<Project ToolsVersion="4.0" xmlns="http://schemas.microsoft.com/developer/msbuild/2003">
  <ItemGroup>
    <Filter Include="소스 파일">
      <UniqueIdentifier>{4FC737F1-C7A5-4376-A066-2A32D752A2FF}</UniqueIdentifier>
      <Extensions>cpp;c;cc;cxx;c++;cppm;ixx;def;odl;idl;hpj;bat;asm;asmx</Extensions>
    </Filter>
    <Filter Include="헤더 파일">
      <UniqueIdentifier>{93995380-89BD-4b04-88EB-625FBE52EBFB}</UniqueIdentifier>
      <Extensions>h;hh;hpp;hxx;h++;hm;inl;inc;ipp;xsd</Extensions>
    </Filter>
    <Filter Include="리소스 파일">
      <UniqueIdentifier>{67DA6AB6-F800-4c08-8B7A-83BB121AAD01}</UniqueIdentifier>
      <Extensions>rc;ico;cur;bmp;dlg;rc2;rct;bin;rgs;gif;jpg;jpeg;jpe;resx;tiff;tif;png;wav;mfcribbon-ms</Extensions>
    </Filter>
    <Filter Include="Exceptions">
      <UniqueIdentifier>{15e48af5-705b-422e-a82c-e54caa2e12bd}</UniqueIdentifier>
    </Filter>
    <Filter Include="Controller">
      <UniqueIdentifier>{64e9e293-6fab-4c86-b80c-9fac2ca5a43d}</UniqueIdentifier>
    </Filter>
    <Filter Include="Adapter">
      <UniqueIdentifier>{d0644928-2a69-48cc-84c9-6e8742ee01d7}</UniqueIdentifier>
    </Filter>
  </ItemGroup>
  <ItemGroup>
    <ClInclude Include="pch.h">
      <Filter>헤더 파일</Filter>
    </ClInclude>
    <ClInclude Include="InputModule.h">
      <Filter>헤더 파일</Filter>
    </ClInclude>
    <ClInclude Include="Exceptions.h">
      <Filter>Exceptions</Filter>
    </ClInclude>
    <ClInclude Include="Requires.h">
      <Filter>헤더 파일</Filter>
    </ClInclude>
    <ClInclude Include="Controller.h">
      <Filter>Controller</Filter>
    </ClInclude>
    <ClInclude Include="Adapter.h">
      <Filter>Adapter</Filter>
    </ClInclude>
    <ClInclude Include="ControllerTypes.h">
      <Filter>Controller</Filter>
    </ClInclude>
  </ItemGroup>
  <ItemGroup>
    <ClCompile Include="pch.cpp">
      <Filter>소스 파일</Filter>
    </ClCompile>
    <ClCompile Include="Exceptions.cpp">
      <Filter>Exceptions</Filter>
    </ClCompile>
    <ClCompile Include="Controller.cpp">
      <Filter>Controller</Filter>
    </ClCompile>
    <ClCompile Include="Adapter.cpp">
      <Filter>Adapter</Filter>
    </ClCompile>
    <ClCompile Include="ControllerTypes.cpp">
      <Filter>Controller</Filter>
    </ClCompile>
  </ItemGroup>
</Project>