<?xml version="1.0" encoding="utf-8"?>
<Project ToolsVersion="4.0" xmlns="http://schemas.microsoft.com/developer/msbuild/2003">
  <ItemGroup>
    <FxCompile Include="..\Shaders\cs_brdf_lut.hlsl">
      <Filter>Shaders\cs</Filter>
    </FxCompile>
    <FxCompile Include="..\Shaders\cs_calculate_motion_vector.hlsl">
      <Filter>Shaders\cs</Filter>
    </FxCompile>
    <FxCompile Include="..\Shaders\cs_compute_ribbon.hlsl">
      <Filter>Shaders\cs</Filter>
    </FxCompile>
    <FxCompile Include="..\Shaders\cs_compute_sprite.hlsl">
      <Filter>Shaders\cs</Filter>
    </FxCompile>
    <FxCompile Include="..\Shaders\cs_cube_texture_convertor.hlsl">
      <Filter>Shaders\cs</Filter>
    </FxCompile>
    <FxCompile Include="..\Shaders\cs_generate_ssgi.hlsl">
      <Filter>Shaders\cs</Filter>
    </FxCompile>
    <FxCompile Include="..\Shaders\cs_irradiance_map.hlsl">
      <Filter>Shaders\cs</Filter>
    </FxCompile>
    <FxCompile Include="..\Shaders\cs_light_accumulation.hlsl">
      <Filter>Shaders\cs</Filter>
    </FxCompile>
    <FxCompile Include="..\Shaders\cs_light_injection.hlsl">
      <Filter>Shaders\cs</Filter>
    </FxCompile>
    <FxCompile Include="..\Shaders\cs_prefiltered_map.hlsl">
      <Filter>Shaders\cs</Filter>
    </FxCompile>
    <FxCompile Include="..\Shaders\cs_resolve_ui.hlsl">
      <Filter>Shaders\cs</Filter>
    </FxCompile>
    <FxCompile Include="..\Shaders\cs_skeletal_skinning.hlsl">
      <Filter>Shaders\cs</Filter>
    </FxCompile>
    <FxCompile Include="..\Shaders\cs_ssgi_temporal.hlsl">
      <Filter>Shaders\cs</Filter>
    </FxCompile>
    <FxCompile Include="..\Shaders\ps_accumulation.hlsl">
      <Filter>Shaders\ps</Filter>
    </FxCompile>
    <FxCompile Include="..\Shaders\ps_bilateral_up_sample.hlsl">
      <Filter>Shaders\ps</Filter>
    </FxCompile>
    <FxCompile Include="..\Shaders\ps_blend.hlsl">
      <Filter>Shaders\ps</Filter>
    </FxCompile>
    <FxCompile Include="..\Shaders\ps_bright_extract.hlsl">
      <Filter>Shaders\ps</Filter>
    </FxCompile>
    <FxCompile Include="..\Shaders\ps_burn_dissolve.hlsl">
      <Filter>Shaders\ps</Filter>
    </FxCompile>
    <FxCompile Include="..\Shaders\ps_distortion_resolve.hlsl">
      <Filter>Shaders\ps</Filter>
    </FxCompile>
    <FxCompile Include="..\Shaders\ps_down_sample.hlsl">
      <Filter>Shaders\ps</Filter>
    </FxCompile>
    <FxCompile Include="..\Shaders\ps_dxrgbuffer.hlsl">
      <Filter>Shaders\ps</Filter>
    </FxCompile>
    <FxCompile Include="..\Shaders\ps_fade.hlsl">
      <Filter>Shaders\ps</Filter>
    </FxCompile>
    <FxCompile Include="..\Shaders\ps_forward_pbr_lighting.hlsl">
      <Filter>Shaders\ps</Filter>
    </FxCompile>
    <FxCompile Include="..\Shaders\ps_fxaa.hlsl">
      <Filter>Shaders\ps</Filter>
    </FxCompile>
    <FxCompile Include="..\Shaders\ps_gaussianblur_x.hlsl">
      <Filter>Shaders\ps</Filter>
    </FxCompile>
    <FxCompile Include="..\Shaders\ps_gaussianblur_y.hlsl">
      <Filter>Shaders\ps</Filter>
    </FxCompile>
    <FxCompile Include="..\Shaders\ps_gbuffer.hlsl">
      <Filter>Shaders\ps</Filter>
    </FxCompile>
    <FxCompile Include="..\Shaders\ps_gbuffer_masked.hlsl">
      <Filter>Shaders\ps</Filter>
    </FxCompile>
    <FxCompile Include="..\Shaders\ps_grid.hlsl">
      <Filter>Shaders\ps</Filter>
    </FxCompile>
    <FxCompile Include="..\Shaders\ps_outline.hlsl">
      <Filter>Shaders\ps</Filter>
    </FxCompile>
    <FxCompile Include="..\Shaders\ps_particle_quad.hlsl">
      <Filter>Shaders\ps</Filter>
    </FxCompile>
    <FxCompile Include="..\Shaders\ps_particle_resolve.hlsl">
      <Filter>Shaders\ps</Filter>
    </FxCompile>
    <FxCompile Include="..\Shaders\ps_pbr_lighting.hlsl">
      <Filter>Shaders\ps</Filter>
    </FxCompile>
    <FxCompile Include="..\Shaders\ps_point_light_shadow.hlsl">
      <Filter>Shaders\ps</Filter>
    </FxCompile>
    <FxCompile Include="..\Shaders\ps_sdf_font.hlsl">
      <Filter>Shaders\ps</Filter>
    </FxCompile>
    <FxCompile Include="..\Shaders\ps_sdf_font_oit.hlsl">
      <Filter>Shaders\ps</Filter>
    </FxCompile>
    <FxCompile Include="..\Shaders\ps_shadow.hlsl">
      <Filter>Shaders\ps</Filter>
    </FxCompile>
    <FxCompile Include="..\Shaders\ps_skybox.hlsl">
      <Filter>Shaders\ps</Filter>
    </FxCompile>
    <FxCompile Include="..\Shaders\ps_ssgi_composite.hlsl">
      <Filter>Shaders\ps</Filter>
    </FxCompile>
    <FxCompile Include="..\Shaders\ps_ssr.hlsl">
      <Filter>Shaders\ps</Filter>
    </FxCompile>
    <FxCompile Include="..\Shaders\ps_to_backbuffer.hlsl">
      <Filter>Shaders\ps</Filter>
    </FxCompile>
    <FxCompile Include="..\Shaders\ps_ui.hlsl">
      <Filter>Shaders\ps</Filter>
    </FxCompile>
    <FxCompile Include="..\Shaders\ps_ui_oit.hlsl">
      <Filter>Shaders\ps</Filter>
    </FxCompile>
    <FxCompile Include="..\Shaders\ps_up_sample.hlsl">
      <Filter>Shaders\ps</Filter>
    </FxCompile>
    <FxCompile Include="..\Shaders\ps_volumetric_fog.hlsl">
      <Filter>Shaders\ps</Filter>
    </FxCompile>
    <FxCompile Include="..\Shaders\ps_write_ao.hlsl">
      <Filter>Shaders\ps</Filter>
    </FxCompile>
    <FxCompile Include="..\Shaders\vs_grid.hlsl">
      <Filter>Shaders\vs</Filter>
    </FxCompile>
    <FxCompile Include="..\Shaders\vs_particle_fullscreen.hlsl">
      <Filter>Shaders\vs</Filter>
    </FxCompile>
    <FxCompile Include="..\Shaders\vs_particle_quad.hlsl">
      <Filter>Shaders\vs</Filter>
    </FxCompile>
    <FxCompile Include="..\Shaders\vs_particle_ribbon.hlsl">
      <Filter>Shaders\vs</Filter>
    </FxCompile>
    <FxCompile Include="..\Shaders\vs_quad.hlsl">
      <Filter>Shaders\vs</Filter>
    </FxCompile>
    <FxCompile Include="..\Shaders\vs_sdf_font_fr.hlsl">
      <Filter>Shaders\vs</Filter>
    </FxCompile>
    <FxCompile Include="..\Shaders\vs_skeletal_forward_fr.hlsl">
      <Filter>Shaders\vs</Filter>
    </FxCompile>
    <FxCompile Include="..\Shaders\vs_skeletal_fr.hlsl">
      <Filter>Shaders\vs</Filter>
    </FxCompile>
    <FxCompile Include="..\Shaders\vs_skeletal_point_light_shadow_fr.hlsl">
      <Filter>Shaders\vs</Filter>
    </FxCompile>
    <FxCompile Include="..\Shaders\vs_skeletal_shadow_fr.hlsl">
      <Filter>Shaders\vs</Filter>
    </FxCompile>
    <FxCompile Include="..\Shaders\vs_skybox.hlsl">
      <Filter>Shaders\vs</Filter>
    </FxCompile>
    <FxCompile Include="..\Shaders\vs_static_forward_fr.hlsl">
      <Filter>Shaders\vs</Filter>
    </FxCompile>
    <FxCompile Include="..\Shaders\vs_static_fr.hlsl">
      <Filter>Shaders\vs</Filter>
    </FxCompile>
    <FxCompile Include="..\Shaders\vs_static_point_light_shadow_fr.hlsl">
      <Filter>Shaders\vs</Filter>
    </FxCompile>
    <FxCompile Include="..\Shaders\vs_static_shadow_fr.hlsl">
      <Filter>Shaders\vs</Filter>
    </FxCompile>
    <FxCompile Include="..\Shaders\vs_ui_fr.hlsl">
      <Filter>Shaders\vs</Filter>
    </FxCompile>
    <FxCompile Include="..\Shaders\RTShaders.hlsl">
      <Filter>Shaders</Filter>
    </FxCompile>
    <FxCompile Include="..\Shaders\ps_transparent_lim_light.hlsl">
      <Filter>Shaders\ps</Filter>
    </FxCompile>
    <FxCompile Include="..\Shaders\ps_dxrgbuffer_masked.hlsl">
      <Filter>Shaders\ps</Filter>
    </FxCompile>
    <FxCompile Include="..\Shaders\gs_point_light_shadow_cube.hlsl">
      <Filter>Shaders\gs</Filter>
    </FxCompile>
  </ItemGroup>
  <ItemGroup>
    <ClCompile Include="AccelerationStructureManager.cpp">
      <Filter>소스 파일</Filter>
    </ClCompile>
    <ClCompile Include="Module\AccumulationModule.cpp">
      <Filter>소스 파일</Filter>
    </ClCompile>
    <ClCompile Include="Animation.cpp">
      <Filter>소스 파일</Filter>
    </ClCompile>
    <ClCompile Include="AnimationCore.cpp">
      <Filter>소스 파일</Filter>
    </ClCompile>
    <ClCompile Include="Animator.cpp">
      <Filter>소스 파일</Filter>
    </ClCompile>
    <ClCompile Include="AntiAliasingPass.cpp">
      <Filter>소스 파일</Filter>
    </ClCompile>
    <ClCompile Include="BaseMesh.cpp">
      <Filter>소스 파일</Filter>
    </ClCompile>
    <ClCompile Include="BilateralUpsamplePass.cpp">
      <Filter>소스 파일</Filter>
    </ClCompile>
    <ClCompile Include="BlendPass.cpp">
      <Filter>소스 파일</Filter>
    </ClCompile>
    <ClCompile Include="BlendTechnique.cpp">
      <Filter>소스 파일</Filter>
    </ClCompile>
    <ClCompile Include="BloomTechnique.cpp">
      <Filter>소스 파일</Filter>
    </ClCompile>
    <ClCompile Include="Box.cpp">
      <Filter>소스 파일</Filter>
    </ClCompile>
    <ClCompile Include="BrightExtractPass.cpp">
      <Filter>소스 파일</Filter>
    </ClCompile>
    <ClCompile Include="CalculateMotionVectorPass.cpp">
      <Filter>소스 파일</Filter>
    </ClCompile>
    <ClCompile Include="Camera.cpp">
      <Filter>소스 파일</Filter>
    </ClCompile>
    <ClCompile Include="CommandController.cpp">
      <Filter>소스 파일</Filter>
    </ClCompile>
    <ClCompile Include="CommandSet.cpp">
      <Filter>소스 파일</Filter>
    </ClCompile>
    <ClCompile Include="ComputeShader.cpp">
      <Filter>소스 파일</Filter>
    </ClCompile>
    <ClCompile Include="ConstantBufferView.cpp">
      <Filter>소스 파일</Filter>
    </ClCompile>
    <ClCompile Include="Cylinder.cpp">
      <Filter>소스 파일</Filter>
    </ClCompile>
    <ClCompile Include="d3dUtil.cpp">
      <Filter>소스 파일</Filter>
    </ClCompile>
    <ClCompile Include="ThirdParty\source\DebugDraw.cpp">
      <Filter>소스 파일</Filter>
    </ClCompile>
    <ClCompile Include="DebugDrawCore.cpp">
      <Filter>소스 파일</Filter>
    </ClCompile>
    <ClCompile Include="DeferredPBRLitPass.cpp">
      <Filter>소스 파일</Filter>
    </ClCompile>
    <ClCompile Include="DepthStencilView.cpp">
      <Filter>소스 파일</Filter>
    </ClCompile>
    <ClCompile Include="Device.cpp">
      <Filter>소스 파일</Filter>
    </ClCompile>
    <ClCompile Include="DistortionResolvePass.cpp">
      <Filter>소스 파일</Filter>
    </ClCompile>
    <ClCompile Include="DistortionTechnique.cpp">
      <Filter>소스 파일</Filter>
    </ClCompile>
    <ClCompile Include="DownAndUpSamplingPass.cpp">
      <Filter>소스 파일</Filter>
    </ClCompile>
    <ClCompile Include="dxcapi.use.cpp">
      <Filter>소스 파일</Filter>
    </ClCompile>
    <ClCompile Include="DxilLibrary.cpp">
      <Filter>소스 파일</Filter>
    </ClCompile>
    <ClCompile Include="DXRComputeSkeletalMeshPass.cpp">
      <Filter>소스 파일</Filter>
    </ClCompile>
    <ClCompile Include="DXRDrawPass.cpp">
      <Filter>소스 파일</Filter>
    </ClCompile>
    <ClCompile Include="DXResourceManager.cpp">
      <Filter>소스 파일</Filter>
    </ClCompile>
    <ClCompile Include="DXRGBufferPass.cpp">
      <Filter>소스 파일</Filter>
    </ClCompile>
    <ClCompile Include="DXRSkeletalMesh.cpp">
      <Filter>소스 파일</Filter>
    </ClCompile>
    <ClCompile Include="EditorDrawTechnique.cpp">
      <Filter>소스 파일</Filter>
    </ClCompile>
    <ClCompile Include="EmitLocator.cpp">
      <Filter>소스 파일</Filter>
    </ClCompile>
    <ClCompile Include="EndlessGridPass.cpp">
      <Filter>소스 파일</Filter>
    </ClCompile>
    <ClCompile Include="ExportAssociation.cpp">
      <Filter>소스 파일</Filter>
    </ClCompile>
    <ClCompile Include="FadePass.cpp">
      <Filter>소스 파일</Filter>
    </ClCompile>
    <ClCompile Include="FBXConverter.cpp">
      <Filter>소스 파일</Filter>
    </ClCompile>
    <ClCompile Include="FogCompositePass.cpp">
      <Filter>소스 파일</Filter>
    </ClCompile>
    <ClCompile Include="FogLightAccmulatePass.cpp">
      <Filter>소스 파일</Filter>
    </ClCompile>
    <ClCompile Include="FogLightInjectionPass.cpp">
      <Filter>소스 파일</Filter>
    </ClCompile>
    <ClCompile Include="Font.cpp">
      <Filter>소스 파일</Filter>
    </ClCompile>
    <ClCompile Include="ForwardPBRLitPass.cpp">
      <Filter>소스 파일</Filter>
    </ClCompile>
    <ClCompile Include="FrameResource.cpp">
      <Filter>소스 파일</Filter>
    </ClCompile>
    <ClCompile Include="FX.cpp">
      <Filter>소스 파일</Filter>
    </ClCompile>
    <ClCompile Include="FXAATechnique.cpp">
      <Filter>소스 파일</Filter>
    </ClCompile>
    <ClCompile Include="Module\GaussianBlurModule.cpp">
      <Filter>소스 파일</Filter>
    </ClCompile>
    <ClCompile Include="GBufferPass.cpp">
      <Filter>소스 파일</Filter>
    </ClCompile>
    <ClCompile Include="GenerateSSGIPass.cpp">
      <Filter>소스 파일</Filter>
    </ClCompile>
    <ClCompile Include="GeometryGenerator.cpp">
      <Filter>소스 파일</Filter>
    </ClCompile>
    <ClCompile Include="GeometryShader.cpp">
      <Filter>소스 파일</Filter>
    </ClCompile>
    <ClCompile Include="GeoSphere.cpp">
      <Filter>소스 파일</Filter>
    </ClCompile>
    <ClCompile Include="GITemporalPass.cpp">
      <Filter>소스 파일</Filter>
    </ClCompile>
    <ClCompile Include="GlobalRootSignature.cpp">
      <Filter>소스 파일</Filter>
    </ClCompile>
    <ClCompile Include="GraphicsBase.cpp">
      <Filter>소스 파일</Filter>
    </ClCompile>
    <ClCompile Include="GraphicsController.cpp">
      <Filter>소스 파일</Filter>
    </ClCompile>
    <ClCompile Include="GraphicsCore.cpp">
      <Filter>소스 파일</Filter>
    </ClCompile>
    <ClCompile Include="GraphicsEngine.cpp">
      <Filter>소스 파일</Filter>
    </ClCompile>
    <ClCompile Include="GraphicsPointer.cpp">
      <Filter>소스 파일</Filter>
    </ClCompile>
    <ClCompile Include="Grid.cpp">
      <Filter>소스 파일</Filter>
    </ClCompile>
    <ClCompile Include="HItProgram.cpp">
      <Filter>소스 파일</Filter>
    </ClCompile>
    <ClCompile Include="Light.cpp">
      <Filter>소스 파일</Filter>
    </ClCompile>
    <ClCompile Include="LightCore.cpp">
      <Filter>소스 파일</Filter>
    </ClCompile>
    <ClCompile Include="LightMapBaker.cpp">
      <Filter>소스 파일</Filter>
    </ClCompile>
    <ClCompile Include="LocalRootSignature.cpp">
      <Filter>소스 파일</Filter>
    </ClCompile>
    <ClCompile Include="MeshRenderer.cpp">
      <Filter>소스 파일</Filter>
    </ClCompile>
    <ClCompile Include="MeshShader.cpp">
      <Filter>소스 파일</Filter>
    </ClCompile>
    <ClCompile Include="Model.cpp">
      <Filter>소스 파일</Filter>
    </ClCompile>
    <ClCompile Include="Module\ModuleManager.cpp">
      <Filter>소스 파일</Filter>
    </ClCompile>
    <ClCompile Include="MultiRenderTargetManager.cpp">
      <Filter>소스 파일</Filter>
    </ClCompile>
    <ClCompile Include="OutLinePass.cpp">
      <Filter>소스 파일</Filter>
    </ClCompile>
    <ClCompile Include="Particle.cpp">
      <Filter>소스 파일</Filter>
    </ClCompile>
    <ClCompile Include="ParticleEffect.cpp">
      <Filter>소스 파일</Filter>
    </ClCompile>
    <ClCompile Include="ParticleEmitter.cpp">
      <Filter>소스 파일</Filter>
    </ClCompile>
    <ClCompile Include="ParticleManager.cpp">
      <Filter>소스 파일</Filter>
    </ClCompile>
    <ClCompile Include="ParticleRenderModule.cpp">
      <Filter>소스 파일</Filter>
    </ClCompile>
    <ClCompile Include="ParticleRenderTechnique.cpp">
      <Filter>소스 파일</Filter>
    </ClCompile>
    <ClCompile Include="ParticleResolvePass.cpp">
      <Filter>소스 파일</Filter>
    </ClCompile>
    <ClCompile Include="ParticleRibbonPass.cpp">
      <Filter>소스 파일</Filter>
    </ClCompile>
    <ClCompile Include="ParticleSpritePass.cpp">
      <Filter>소스 파일</Filter>
    </ClCompile>
    <ClCompile Include="LightingTechnique.cpp">
      <Filter>소스 파일</Filter>
    </ClCompile>
    <ClCompile Include="pch.cpp">
      <Filter>소스 파일</Filter>
    </ClCompile>
    <ClCompile Include="PipelineConfig.cpp">
      <Filter>소스 파일</Filter>
    </ClCompile>
    <ClCompile Include="PipelineStateManager.cpp">
      <Filter>소스 파일</Filter>
    </ClCompile>
    <ClCompile Include="PixelShader.cpp">
      <Filter>소스 파일</Filter>
    </ClCompile>
    <ClCompile Include="PointLightShadowAtlas.cpp">
      <Filter>소스 파일</Filter>
    </ClCompile>
    <ClCompile Include="PointLightShadowPass.cpp">
      <Filter>소스 파일</Filter>
    </ClCompile>
    <ClCompile Include="Quad.cpp">
      <Filter>소스 파일</Filter>
    </ClCompile>
    <ClCompile Include="RayTracingTechnique.cpp">
      <Filter>소스 파일</Filter>
    </ClCompile>
    <ClCompile Include="Renderer.cpp">
      <Filter>소스 파일</Filter>
    </ClCompile>
    <ClCompile Include="RenderPass.cpp">
      <Filter>소스 파일</Filter>
    </ClCompile>
    <ClCompile Include="RenderPassDatas.cpp">
      <Filter>소스 파일</Filter>
    </ClCompile>
    <ClCompile Include="RenderScene.cpp">
      <Filter>소스 파일</Filter>
    </ClCompile>
    <ClCompile Include="RenderTarget.cpp">
      <Filter>소스 파일</Filter>
    </ClCompile>
    <ClCompile Include="RenderTechnique.cpp">
      <Filter>소스 파일</Filter>
    </ClCompile>
    <ClCompile Include="ResourceBase.cpp">
      <Filter>소스 파일</Filter>
    </ClCompile>
    <ClCompile Include="ResourceManager.cpp">
      <Filter>소스 파일</Filter>
    </ClCompile>
    <ClCompile Include="RTPipeline.cpp">
      <Filter>소스 파일</Filter>
    </ClCompile>
    <ClCompile Include="RTPipelineBuilder.cpp">
      <Filter>소스 파일</Filter>
    </ClCompile>
    <ClCompile Include="SceneTransitionCore.cpp">
      <Filter>소스 파일</Filter>
    </ClCompile>
    <ClCompile Include="SceneTransitionTechnique.cpp">
      <Filter>소스 파일</Filter>
    </ClCompile>
    <ClCompile Include="SDFFont.cpp">
      <Filter>소스 파일</Filter>
    </ClCompile>
    <ClCompile Include="SDFTextDrawPass.cpp">
      <Filter>소스 파일</Filter>
    </ClCompile>
    <ClCompile Include="SDFTextRenderer.cpp">
      <Filter>소스 파일</Filter>
    </ClCompile>
    <ClCompile Include="Shader.cpp">
      <Filter>소스 파일</Filter>
    </ClCompile>
    <ClCompile Include="ShaderBuilder.cpp">
      <Filter>소스 파일</Filter>
    </ClCompile>
    <ClCompile Include="ShaderConfig.cpp">
      <Filter>소스 파일</Filter>
    </ClCompile>
    <ClCompile Include="ShadowMapPass.cpp">
      <Filter>소스 파일</Filter>
    </ClCompile>
    <ClCompile Include="SharedResource.cpp">
      <Filter>소스 파일</Filter>
    </ClCompile>
    <ClCompile Include="Skeleton.cpp">
      <Filter>소스 파일</Filter>
    </ClCompile>
    <ClCompile Include="SkyBox.cpp">
      <Filter>소스 파일</Filter>
    </ClCompile>
    <ClCompile Include="SkyBoxPass.cpp">
      <Filter>소스 파일</Filter>
    </ClCompile>
    <ClCompile Include="SkyBoxRenderTechnique.cpp">
      <Filter>소스 파일</Filter>
    </ClCompile>
    <ClCompile Include="Sphere.cpp">
      <Filter>소스 파일</Filter>
    </ClCompile>
    <ClCompile Include="SpriteRenderer.cpp">
      <Filter>소스 파일</Filter>
    </ClCompile>
    <ClCompile Include="SSAOWritePass.cpp">
      <Filter>소스 파일</Filter>
    </ClCompile>
    <ClCompile Include="SSGICompositePass.cpp">
      <Filter>소스 파일</Filter>
    </ClCompile>
    <ClCompile Include="SSGITechnique.cpp">
      <Filter>소스 파일</Filter>
    </ClCompile>
    <ClCompile Include="SSRPass.cpp">
      <Filter>소스 파일</Filter>
    </ClCompile>
    <ClCompile Include="SSRTechnique.cpp">
      <Filter>소스 파일</Filter>
    </ClCompile>
    <ClCompile Include="StructuredBuffer.cpp">
      <Filter>소스 파일</Filter>
    </ClCompile>
    <ClCompile Include="TextDrawPass.cpp">
      <Filter>소스 파일</Filter>
    </ClCompile>
    <ClCompile Include="TextRenderer.cpp">
      <Filter>소스 파일</Filter>
    </ClCompile>
    <ClCompile Include="Texture.cpp">
      <Filter>소스 파일</Filter>
    </ClCompile>
    <ClCompile Include="ThreadPool.cpp">
      <Filter>소스 파일</Filter>
    </ClCompile>
    <ClCompile Include="UI2DPass.cpp">
      <Filter>소스 파일</Filter>
    </ClCompile>
    <ClCompile Include="UI3DPass.cpp">
      <Filter>소스 파일</Filter>
    </ClCompile>
    <ClCompile Include="UI3DPass.cpp">
      <Filter>소스 파일</Filter>
    </ClCompile>
    <ClCompile Include="UIPassBase.cpp">
      <Filter>소스 파일</Filter>
    </ClCompile>
    <ClCompile Include="UI25DPass.cpp">
      <Filter>소스 파일</Filter>
    </ClCompile>
    <ClCompile Include="UI25DPass_OIT.cpp">
      <Filter>소스 파일</Filter>
    </ClCompile>
    <ClCompile Include="UIPassBase.cpp">
      <Filter>소스 파일</Filter>
    </ClCompile>
    <ClCompile Include="UIPassBase_OIT.cpp">
      <Filter>소스 파일</Filter>
    </ClCompile>
    <ClCompile Include="UIResolvePass.cpp">
      <Filter>소스 파일</Filter>
    </ClCompile>
    <ClCompile Include="UITechnique.cpp">
      <Filter>소스 파일</Filter>
    </ClCompile>
    <ClCompile Include="UITechnique_OIT.cpp">
      <Filter>소스 파일</Filter>
    </ClCompile>
    <ClCompile Include="UnorderedAccessView.cpp">
      <Filter>소스 파일</Filter>
    </ClCompile>
    <ClCompile Include="VertexShader.cpp">
      <Filter>소스 파일</Filter>
    </ClCompile>
    <ClCompile Include="VIBuffer.cpp">
      <Filter>소스 파일</Filter>
    </ClCompile>
    <ClCompile Include="ViewManager.cpp">
      <Filter>소스 파일</Filter>
    </ClCompile>
    <ClCompile Include="VolumetricFogTechnique.cpp">
      <Filter>소스 파일</Filter>
    </ClCompile>
    <ClCompile Include="CustomMaterial.cpp">
      <Filter>소스 파일</Filter>
    </ClCompile>
    <ClCompile Include="CustomShaderPass.cpp">
      <Filter>소스 파일</Filter>
    </ClCompile>
    <ClCompile Include="TransparentRimLight.cpp">
      <Filter>소스 파일</Filter>
      <Filter>소스 파일</Filter>
      <Filter>소스 파일</Filter>
      <Filter>소스 파일</Filter>
      <Filter>소스 파일</Filter>
      <Filter>소스 파일</Filter>
    </ClCompile>
    <ClCompile Include="GraphicsPointer.cpp">
      <Filter>소스 파일</Filter>
    </ClCompile>
    <ClCompile Include="SDFTextDrawPass_OIT.cpp">
      <Filter>소스 파일</Filter>
    </ClCompile>
  </ItemGroup>
  <ItemGroup>
    <ClInclude Include="AccelerationStructureManager.h">
      <Filter>헤더 파일</Filter>
    </ClInclude>
    <ClInclude Include="Module\AccumulationModule.h">
      <Filter>헤더 파일</Filter>
    </ClInclude>
    <ClInclude Include="Animation.h">
      <Filter>헤더 파일</Filter>
    </ClInclude>
    <ClInclude Include="AnimationCore.h">
      <Filter>헤더 파일</Filter>
    </ClInclude>
    <ClInclude Include="Animator.h">
      <Filter>헤더 파일</Filter>
    </ClInclude>
    <ClInclude Include="AntiAliasingPass.h">
      <Filter>헤더 파일</Filter>
    </ClInclude>
    <ClInclude Include="BaseMesh.h">
      <Filter>헤더 파일</Filter>
    </ClInclude>
    <ClInclude Include="BilateralUpsamplePass.h">
      <Filter>헤더 파일</Filter>
    </ClInclude>
    <ClInclude Include="BlendPass.h">
      <Filter>헤더 파일</Filter>
    </ClInclude>
    <ClInclude Include="BlendTechnique.h">
      <Filter>헤더 파일</Filter>
    </ClInclude>
    <ClInclude Include="BloomTechnique.h">
      <Filter>헤더 파일</Filter>
    </ClInclude>
    <ClInclude Include="Box.h">
      <Filter>헤더 파일</Filter>
    </ClInclude>
    <ClInclude Include="BrightExtractPass.h">
      <Filter>헤더 파일</Filter>
    </ClInclude>
    <ClInclude Include="CalculateMotionVectorPass.h">
      <Filter>헤더 파일</Filter>
    </ClInclude>
    <ClInclude Include="Camera.h">
      <Filter>헤더 파일</Filter>
    </ClInclude>
    <ClInclude Include="CommandController.h">
      <Filter>헤더 파일</Filter>
    </ClInclude>
    <ClInclude Include="CommandSet.h">
      <Filter>헤더 파일</Filter>
    </ClInclude>
    <ClInclude Include="ComputeShader.h">
      <Filter>헤더 파일</Filter>
    </ClInclude>
    <ClInclude Include="ConstantBufferView.h">
      <Filter>헤더 파일</Filter>
    </ClInclude>
    <ClInclude Include="Cylinder.h">
      <Filter>헤더 파일</Filter>
    </ClInclude>
    <ClInclude Include="d3dUtil.h">
      <Filter>헤더 파일</Filter>
    </ClInclude>
    <ClInclude Include="DebugDrawCore.h">
      <Filter>헤더 파일</Filter>
    </ClInclude>
    <ClInclude Include="DeferredPBRLitPass.h">
      <Filter>헤더 파일</Filter>
    </ClInclude>
    <ClInclude Include="Defines.h">
      <Filter>헤더 파일</Filter>
    </ClInclude>
    <ClInclude Include="DepthStencilView.h">
      <Filter>헤더 파일</Filter>
    </ClInclude>
    <ClInclude Include="Device.h">
      <Filter>헤더 파일</Filter>
    </ClInclude>
    <ClInclude Include="DistortionResolvePass.h">
      <Filter>헤더 파일</Filter>
    </ClInclude>
    <ClInclude Include="DistortionTechnique.h">
      <Filter>헤더 파일</Filter>
    </ClInclude>
    <ClInclude Include="DownAndUpSamplingPass.h">
      <Filter>헤더 파일</Filter>
    </ClInclude>
    <ClInclude Include="dxcapi.use.h">
      <Filter>헤더 파일</Filter>
    </ClInclude>
    <ClInclude Include="DxilLibrary.h">
      <Filter>헤더 파일</Filter>
    </ClInclude>
    <ClInclude Include="DXRComputeSkeletalMeshPass.h">
      <Filter>헤더 파일</Filter>
    </ClInclude>
    <ClInclude Include="DXRDrawPass.h">
      <Filter>헤더 파일</Filter>
    </ClInclude>
    <ClInclude Include="DXResourceManager.h">
      <Filter>헤더 파일</Filter>
    </ClInclude>
    <ClInclude Include="DXRGBufferPass.h">
      <Filter>헤더 파일</Filter>
    </ClInclude>
    <ClInclude Include="DXRSkeletalMesh.h">
      <Filter>헤더 파일</Filter>
    </ClInclude>
    <ClInclude Include="EditorDrawTechnique.h">
      <Filter>헤더 파일</Filter>
    </ClInclude>
    <ClInclude Include="EmitLocator.h">
      <Filter>헤더 파일</Filter>
    </ClInclude>
    <ClInclude Include="EndlessGridPass.h">
      <Filter>헤더 파일</Filter>
    </ClInclude>
    <ClInclude Include="Enums.h">
      <Filter>헤더 파일</Filter>
    </ClInclude>
    <ClInclude Include="ExportAssociation.h">
      <Filter>헤더 파일</Filter>
    </ClInclude>
    <ClInclude Include="Externs.h">
      <Filter>헤더 파일</Filter>
    </ClInclude>
    <ClInclude Include="FadePass.h">
      <Filter>헤더 파일</Filter>
    </ClInclude>
    <ClInclude Include="FBXConverter.h">
      <Filter>헤더 파일</Filter>
    </ClInclude>
    <ClInclude Include="FogCompositePass.h">
      <Filter>헤더 파일</Filter>
    </ClInclude>
    <ClInclude Include="FogLightAccmulatePass.h">
      <Filter>헤더 파일</Filter>
    </ClInclude>
    <ClInclude Include="FogLightInjectionPass.h">
      <Filter>헤더 파일</Filter>
    </ClInclude>
    <ClInclude Include="Font.h">
      <Filter>헤더 파일</Filter>
    </ClInclude>
    <ClInclude Include="ForwardPBRLitPass.h">
      <Filter>헤더 파일</Filter>
    </ClInclude>
    <ClInclude Include="FrameResource.h">
      <Filter>헤더 파일</Filter>
    </ClInclude>
    <ClInclude Include="FX.h">
      <Filter>헤더 파일</Filter>
    </ClInclude>
    <ClInclude Include="FXAATechnique.h">
      <Filter>헤더 파일</Filter>
    </ClInclude>
    <ClInclude Include="Module\GaussianBlurModule.h">
      <Filter>헤더 파일</Filter>
    </ClInclude>
    <ClInclude Include="GBufferPass.h">
      <Filter>헤더 파일</Filter>
    </ClInclude>
    <ClInclude Include="GenerateSSGIPass.h">
      <Filter>헤더 파일</Filter>
    </ClInclude>
    <ClInclude Include="GeometryGenerator.h">
      <Filter>헤더 파일</Filter>
    </ClInclude>
    <ClInclude Include="GeometryShader.h">
      <Filter>헤더 파일</Filter>
    </ClInclude>
    <ClInclude Include="GeoSphere.h">
      <Filter>헤더 파일</Filter>
    </ClInclude>
    <ClInclude Include="GITemporalPass.h">
      <Filter>헤더 파일</Filter>
    </ClInclude>
    <ClInclude Include="GlobalRootSignature.h">
      <Filter>헤더 파일</Filter>
    </ClInclude>
    <ClInclude Include="Graphics.h">
      <Filter>헤더 파일</Filter>
    </ClInclude>
    <ClInclude Include="Graphics_Enums.h">
      <Filter>헤더 파일</Filter>
    </ClInclude>
    <ClInclude Include="Graphics_Structs.h">
      <Filter>헤더 파일</Filter>
    </ClInclude>
    <ClInclude Include="GraphicsBase.h">
      <Filter>헤더 파일</Filter>
    </ClInclude>
    <ClInclude Include="GraphicsController.h">
      <Filter>헤더 파일</Filter>
    </ClInclude>
    <ClInclude Include="GraphicsCore.h">
      <Filter>헤더 파일</Filter>
    </ClInclude>
    <ClInclude Include="GraphicsPointer.h">
      <Filter>헤더 파일</Filter>
    </ClInclude>
    <ClInclude Include="Grid.h">
      <Filter>헤더 파일</Filter>
    </ClInclude>
    <ClInclude Include="Headers.h">
      <Filter>헤더 파일</Filter>
    </ClInclude>
    <ClInclude Include="HItProgram.h">
      <Filter>헤더 파일</Filter>
    </ClInclude>
    <ClInclude Include="Interface\IAnimator.h">
      <Filter>헤더 파일</Filter>
    </ClInclude>
    <ClInclude Include="Interface\IGraphicsBase.h">
      <Filter>헤더 파일</Filter>
    </ClInclude>
    <ClInclude Include="Interface\ILight.h">
      <Filter>헤더 파일</Filter>
    </ClInclude>
    <ClInclude Include="Interface\IMeshRenderer.h">
      <Filter>헤더 파일</Filter>
    </ClInclude>
    <ClInclude Include="Interface\ISDFTextRenderer.h">
      <Filter>헤더 파일</Filter>
    </ClInclude>
    <ClInclude Include="Interface\ISpriteRenderer.h">
      <Filter>헤더 파일</Filter>
    </ClInclude>
    <ClInclude Include="Light.h">
      <Filter>헤더 파일</Filter>
    </ClInclude>
    <ClInclude Include="LightCore.h">
      <Filter>헤더 파일</Filter>
    </ClInclude>
    <ClInclude Include="LightMapBaker.h">
      <Filter>헤더 파일</Filter>
    </ClInclude>
    <ClInclude Include="LocalRootSignature.h">
      <Filter>헤더 파일</Filter>
    </ClInclude>
    <ClInclude Include="MeshRenderer.h">
      <Filter>헤더 파일</Filter>
    </ClInclude>
    <ClInclude Include="MeshShader.h">
      <Filter>헤더 파일</Filter>
    </ClInclude>
    <ClInclude Include="Model.h">
      <Filter>헤더 파일</Filter>
    </ClInclude>
    <ClInclude Include="Module\ModuleManager.h">
      <Filter>헤더 파일</Filter>
    </ClInclude>
    <ClInclude Include="MultiRenderTargetManager.h">
      <Filter>헤더 파일</Filter>
    </ClInclude>
    <ClInclude Include="OutLinePass.h">
      <Filter>헤더 파일</Filter>
    </ClInclude>
    <ClInclude Include="Particle.h">
      <Filter>헤더 파일</Filter>
    </ClInclude>
    <ClInclude Include="ParticleEffect.h">
      <Filter>헤더 파일</Filter>
    </ClInclude>
    <ClInclude Include="ParticleEmitter.h">
      <Filter>헤더 파일</Filter>
    </ClInclude>
    <ClInclude Include="ParticleHelper.h">
      <Filter>헤더 파일</Filter>
    </ClInclude>
    <ClInclude Include="ParticleManager.h">
      <Filter>헤더 파일</Filter>
    </ClInclude>
    <ClInclude Include="ParticleRenderModule.h">
      <Filter>헤더 파일</Filter>
    </ClInclude>
    <ClInclude Include="ParticleRenderTechnique.h">
      <Filter>헤더 파일</Filter>
    </ClInclude>
    <ClInclude Include="ParticleResolvePass.h">
      <Filter>헤더 파일</Filter>
    </ClInclude>
    <ClInclude Include="ParticleRibbonPass.h">
      <Filter>헤더 파일</Filter>
    </ClInclude>
    <ClInclude Include="ParticleSpritePass.h">
      <Filter>헤더 파일</Filter>
    </ClInclude>
    <ClInclude Include="LightingTechnique.h">
      <Filter>헤더 파일</Filter>
    </ClInclude>
    <ClInclude Include="pch.h">
      <Filter>헤더 파일</Filter>
    </ClInclude>
    <ClInclude Include="PipelineConfig.h">
      <Filter>헤더 파일</Filter>
    </ClInclude>
    <ClInclude Include="PipelineStateManager.h">
      <Filter>헤더 파일</Filter>
    </ClInclude>
    <ClInclude Include="PixelShader.h">
      <Filter>헤더 파일</Filter>
    </ClInclude>
    <ClInclude Include="PointLightShadowAtlas.h">
      <Filter>헤더 파일</Filter>
    </ClInclude>
    <ClInclude Include="PointLightShadowPass.h">
      <Filter>헤더 파일</Filter>
    </ClInclude>
    <ClInclude Include="Quad.h">
      <Filter>헤더 파일</Filter>
    </ClInclude>
    <ClInclude Include="RayTracingTechnique.h">
      <Filter>헤더 파일</Filter>
    </ClInclude>
    <ClInclude Include="Renderer.h">
      <Filter>헤더 파일</Filter>
    </ClInclude>
    <ClInclude Include="Module\RenderModule.h">
      <Filter>헤더 파일</Filter>
    </ClInclude>
    <ClInclude Include="RenderPass.h">
      <Filter>헤더 파일</Filter>
    </ClInclude>
    <ClInclude Include="RenderPassDatas.h">
      <Filter>헤더 파일</Filter>
    </ClInclude>
    <ClInclude Include="RenderScene.h">
      <Filter>헤더 파일</Filter>
    </ClInclude>
    <ClInclude Include="RenderTarget.h">
      <Filter>헤더 파일</Filter>
    </ClInclude>
    <ClInclude Include="RenderTechnique.h">
      <Filter>헤더 파일</Filter>
    </ClInclude>
    <ClInclude Include="Resource.h">
      <Filter>헤더 파일</Filter>
    </ClInclude>
    <ClInclude Include="ResourceBase.h">
      <Filter>헤더 파일</Filter>
    </ClInclude>
    <ClInclude Include="ResourceManager.h">
      <Filter>헤더 파일</Filter>
    </ClInclude>
    <ClInclude Include="RTPipeline.h">
      <Filter>헤더 파일</Filter>
    </ClInclude>
    <ClInclude Include="RTPipelineBuilder.h">
      <Filter>헤더 파일</Filter>
    </ClInclude>
    <ClInclude Include="SceneTransitionCore.h">
      <Filter>헤더 파일</Filter>
    </ClInclude>
    <ClInclude Include="SceneTransitionTechnique.h">
      <Filter>헤더 파일</Filter>
    </ClInclude>
    <ClInclude Include="SDFFont.h">
      <Filter>헤더 파일</Filter>
    </ClInclude>
    <ClInclude Include="SDFTextDrawPass.h">
      <Filter>헤더 파일</Filter>
    </ClInclude>
    <ClInclude Include="SDFTextRenderer.h">
      <Filter>헤더 파일</Filter>
    </ClInclude>
    <ClInclude Include="Shader.h">
      <Filter>헤더 파일</Filter>
    </ClInclude>
    <ClInclude Include="ShaderBuilder.h">
      <Filter>헤더 파일</Filter>
    </ClInclude>
    <ClInclude Include="ShaderConfig.h">
      <Filter>헤더 파일</Filter>
    </ClInclude>
    <ClInclude Include="ShadowMapPass.h">
      <Filter>헤더 파일</Filter>
    </ClInclude>
    <ClInclude Include="SharedResource.h">
      <Filter>헤더 파일</Filter>
    </ClInclude>
    <ClInclude Include="Skeleton.h">
      <Filter>헤더 파일</Filter>
    </ClInclude>
    <ClInclude Include="SkyBox.h">
      <Filter>헤더 파일</Filter>
    </ClInclude>
    <ClInclude Include="SkyBoxPass.h">
      <Filter>헤더 파일</Filter>
    </ClInclude>
    <ClInclude Include="SkyBoxRenderTechnique.h">
      <Filter>헤더 파일</Filter>
    </ClInclude>
    <ClInclude Include="Sphere.h">
      <Filter>헤더 파일</Filter>
    </ClInclude>
    <ClInclude Include="SpriteRenderer.h">
      <Filter>헤더 파일</Filter>
    </ClInclude>
    <ClInclude Include="SSAOWritePass.h">
      <Filter>헤더 파일</Filter>
    </ClInclude>
    <ClInclude Include="SSGICompositePass.h">
      <Filter>헤더 파일</Filter>
    </ClInclude>
    <ClInclude Include="SSGITechnique.h">
      <Filter>헤더 파일</Filter>
    </ClInclude>
    <ClInclude Include="SSRPass.h">
      <Filter>헤더 파일</Filter>
    </ClInclude>
    <ClInclude Include="SSRTechnique.h">
      <Filter>헤더 파일</Filter>
    </ClInclude>
    <ClInclude Include="Structs.h">
      <Filter>헤더 파일</Filter>
    </ClInclude>
    <ClInclude Include="StructuredBuffer.h">
      <Filter>헤더 파일</Filter>
    </ClInclude>
    <ClInclude Include="TextDrawPass.h">
      <Filter>헤더 파일</Filter>
    </ClInclude>
    <ClInclude Include="TextRenderer.h">
      <Filter>헤더 파일</Filter>
    </ClInclude>
    <ClInclude Include="Texture.h">
      <Filter>헤더 파일</Filter>
    </ClInclude>
    <ClInclude Include="ThreadPool.h">
      <Filter>헤더 파일</Filter>
    </ClInclude>
    <ClInclude Include="UI2DPass.h">
      <Filter>헤더 파일</Filter>
    </ClInclude>
    <ClInclude Include="UI2DPass_OIT.h">
      <Filter>헤더 파일</Filter>
    </ClInclude>
    <ClInclude Include="UI3DPass.h">
      <Filter>헤더 파일</Filter>
    </ClInclude>
    <ClInclude Include="UI25DPass.h">
      <Filter>헤더 파일</Filter>
    </ClInclude>
    <ClInclude Include="UI25DPass_OIT.h">
      <Filter>헤더 파일</Filter>
    </ClInclude>
    <ClInclude Include="UIPassBase.h">
      <Filter>헤더 파일</Filter>
    </ClInclude>
    <ClInclude Include="UIResolvePass.h">
      <Filter>헤더 파일</Filter>
    </ClInclude>
    <ClInclude Include="UITechnique.h">
      <Filter>헤더 파일</Filter>
    </ClInclude>
    <ClInclude Include="UITechnique_OIT.h">
      <Filter>헤더 파일</Filter>
    </ClInclude>
    <ClInclude Include="UnorderedAccessView.h">
      <Filter>헤더 파일</Filter>
    </ClInclude>
    <ClInclude Include="VertexShader.h">
      <Filter>헤더 파일</Filter>
    </ClInclude>
    <ClInclude Include="VIBuffer.h">
      <Filter>헤더 파일</Filter>
    </ClInclude>
    <ClInclude Include="ViewManager.h">
      <Filter>헤더 파일</Filter>
    </ClInclude>
    <ClInclude Include="VolumetricFogTechnique.h">
      <Filter>헤더 파일</Filter>
    </ClInclude>
    <ClInclude Include="CustomMaterial.h">
      <Filter>헤더 파일</Filter>
    </ClInclude>
    <ClInclude Include="CustomShaderPass.h">
      <Filter>헤더 파일</Filter>
    </ClInclude>
  </ItemGroup>
  <ItemGroup>
    <None Include="..\Shaders\CommonData.hlsli">
      <Filter>Shaders</Filter>
    </None>
    <None Include="..\Shaders\CommonDefines.hlsli">
      <Filter>Shaders</Filter>
    </None>
    <None Include="..\Shaders\CommonSamplers.hlsli">
      <Filter>Shaders</Filter>
    </None>
    <None Include="..\Shaders\CommonStructs.hlsli">
      <Filter>Shaders</Filter>
    </None>
    <None Include="..\Shaders\Compute.hlsli">
      <Filter>Shaders</Filter>
    </None>
    <None Include="..\Shaders\Function.hlsli">
      <Filter>Shaders</Filter>
    </None>
    <None Include="..\Shaders\SDFDatas.hlsli">
      <Filter>Shaders</Filter>
    </None>
  </ItemGroup>
  <ItemGroup>
    <Filter Include="Shaders">
      <UniqueIdentifier>{d435e59f-8232-4438-aae8-520a2b4c504d}</UniqueIdentifier>
    </Filter>
    <Filter Include="Shaders\vs">
      <UniqueIdentifier>{e39a1dd5-3b64-4884-b527-1fd8b0262916}</UniqueIdentifier>
    </Filter>
    <Filter Include="Shaders\ps">
      <UniqueIdentifier>{02cff0a6-5a11-478c-998f-ef33ba6fb775}</UniqueIdentifier>
    </Filter>
    <Filter Include="Shaders\cs">
      <UniqueIdentifier>{d52a85a3-420e-4d1e-8d4c-0e40af7a3068}</UniqueIdentifier>
    </Filter>
    <Filter Include="소스 파일">
      <UniqueIdentifier>{daeb064b-441f-47ea-aaa2-8d97a5d26a01}</UniqueIdentifier>
    </Filter>
    <Filter Include="헤더 파일">
      <UniqueIdentifier>{8bb46fea-0376-4dcd-9442-fe01ff47164c}</UniqueIdentifier>
    </Filter>
    <Filter Include="Shaders\gs">
      <UniqueIdentifier>{970c557c-f27d-45e1-909d-93508640e818}</UniqueIdentifier>
    </Filter>
  </ItemGroup>
</Project>